// !$*UTF8*$!
{
	archiveVersion = 1;
	classes = {
	};
	objectVersion = 56;
	objects = {

/* Begin PBXBuildFile section */
		CA17289429EB4B9F000F867B /* NumericTextField.swift in Sources */ = {isa = PBXBuildFile; fileRef = CA17289329EB4B9F000F867B /* NumericTextField.swift */; };
		CA17289629EB4CA8000F867B /* View+Responder.swift in Sources */ = {isa = PBXBuildFile; fileRef = CA17289529EB4CA8000F867B /* View+Responder.swift */; };
		CA17289929EB4CD1000F867B /* CoffeeToWaterRatio.swift in Sources */ = {isa = PBXBuildFile; fileRef = CA17289829EB4CD1000F867B /* CoffeeToWaterRatio.swift */; };
		CA17289D29EB5097000F867B /* CreateRecipeCoffeeWaterSelection.swift in Sources */ = {isa = PBXBuildFile; fileRef = CA17289C29EB5097000F867B /* CreateRecipeCoffeeWaterSelection.swift */; };
		CA17289F29EB58F1000F867B /* CreateRecipeNameSelection.swift in Sources */ = {isa = PBXBuildFile; fileRef = CA17289E29EB58F1000F867B /* CreateRecipeNameSelection.swift */; };
		CA180AFA29DB67130056D435 /* CreateV60SingleCupRecipeUseCase.swift in Sources */ = {isa = PBXBuildFile; fileRef = CA180AF929DB67130056D435 /* CreateV60SingleCupRecipeUseCase.swift */; };
		CA2D8BE22A02F3AA00BA2899 /* CreateRecipeContext.swift in Sources */ = {isa = PBXBuildFile; fileRef = CA2D8BE12A02F3AA00BA2899 /* CreateRecipeContext.swift */; };
		CA367D3229A2B0370095B1B8 /* CoffeeTimerApp.swift in Sources */ = {isa = PBXBuildFile; fileRef = CA367D3129A2B0370095B1B8 /* CoffeeTimerApp.swift */; };
		CA367D3629A2B0380095B1B8 /* Assets.xcassets in Resources */ = {isa = PBXBuildFile; fileRef = CA367D3529A2B0380095B1B8 /* Assets.xcassets */; };
		CA367D3929A2B0380095B1B8 /* Preview Assets.xcassets in Resources */ = {isa = PBXBuildFile; fileRef = CA367D3829A2B0380095B1B8 /* Preview Assets.xcassets */; };
		CA5CA81929EB662F001E384D /* View+Background.swift in Sources */ = {isa = PBXBuildFile; fileRef = CA5CA81829EB662F001E384D /* View+Background.swift */; };
		CA5E907D29D61AED00A78CF2 /* Entities.swift in Sources */ = {isa = PBXBuildFile; fileRef = CA5E907C29D61AED00A78CF2 /* Entities.swift */; };
		CA7B804529BFA9E7007D3DFC /* CountdownTimer.swift in Sources */ = {isa = PBXBuildFile; fileRef = CA7B804429BFA9E6007D3DFC /* CountdownTimer.swift */; };
		CA7B804729BFAA21007D3DFC /* CountdownTimerImplTests.swift in Sources */ = {isa = PBXBuildFile; fileRef = CA7B804629BFAA21007D3DFC /* CountdownTimerImplTests.swift */; };
		CA7B804B29BFABBB007D3DFC /* StageTimerView.swift in Sources */ = {isa = PBXBuildFile; fileRef = CA7B804A29BFABBB007D3DFC /* StageTimerView.swift */; };
		CA7B804D29BFBD8C007D3DFC /* BrewQueueView.swift in Sources */ = {isa = PBXBuildFile; fileRef = CA7B804C29BFBD8C007D3DFC /* BrewQueueView.swift */; };
		CA91CEF729E5FA9100E9F5D1 /* AppFlowView.swift in Sources */ = {isa = PBXBuildFile; fileRef = CA91CEF629E5FA9100E9F5D1 /* AppFlowView.swift */; };
		CA9C7FCE29D9E4A200F2DE30 /* CreateV60SingleCupRecipeUseCaseImpTests.swift in Sources */ = {isa = PBXBuildFile; fileRef = CA9C7FCD29D9E4A200F2DE30 /* CreateV60SingleCupRecipeUseCaseImpTests.swift */; };
		CAD071E729DCCB000010E561 /* BrewQueue+Stub.swift in Sources */ = {isa = PBXBuildFile; fileRef = CAD071E629DCCB000010E561 /* BrewQueue+Stub.swift */; };
		CAE3944229DE13C0007611F1 /* CreateRecipeView.swift in Sources */ = {isa = PBXBuildFile; fileRef = CAE3944129DE13C0007611F1 /* CreateRecipeView.swift */; };
		CAF42CDF29EC907F004D7788 /* View+ClearButton.swift in Sources */ = {isa = PBXBuildFile; fileRef = CAF42CDE29EC907F004D7788 /* View+ClearButton.swift */; };
		CAF42CE129EC90CA004D7788 /* AlphanumericTextField.swift in Sources */ = {isa = PBXBuildFile; fileRef = CAF42CE029EC90CA004D7788 /* AlphanumericTextField.swift */; };
		CAF42CE329EC9524004D7788 /* CreateRecipeFlowView.swift in Sources */ = {isa = PBXBuildFile; fileRef = CAF42CE229EC9524004D7788 /* CreateRecipeFlowView.swift */; };
		CAF42CE529EC9548004D7788 /* Navigable.swift in Sources */ = {isa = PBXBuildFile; fileRef = CAF42CE429EC9548004D7788 /* Navigable.swift */; };
		CAF42CE729EC9561004D7788 /* Completable.swift in Sources */ = {isa = PBXBuildFile; fileRef = CAF42CE629EC9561004D7788 /* Completable.swift */; };
		CAF42CED29EC98A1004D7788 /* Screen.swift in Sources */ = {isa = PBXBuildFile; fileRef = CAF42CEC29EC98A1004D7788 /* Screen.swift */; };
		CAF42CF129EC98E4004D7788 /* BrewQueueRepositoryImp.swift in Sources */ = {isa = PBXBuildFile; fileRef = CAF42CF029EC98E4004D7788 /* BrewQueueRepositoryImp.swift */; };
		CAF42CF329EC9906004D7788 /* BrewQueueRepository.swift in Sources */ = {isa = PBXBuildFile; fileRef = CAF42CF229EC9906004D7788 /* BrewQueueRepository.swift */; };
		CAF42CF529EC9D4D004D7788 /* CreateRecipeBrewMethodSelection.swift in Sources */ = {isa = PBXBuildFile; fileRef = CAF42CF429EC9D4D004D7788 /* CreateRecipeBrewMethodSelection.swift */; };
/* End PBXBuildFile section */

/* Begin PBXContainerItemProxy section */
		CA367D3F29A2B0380095B1B8 /* PBXContainerItemProxy */ = {
			isa = PBXContainerItemProxy;
			containerPortal = CA367D2629A2B0370095B1B8 /* Project object */;
			proxyType = 1;
			remoteGlobalIDString = CA367D2D29A2B0370095B1B8;
			remoteInfo = CoffeeTimer;
		};
		CA367D4929A2B0380095B1B8 /* PBXContainerItemProxy */ = {
			isa = PBXContainerItemProxy;
			containerPortal = CA367D2629A2B0370095B1B8 /* Project object */;
			proxyType = 1;
			remoteGlobalIDString = CA367D2D29A2B0370095B1B8;
			remoteInfo = CoffeeTimer;
		};
/* End PBXContainerItemProxy section */

/* Begin PBXFileReference section */
		CA17289329EB4B9F000F867B /* NumericTextField.swift */ = {isa = PBXFileReference; lastKnownFileType = sourcecode.swift; path = NumericTextField.swift; sourceTree = "<group>"; };
		CA17289529EB4CA8000F867B /* View+Responder.swift */ = {isa = PBXFileReference; lastKnownFileType = sourcecode.swift; path = "View+Responder.swift"; sourceTree = "<group>"; };
		CA17289829EB4CD1000F867B /* CoffeeToWaterRatio.swift */ = {isa = PBXFileReference; lastKnownFileType = sourcecode.swift; path = CoffeeToWaterRatio.swift; sourceTree = "<group>"; };
		CA17289C29EB5097000F867B /* CreateRecipeCoffeeWaterSelection.swift */ = {isa = PBXFileReference; lastKnownFileType = sourcecode.swift; path = CreateRecipeCoffeeWaterSelection.swift; sourceTree = "<group>"; };
		CA17289E29EB58F1000F867B /* CreateRecipeNameSelection.swift */ = {isa = PBXFileReference; lastKnownFileType = sourcecode.swift; path = CreateRecipeNameSelection.swift; sourceTree = "<group>"; };
		CA180AF929DB67130056D435 /* CreateV60SingleCupRecipeUseCase.swift */ = {isa = PBXFileReference; lastKnownFileType = sourcecode.swift; path = CreateV60SingleCupRecipeUseCase.swift; sourceTree = "<group>"; };
		CA2D8BE12A02F3AA00BA2899 /* CreateRecipeContext.swift */ = {isa = PBXFileReference; lastKnownFileType = sourcecode.swift; path = CreateRecipeContext.swift; sourceTree = "<group>"; };
		CA367D2E29A2B0370095B1B8 /* CoffeeTimer.app */ = {isa = PBXFileReference; explicitFileType = wrapper.application; includeInIndex = 0; path = CoffeeTimer.app; sourceTree = BUILT_PRODUCTS_DIR; };
		CA367D3129A2B0370095B1B8 /* CoffeeTimerApp.swift */ = {isa = PBXFileReference; lastKnownFileType = sourcecode.swift; path = CoffeeTimerApp.swift; sourceTree = "<group>"; };
		CA367D3529A2B0380095B1B8 /* Assets.xcassets */ = {isa = PBXFileReference; lastKnownFileType = folder.assetcatalog; path = Assets.xcassets; sourceTree = "<group>"; };
		CA367D3829A2B0380095B1B8 /* Preview Assets.xcassets */ = {isa = PBXFileReference; lastKnownFileType = folder.assetcatalog; path = "Preview Assets.xcassets"; sourceTree = "<group>"; };
		CA367D3E29A2B0380095B1B8 /* CoffeeTimerTests.xctest */ = {isa = PBXFileReference; explicitFileType = wrapper.cfbundle; includeInIndex = 0; path = CoffeeTimerTests.xctest; sourceTree = BUILT_PRODUCTS_DIR; };
		CA367D4829A2B0380095B1B8 /* CoffeeTimerUITests.xctest */ = {isa = PBXFileReference; explicitFileType = wrapper.cfbundle; includeInIndex = 0; path = CoffeeTimerUITests.xctest; sourceTree = BUILT_PRODUCTS_DIR; };
		CA5CA81829EB662F001E384D /* View+Background.swift */ = {isa = PBXFileReference; lastKnownFileType = sourcecode.swift; path = "View+Background.swift"; sourceTree = "<group>"; };
		CA5E907C29D61AED00A78CF2 /* Entities.swift */ = {isa = PBXFileReference; lastKnownFileType = sourcecode.swift; path = Entities.swift; sourceTree = "<group>"; };
		CA7B804429BFA9E6007D3DFC /* CountdownTimer.swift */ = {isa = PBXFileReference; lastKnownFileType = sourcecode.swift; path = CountdownTimer.swift; sourceTree = "<group>"; };
		CA7B804629BFAA21007D3DFC /* CountdownTimerImplTests.swift */ = {isa = PBXFileReference; lastKnownFileType = sourcecode.swift; path = CountdownTimerImplTests.swift; sourceTree = "<group>"; };
		CA7B804A29BFABBB007D3DFC /* StageTimerView.swift */ = {isa = PBXFileReference; lastKnownFileType = sourcecode.swift; path = StageTimerView.swift; sourceTree = "<group>"; };
		CA7B804C29BFBD8C007D3DFC /* BrewQueueView.swift */ = {isa = PBXFileReference; lastKnownFileType = sourcecode.swift; path = BrewQueueView.swift; sourceTree = "<group>"; };
		CA91CEF629E5FA9100E9F5D1 /* AppFlowView.swift */ = {isa = PBXFileReference; lastKnownFileType = sourcecode.swift; path = AppFlowView.swift; sourceTree = "<group>"; };
		CA9C7FCD29D9E4A200F2DE30 /* CreateV60SingleCupRecipeUseCaseImpTests.swift */ = {isa = PBXFileReference; lastKnownFileType = sourcecode.swift; path = CreateV60SingleCupRecipeUseCaseImpTests.swift; sourceTree = "<group>"; };
		CAD071E629DCCB000010E561 /* BrewQueue+Stub.swift */ = {isa = PBXFileReference; lastKnownFileType = sourcecode.swift; path = "BrewQueue+Stub.swift"; sourceTree = "<group>"; };
		CAE3944129DE13C0007611F1 /* CreateRecipeView.swift */ = {isa = PBXFileReference; lastKnownFileType = sourcecode.swift; path = CreateRecipeView.swift; sourceTree = "<group>"; };
		CAF42CDE29EC907F004D7788 /* View+ClearButton.swift */ = {isa = PBXFileReference; lastKnownFileType = sourcecode.swift; path = "View+ClearButton.swift"; sourceTree = "<group>"; };
		CAF42CE029EC90CA004D7788 /* AlphanumericTextField.swift */ = {isa = PBXFileReference; lastKnownFileType = sourcecode.swift; path = AlphanumericTextField.swift; sourceTree = "<group>"; };
		CAF42CE229EC9524004D7788 /* CreateRecipeFlowView.swift */ = {isa = PBXFileReference; lastKnownFileType = sourcecode.swift; path = CreateRecipeFlowView.swift; sourceTree = "<group>"; };
		CAF42CE429EC9548004D7788 /* Navigable.swift */ = {isa = PBXFileReference; lastKnownFileType = sourcecode.swift; path = Navigable.swift; sourceTree = "<group>"; };
		CAF42CE629EC9561004D7788 /* Completable.swift */ = {isa = PBXFileReference; lastKnownFileType = sourcecode.swift; path = Completable.swift; sourceTree = "<group>"; };
		CAF42CEC29EC98A1004D7788 /* Screen.swift */ = {isa = PBXFileReference; lastKnownFileType = sourcecode.swift; path = Screen.swift; sourceTree = "<group>"; };
		CAF42CF029EC98E4004D7788 /* BrewQueueRepositoryImp.swift */ = {isa = PBXFileReference; lastKnownFileType = sourcecode.swift; path = BrewQueueRepositoryImp.swift; sourceTree = "<group>"; };
		CAF42CF229EC9906004D7788 /* BrewQueueRepository.swift */ = {isa = PBXFileReference; lastKnownFileType = sourcecode.swift; path = BrewQueueRepository.swift; sourceTree = "<group>"; };
		CAF42CF429EC9D4D004D7788 /* CreateRecipeBrewMethodSelection.swift */ = {isa = PBXFileReference; lastKnownFileType = sourcecode.swift; path = CreateRecipeBrewMethodSelection.swift; sourceTree = "<group>"; };
/* End PBXFileReference section */

/* Begin PBXFrameworksBuildPhase section */
		CA367D2B29A2B0370095B1B8 /* Frameworks */ = {
			isa = PBXFrameworksBuildPhase;
			buildActionMask = 2147483647;
			files = (
			);
			runOnlyForDeploymentPostprocessing = 0;
		};
		CA367D3B29A2B0380095B1B8 /* Frameworks */ = {
			isa = PBXFrameworksBuildPhase;
			buildActionMask = 2147483647;
			files = (
			);
			runOnlyForDeploymentPostprocessing = 0;
		};
		CA367D4529A2B0380095B1B8 /* Frameworks */ = {
			isa = PBXFrameworksBuildPhase;
			buildActionMask = 2147483647;
			files = (
			);
			runOnlyForDeploymentPostprocessing = 0;
		};
/* End PBXFrameworksBuildPhase section */

/* Begin PBXGroup section */
		CA17289229EB4B90000F867B /* Views */ = {
			isa = PBXGroup;
			children = (
				CA17289329EB4B9F000F867B /* NumericTextField.swift */,
				CAF42CE029EC90CA004D7788 /* AlphanumericTextField.swift */,
			);
			path = Views;
			sourceTree = "<group>";
		};
		CA17289729EB4CC9000F867B /* Models */ = {
			isa = PBXGroup;
			children = (
				CA17289829EB4CD1000F867B /* CoffeeToWaterRatio.swift */,
				CAF42CE629EC9561004D7788 /* Completable.swift */,
				CAF42CE429EC9548004D7788 /* Navigable.swift */,
			);
			path = Models;
			sourceTree = "<group>";
		};
		CA367D2529A2B0370095B1B8 = {
			isa = PBXGroup;
			children = (
				CA367D3029A2B0370095B1B8 /* CoffeeTimer */,
				CA367D4129A2B0380095B1B8 /* CoffeeTimerTests */,
				CA367D2F29A2B0370095B1B8 /* Products */,
			);
			sourceTree = "<group>";
		};
		CA367D2F29A2B0370095B1B8 /* Products */ = {
			isa = PBXGroup;
			children = (
				CA367D2E29A2B0370095B1B8 /* CoffeeTimer.app */,
				CA367D3E29A2B0380095B1B8 /* CoffeeTimerTests.xctest */,
				CA367D4829A2B0380095B1B8 /* CoffeeTimerUITests.xctest */,
			);
			name = Products;
			sourceTree = "<group>";
		};
		CA367D3029A2B0370095B1B8 /* CoffeeTimer */ = {
			isa = PBXGroup;
			children = (
				CAF42CEE29EC98BF004D7788 /* Repository */,
				CA5E907829D61AA400A78CF2 /* Domain */,
				CA5E907529D61A5F00A78CF2 /* Application */,
				CA7B804929BFABA8007D3DFC /* Scene */,
				CA367D3129A2B0370095B1B8 /* CoffeeTimerApp.swift */,
				CA367D3529A2B0380095B1B8 /* Assets.xcassets */,
				CA367D3729A2B0380095B1B8 /* Preview Content */,
			);
			path = CoffeeTimer;
			sourceTree = "<group>";
		};
		CA367D3729A2B0380095B1B8 /* Preview Content */ = {
			isa = PBXGroup;
			children = (
				CA367D3829A2B0380095B1B8 /* Preview Assets.xcassets */,
			);
			path = "Preview Content";
			sourceTree = "<group>";
		};
		CA367D4129A2B0380095B1B8 /* CoffeeTimerTests */ = {
			isa = PBXGroup;
			children = (
				CA5E907629D61A6B00A78CF2 /* Application */,
			);
			path = CoffeeTimerTests;
			sourceTree = "<group>";
		};
		CA5E907529D61A5F00A78CF2 /* Application */ = {
			isa = PBXGroup;
			children = (
				CA7B804429BFA9E6007D3DFC /* CountdownTimer.swift */,
				CA180AF929DB67130056D435 /* CreateV60SingleCupRecipeUseCase.swift */,
			);
			path = Application;
			sourceTree = "<group>";
		};
		CA5E907629D61A6B00A78CF2 /* Application */ = {
			isa = PBXGroup;
			children = (
				CA7B804629BFAA21007D3DFC /* CountdownTimerImplTests.swift */,
				CA9C7FCD29D9E4A200F2DE30 /* CreateV60SingleCupRecipeUseCaseImpTests.swift */,
			);
			path = Application;
			sourceTree = "<group>";
		};
		CA5E907829D61AA400A78CF2 /* Domain */ = {
			isa = PBXGroup;
			children = (
				CA5E907C29D61AED00A78CF2 /* Entities.swift */,
				CAF42CF229EC9906004D7788 /* BrewQueueRepository.swift */,
			);
			path = Domain;
			sourceTree = "<group>";
		};
		CA7B804929BFABA8007D3DFC /* Scene */ = {
			isa = PBXGroup;
			children = (
				CA91CEF429E5FA7D00E9F5D1 /* Flow */,
				CAF42CEA29EC9842004D7788 /* CreateRecipe */,
				CAF42CE929EC9821004D7788 /* BrewQueue */,
				CAF42CE829EC980F004D7788 /* Common */,
			);
			path = Scene;
			sourceTree = "<group>";
		};
		CA91CEF429E5FA7D00E9F5D1 /* Flow */ = {
			isa = PBXGroup;
			children = (
				CA91CEF629E5FA9100E9F5D1 /* AppFlowView.swift */,
				CAF42CE229EC9524004D7788 /* CreateRecipeFlowView.swift */,
				CAF42CEC29EC98A1004D7788 /* Screen.swift */,
			);
			path = Flow;
			sourceTree = "<group>";
		};
		CAD071E329DCCAD60010E561 /* Extensions */ = {
			isa = PBXGroup;
			children = (
				CAD071E629DCCB000010E561 /* BrewQueue+Stub.swift */,
				CA17289529EB4CA8000F867B /* View+Responder.swift */,
			);
			path = Extensions;
			sourceTree = "<group>";
		};
		CAF42CE829EC980F004D7788 /* Common */ = {
			isa = PBXGroup;
			children = (
				CAF42CEB29EC9867004D7788 /* ViewModifiers */,
				CA17289729EB4CC9000F867B /* Models */,
				CA17289229EB4B90000F867B /* Views */,
				CAD071E329DCCAD60010E561 /* Extensions */,
			);
			path = Common;
			sourceTree = "<group>";
		};
		CAF42CE929EC9821004D7788 /* BrewQueue */ = {
			isa = PBXGroup;
			children = (
				CA7B804A29BFABBB007D3DFC /* StageTimerView.swift */,
				CA7B804C29BFBD8C007D3DFC /* BrewQueueView.swift */,
			);
			path = BrewQueue;
			sourceTree = "<group>";
		};
		CAF42CEA29EC9842004D7788 /* CreateRecipe */ = {
			isa = PBXGroup;
			children = (
				CA17289C29EB5097000F867B /* CreateRecipeCoffeeWaterSelection.swift */,
				CA17289E29EB58F1000F867B /* CreateRecipeNameSelection.swift */,
				CAE3944129DE13C0007611F1 /* CreateRecipeView.swift */,
				CAF42CF429EC9D4D004D7788 /* CreateRecipeBrewMethodSelection.swift */,
				CA2D8BE12A02F3AA00BA2899 /* CreateRecipeContext.swift */,
			);
			path = CreateRecipe;
			sourceTree = "<group>";
		};
		CAF42CEB29EC9867004D7788 /* ViewModifiers */ = {
			isa = PBXGroup;
			children = (
				CAF42CDE29EC907F004D7788 /* View+ClearButton.swift */,
				CA5CA81829EB662F001E384D /* View+Background.swift */,
			);
			path = ViewModifiers;
			sourceTree = "<group>";
		};
		CAF42CEE29EC98BF004D7788 /* Repository */ = {
			isa = PBXGroup;
			children = (
				CAF42CEF29EC98D8004D7788 /* BrewQueue */,
			);
			path = Repository;
			sourceTree = "<group>";
		};
		CAF42CEF29EC98D8004D7788 /* BrewQueue */ = {
			isa = PBXGroup;
			children = (
				CAF42CF029EC98E4004D7788 /* BrewQueueRepositoryImp.swift */,
			);
			path = BrewQueue;
			sourceTree = "<group>";
		};
/* End PBXGroup section */

/* Begin PBXNativeTarget section */
		CA367D2D29A2B0370095B1B8 /* CoffeeTimer */ = {
			isa = PBXNativeTarget;
			buildConfigurationList = CA367D5229A2B0380095B1B8 /* Build configuration list for PBXNativeTarget "CoffeeTimer" */;
			buildPhases = (
				CA367D2A29A2B0370095B1B8 /* Sources */,
				CA367D2B29A2B0370095B1B8 /* Frameworks */,
				CA367D2C29A2B0370095B1B8 /* Resources */,
			);
			buildRules = (
			);
			dependencies = (
			);
			name = CoffeeTimer;
			productName = CoffeeTimer;
			productReference = CA367D2E29A2B0370095B1B8 /* CoffeeTimer.app */;
			productType = "com.apple.product-type.application";
		};
		CA367D3D29A2B0380095B1B8 /* CoffeeTimerTests */ = {
			isa = PBXNativeTarget;
			buildConfigurationList = CA367D5529A2B0380095B1B8 /* Build configuration list for PBXNativeTarget "CoffeeTimerTests" */;
			buildPhases = (
				CA367D3A29A2B0380095B1B8 /* Sources */,
				CA367D3B29A2B0380095B1B8 /* Frameworks */,
				CA367D3C29A2B0380095B1B8 /* Resources */,
			);
			buildRules = (
			);
			dependencies = (
				CA367D4029A2B0380095B1B8 /* PBXTargetDependency */,
			);
			name = CoffeeTimerTests;
			productName = CoffeeTimerTests;
			productReference = CA367D3E29A2B0380095B1B8 /* CoffeeTimerTests.xctest */;
			productType = "com.apple.product-type.bundle.unit-test";
		};
		CA367D4729A2B0380095B1B8 /* CoffeeTimerUITests */ = {
			isa = PBXNativeTarget;
			buildConfigurationList = CA367D5829A2B0380095B1B8 /* Build configuration list for PBXNativeTarget "CoffeeTimerUITests" */;
			buildPhases = (
				CA367D4429A2B0380095B1B8 /* Sources */,
				CA367D4529A2B0380095B1B8 /* Frameworks */,
				CA367D4629A2B0380095B1B8 /* Resources */,
			);
			buildRules = (
			);
			dependencies = (
				CA367D4A29A2B0380095B1B8 /* PBXTargetDependency */,
			);
			name = CoffeeTimerUITests;
			productName = CoffeeTimerUITests;
			productReference = CA367D4829A2B0380095B1B8 /* CoffeeTimerUITests.xctest */;
			productType = "com.apple.product-type.bundle.ui-testing";
		};
/* End PBXNativeTarget section */

/* Begin PBXProject section */
		CA367D2629A2B0370095B1B8 /* Project object */ = {
			isa = PBXProject;
			attributes = {
				BuildIndependentTargetsInParallel = 1;
				LastSwiftUpdateCheck = 1400;
				LastUpgradeCheck = 1400;
				TargetAttributes = {
					CA367D2D29A2B0370095B1B8 = {
						CreatedOnToolsVersion = 14.0.1;
					};
					CA367D3D29A2B0380095B1B8 = {
						CreatedOnToolsVersion = 14.0.1;
						TestTargetID = CA367D2D29A2B0370095B1B8;
					};
					CA367D4729A2B0380095B1B8 = {
						CreatedOnToolsVersion = 14.0.1;
						TestTargetID = CA367D2D29A2B0370095B1B8;
					};
				};
			};
			buildConfigurationList = CA367D2929A2B0370095B1B8 /* Build configuration list for PBXProject "CoffeeTimer" */;
			compatibilityVersion = "Xcode 14.0";
			developmentRegion = en;
			hasScannedForEncodings = 0;
			knownRegions = (
				en,
				Base,
			);
			mainGroup = CA367D2529A2B0370095B1B8;
			productRefGroup = CA367D2F29A2B0370095B1B8 /* Products */;
			projectDirPath = "";
			projectRoot = "";
			targets = (
				CA367D2D29A2B0370095B1B8 /* CoffeeTimer */,
				CA367D3D29A2B0380095B1B8 /* CoffeeTimerTests */,
				CA367D4729A2B0380095B1B8 /* CoffeeTimerUITests */,
			);
		};
/* End PBXProject section */

/* Begin PBXResourcesBuildPhase section */
		CA367D2C29A2B0370095B1B8 /* Resources */ = {
			isa = PBXResourcesBuildPhase;
			buildActionMask = 2147483647;
			files = (
				CA367D3929A2B0380095B1B8 /* Preview Assets.xcassets in Resources */,
				CA367D3629A2B0380095B1B8 /* Assets.xcassets in Resources */,
			);
			runOnlyForDeploymentPostprocessing = 0;
		};
		CA367D3C29A2B0380095B1B8 /* Resources */ = {
			isa = PBXResourcesBuildPhase;
			buildActionMask = 2147483647;
			files = (
			);
			runOnlyForDeploymentPostprocessing = 0;
		};
		CA367D4629A2B0380095B1B8 /* Resources */ = {
			isa = PBXResourcesBuildPhase;
			buildActionMask = 2147483647;
			files = (
			);
			runOnlyForDeploymentPostprocessing = 0;
		};
/* End PBXResourcesBuildPhase section */

/* Begin PBXSourcesBuildPhase section */
		CA367D2A29A2B0370095B1B8 /* Sources */ = {
			isa = PBXSourcesBuildPhase;
			buildActionMask = 2147483647;
			files = (
				CAF42CE729EC9561004D7788 /* Completable.swift in Sources */,
				CAE3944229DE13C0007611F1 /* CreateRecipeView.swift in Sources */,
				CAD071E729DCCB000010E561 /* BrewQueue+Stub.swift in Sources */,
				CA17289629EB4CA8000F867B /* View+Responder.swift in Sources */,
				CA91CEF729E5FA9100E9F5D1 /* AppFlowView.swift in Sources */,
				CA7B804529BFA9E7007D3DFC /* CountdownTimer.swift in Sources */,
				CA180AFA29DB67130056D435 /* CreateV60SingleCupRecipeUseCase.swift in Sources */,
				CA5CA81929EB662F001E384D /* View+Background.swift in Sources */,
				CA367D3229A2B0370095B1B8 /* CoffeeTimerApp.swift in Sources */,
				CA7B804D29BFBD8C007D3DFC /* BrewQueueView.swift in Sources */,
				CA17289929EB4CD1000F867B /* CoffeeToWaterRatio.swift in Sources */,
				CAF42CDF29EC907F004D7788 /* View+ClearButton.swift in Sources */,
				CA17289429EB4B9F000F867B /* NumericTextField.swift in Sources */,
				CA7B804B29BFABBB007D3DFC /* StageTimerView.swift in Sources */,
				CAF42CED29EC98A1004D7788 /* Screen.swift in Sources */,
				CA17289D29EB5097000F867B /* CreateRecipeCoffeeWaterSelection.swift in Sources */,
				CAF42CE529EC9548004D7788 /* Navigable.swift in Sources */,
				CA5E907D29D61AED00A78CF2 /* Entities.swift in Sources */,
				CAF42CF329EC9906004D7788 /* BrewQueueRepository.swift in Sources */,
				CAF42CF529EC9D4D004D7788 /* CreateRecipeBrewMethodSelection.swift in Sources */,
				CAF42CF129EC98E4004D7788 /* BrewQueueRepositoryImp.swift in Sources */,
				CAF42CE129EC90CA004D7788 /* AlphanumericTextField.swift in Sources */,
				CAF42CE329EC9524004D7788 /* CreateRecipeFlowView.swift in Sources */,
				CA17289F29EB58F1000F867B /* CreateRecipeNameSelection.swift in Sources */,
				CA2D8BE22A02F3AA00BA2899 /* CreateRecipeContext.swift in Sources */,
			);
			runOnlyForDeploymentPostprocessing = 0;
		};
		CA367D3A29A2B0380095B1B8 /* Sources */ = {
			isa = PBXSourcesBuildPhase;
			buildActionMask = 2147483647;
			files = (
				CA7B804729BFAA21007D3DFC /* CountdownTimerImplTests.swift in Sources */,
				CA9C7FCE29D9E4A200F2DE30 /* CreateV60SingleCupRecipeUseCaseImpTests.swift in Sources */,
			);
			runOnlyForDeploymentPostprocessing = 0;
		};
		CA367D4429A2B0380095B1B8 /* Sources */ = {
			isa = PBXSourcesBuildPhase;
			buildActionMask = 2147483647;
			files = (
			);
			runOnlyForDeploymentPostprocessing = 0;
		};
/* End PBXSourcesBuildPhase section */

/* Begin PBXTargetDependency section */
		CA367D4029A2B0380095B1B8 /* PBXTargetDependency */ = {
			isa = PBXTargetDependency;
			target = CA367D2D29A2B0370095B1B8 /* CoffeeTimer */;
			targetProxy = CA367D3F29A2B0380095B1B8 /* PBXContainerItemProxy */;
		};
		CA367D4A29A2B0380095B1B8 /* PBXTargetDependency */ = {
			isa = PBXTargetDependency;
			target = CA367D2D29A2B0370095B1B8 /* CoffeeTimer */;
			targetProxy = CA367D4929A2B0380095B1B8 /* PBXContainerItemProxy */;
		};
/* End PBXTargetDependency section */

/* Begin XCBuildConfiguration section */
		CA367D5029A2B0380095B1B8 /* Debug */ = {
			isa = XCBuildConfiguration;
			buildSettings = {
				ALWAYS_SEARCH_USER_PATHS = NO;
				CLANG_ANALYZER_NONNULL = YES;
				CLANG_ANALYZER_NUMBER_OBJECT_CONVERSION = YES_AGGRESSIVE;
				CLANG_CXX_LANGUAGE_STANDARD = "gnu++20";
				CLANG_ENABLE_MODULES = YES;
				CLANG_ENABLE_OBJC_ARC = YES;
				CLANG_ENABLE_OBJC_WEAK = YES;
				CLANG_WARN_BLOCK_CAPTURE_AUTORELEASING = YES;
				CLANG_WARN_BOOL_CONVERSION = YES;
				CLANG_WARN_COMMA = YES;
				CLANG_WARN_CONSTANT_CONVERSION = YES;
				CLANG_WARN_DEPRECATED_OBJC_IMPLEMENTATIONS = YES;
				CLANG_WARN_DIRECT_OBJC_ISA_USAGE = YES_ERROR;
				CLANG_WARN_DOCUMENTATION_COMMENTS = YES;
				CLANG_WARN_EMPTY_BODY = YES;
				CLANG_WARN_ENUM_CONVERSION = YES;
				CLANG_WARN_INFINITE_RECURSION = YES;
				CLANG_WARN_INT_CONVERSION = YES;
				CLANG_WARN_NON_LITERAL_NULL_CONVERSION = YES;
				CLANG_WARN_OBJC_IMPLICIT_RETAIN_SELF = YES;
				CLANG_WARN_OBJC_LITERAL_CONVERSION = YES;
				CLANG_WARN_OBJC_ROOT_CLASS = YES_ERROR;
				CLANG_WARN_QUOTED_INCLUDE_IN_FRAMEWORK_HEADER = YES;
				CLANG_WARN_RANGE_LOOP_ANALYSIS = YES;
				CLANG_WARN_STRICT_PROTOTYPES = YES;
				CLANG_WARN_SUSPICIOUS_MOVE = YES;
				CLANG_WARN_UNGUARDED_AVAILABILITY = YES_AGGRESSIVE;
				CLANG_WARN_UNREACHABLE_CODE = YES;
				CLANG_WARN__DUPLICATE_METHOD_MATCH = YES;
				COPY_PHASE_STRIP = NO;
				DEBUG_INFORMATION_FORMAT = dwarf;
				ENABLE_STRICT_OBJC_MSGSEND = YES;
				ENABLE_TESTABILITY = YES;
				GCC_C_LANGUAGE_STANDARD = gnu11;
				GCC_DYNAMIC_NO_PIC = NO;
				GCC_NO_COMMON_BLOCKS = YES;
				GCC_OPTIMIZATION_LEVEL = 0;
				GCC_PREPROCESSOR_DEFINITIONS = (
					"DEBUG=1",
					"$(inherited)",
				);
				GCC_WARN_64_TO_32_BIT_CONVERSION = YES;
				GCC_WARN_ABOUT_RETURN_TYPE = YES_ERROR;
				GCC_WARN_UNDECLARED_SELECTOR = YES;
				GCC_WARN_UNINITIALIZED_AUTOS = YES_AGGRESSIVE;
				GCC_WARN_UNUSED_FUNCTION = YES;
				GCC_WARN_UNUSED_VARIABLE = YES;
				IPHONEOS_DEPLOYMENT_TARGET = 16.0;
				MTL_ENABLE_DEBUG_INFO = INCLUDE_SOURCE;
				MTL_FAST_MATH = YES;
				ONLY_ACTIVE_ARCH = YES;
				SDKROOT = iphoneos;
				SWIFT_ACTIVE_COMPILATION_CONDITIONS = DEBUG;
				SWIFT_OPTIMIZATION_LEVEL = "-Onone";
			};
			name = Debug;
		};
		CA367D5129A2B0380095B1B8 /* Release */ = {
			isa = XCBuildConfiguration;
			buildSettings = {
				ALWAYS_SEARCH_USER_PATHS = NO;
				CLANG_ANALYZER_NONNULL = YES;
				CLANG_ANALYZER_NUMBER_OBJECT_CONVERSION = YES_AGGRESSIVE;
				CLANG_CXX_LANGUAGE_STANDARD = "gnu++20";
				CLANG_ENABLE_MODULES = YES;
				CLANG_ENABLE_OBJC_ARC = YES;
				CLANG_ENABLE_OBJC_WEAK = YES;
				CLANG_WARN_BLOCK_CAPTURE_AUTORELEASING = YES;
				CLANG_WARN_BOOL_CONVERSION = YES;
				CLANG_WARN_COMMA = YES;
				CLANG_WARN_CONSTANT_CONVERSION = YES;
				CLANG_WARN_DEPRECATED_OBJC_IMPLEMENTATIONS = YES;
				CLANG_WARN_DIRECT_OBJC_ISA_USAGE = YES_ERROR;
				CLANG_WARN_DOCUMENTATION_COMMENTS = YES;
				CLANG_WARN_EMPTY_BODY = YES;
				CLANG_WARN_ENUM_CONVERSION = YES;
				CLANG_WARN_INFINITE_RECURSION = YES;
				CLANG_WARN_INT_CONVERSION = YES;
				CLANG_WARN_NON_LITERAL_NULL_CONVERSION = YES;
				CLANG_WARN_OBJC_IMPLICIT_RETAIN_SELF = YES;
				CLANG_WARN_OBJC_LITERAL_CONVERSION = YES;
				CLANG_WARN_OBJC_ROOT_CLASS = YES_ERROR;
				CLANG_WARN_QUOTED_INCLUDE_IN_FRAMEWORK_HEADER = YES;
				CLANG_WARN_RANGE_LOOP_ANALYSIS = YES;
				CLANG_WARN_STRICT_PROTOTYPES = YES;
				CLANG_WARN_SUSPICIOUS_MOVE = YES;
				CLANG_WARN_UNGUARDED_AVAILABILITY = YES_AGGRESSIVE;
				CLANG_WARN_UNREACHABLE_CODE = YES;
				CLANG_WARN__DUPLICATE_METHOD_MATCH = YES;
				COPY_PHASE_STRIP = NO;
				DEBUG_INFORMATION_FORMAT = "dwarf-with-dsym";
				ENABLE_NS_ASSERTIONS = NO;
				ENABLE_STRICT_OBJC_MSGSEND = YES;
				GCC_C_LANGUAGE_STANDARD = gnu11;
				GCC_NO_COMMON_BLOCKS = YES;
				GCC_WARN_64_TO_32_BIT_CONVERSION = YES;
				GCC_WARN_ABOUT_RETURN_TYPE = YES_ERROR;
				GCC_WARN_UNDECLARED_SELECTOR = YES;
				GCC_WARN_UNINITIALIZED_AUTOS = YES_AGGRESSIVE;
				GCC_WARN_UNUSED_FUNCTION = YES;
				GCC_WARN_UNUSED_VARIABLE = YES;
				IPHONEOS_DEPLOYMENT_TARGET = 16.0;
				MTL_ENABLE_DEBUG_INFO = NO;
				MTL_FAST_MATH = YES;
				SDKROOT = iphoneos;
				SWIFT_COMPILATION_MODE = wholemodule;
				SWIFT_OPTIMIZATION_LEVEL = "-O";
				VALIDATE_PRODUCT = YES;
			};
			name = Release;
		};
		CA367D5329A2B0380095B1B8 /* Debug */ = {
			isa = XCBuildConfiguration;
			buildSettings = {
				ASSETCATALOG_COMPILER_APPICON_NAME = AppIcon;
				ASSETCATALOG_COMPILER_GLOBAL_ACCENT_COLOR_NAME = AccentColor;
				CODE_SIGN_STYLE = Automatic;
				CURRENT_PROJECT_VERSION = 1;
				DEVELOPMENT_ASSET_PATHS = "\"CoffeeTimer/Preview Content\"";
				DEVELOPMENT_TEAM = 4VYX3TZ9R9;
				ENABLE_PREVIEWS = YES;
				GENERATE_INFOPLIST_FILE = YES;
				INFOPLIST_KEY_UIApplicationSceneManifest_Generation = YES;
				INFOPLIST_KEY_UIApplicationSupportsIndirectInputEvents = YES;
				INFOPLIST_KEY_UILaunchScreen_Generation = YES;
				INFOPLIST_KEY_UISupportedInterfaceOrientations_iPad = "UIInterfaceOrientationPortrait UIInterfaceOrientationPortraitUpsideDown UIInterfaceOrientationLandscapeLeft UIInterfaceOrientationLandscapeRight";
				INFOPLIST_KEY_UISupportedInterfaceOrientations_iPhone = "UIInterfaceOrientationPortrait UIInterfaceOrientationLandscapeLeft UIInterfaceOrientationLandscapeRight";
				LD_RUNPATH_SEARCH_PATHS = (
					"$(inherited)",
					"@executable_path/Frameworks",
				);
				MARKETING_VERSION = 1.0;
				PRODUCT_BUNDLE_IDENTIFIER = com.kutaydemireren.CoffeeTimer;
				PRODUCT_NAME = "$(TARGET_NAME)";
				SWIFT_EMIT_LOC_STRINGS = YES;
				SWIFT_VERSION = 5.0;
				TARGETED_DEVICE_FAMILY = "1,2";
			};
			name = Debug;
		};
		CA367D5429A2B0380095B1B8 /* Release */ = {
			isa = XCBuildConfiguration;
			buildSettings = {
				ASSETCATALOG_COMPILER_APPICON_NAME = AppIcon;
				ASSETCATALOG_COMPILER_GLOBAL_ACCENT_COLOR_NAME = AccentColor;
				CODE_SIGN_STYLE = Automatic;
				CURRENT_PROJECT_VERSION = 1;
				DEVELOPMENT_ASSET_PATHS = "\"CoffeeTimer/Preview Content\"";
				DEVELOPMENT_TEAM = 4VYX3TZ9R9;
				ENABLE_PREVIEWS = YES;
				GENERATE_INFOPLIST_FILE = YES;
				INFOPLIST_KEY_UIApplicationSceneManifest_Generation = YES;
				INFOPLIST_KEY_UIApplicationSupportsIndirectInputEvents = YES;
				INFOPLIST_KEY_UILaunchScreen_Generation = YES;
				INFOPLIST_KEY_UISupportedInterfaceOrientations_iPad = "UIInterfaceOrientationPortrait UIInterfaceOrientationPortraitUpsideDown UIInterfaceOrientationLandscapeLeft UIInterfaceOrientationLandscapeRight";
				INFOPLIST_KEY_UISupportedInterfaceOrientations_iPhone = "UIInterfaceOrientationPortrait UIInterfaceOrientationLandscapeLeft UIInterfaceOrientationLandscapeRight";
				LD_RUNPATH_SEARCH_PATHS = (
					"$(inherited)",
					"@executable_path/Frameworks",
				);
				MARKETING_VERSION = 1.0;
				PRODUCT_BUNDLE_IDENTIFIER = com.kutaydemireren.CoffeeTimer;
				PRODUCT_NAME = "$(TARGET_NAME)";
				SWIFT_EMIT_LOC_STRINGS = YES;
				SWIFT_VERSION = 5.0;
				TARGETED_DEVICE_FAMILY = "1,2";
			};
			name = Release;
		};
		CA367D5629A2B0380095B1B8 /* Debug */ = {
			isa = XCBuildConfiguration;
			buildSettings = {
				ALWAYS_EMBED_SWIFT_STANDARD_LIBRARIES = YES;
				BUNDLE_LOADER = "$(TEST_HOST)";
				CODE_SIGN_STYLE = Automatic;
				CURRENT_PROJECT_VERSION = 1;
				DEVELOPMENT_TEAM = 4VYX3TZ9R9;
				GENERATE_INFOPLIST_FILE = YES;
				IPHONEOS_DEPLOYMENT_TARGET = 16.0;
				MARKETING_VERSION = 1.0;
				PRODUCT_BUNDLE_IDENTIFIER = com.kutaydemireren.CoffeeTimerTests;
				PRODUCT_NAME = "$(TARGET_NAME)";
				SWIFT_EMIT_LOC_STRINGS = NO;
				SWIFT_VERSION = 5.0;
				TARGETED_DEVICE_FAMILY = "1,2";
				TEST_HOST = "$(BUILT_PRODUCTS_DIR)/CoffeeTimer.app/$(BUNDLE_EXECUTABLE_FOLDER_PATH)/CoffeeTimer";
			};
			name = Debug;
		};
		CA367D5729A2B0380095B1B8 /* Release */ = {
			isa = XCBuildConfiguration;
			buildSettings = {
				ALWAYS_EMBED_SWIFT_STANDARD_LIBRARIES = YES;
				BUNDLE_LOADER = "$(TEST_HOST)";
				CODE_SIGN_STYLE = Automatic;
				CURRENT_PROJECT_VERSION = 1;
				DEVELOPMENT_TEAM = 4VYX3TZ9R9;
				GENERATE_INFOPLIST_FILE = YES;
				IPHONEOS_DEPLOYMENT_TARGET = 16.0;
				MARKETING_VERSION = 1.0;
				PRODUCT_BUNDLE_IDENTIFIER = com.kutaydemireren.CoffeeTimerTests;
				PRODUCT_NAME = "$(TARGET_NAME)";
				SWIFT_EMIT_LOC_STRINGS = NO;
				SWIFT_VERSION = 5.0;
				TARGETED_DEVICE_FAMILY = "1,2";
				TEST_HOST = "$(BUILT_PRODUCTS_DIR)/CoffeeTimer.app/$(BUNDLE_EXECUTABLE_FOLDER_PATH)/CoffeeTimer";
			};
			name = Release;
		};
		CA367D5929A2B0380095B1B8 /* Debug */ = {
			isa = XCBuildConfiguration;
			buildSettings = {
				ALWAYS_EMBED_SWIFT_STANDARD_LIBRARIES = YES;
				CODE_SIGN_STYLE = Automatic;
				CURRENT_PROJECT_VERSION = 1;
				DEVELOPMENT_TEAM = 4VYX3TZ9R9;
				GENERATE_INFOPLIST_FILE = YES;
				MARKETING_VERSION = 1.0;
				PRODUCT_BUNDLE_IDENTIFIER = com.kutaydemireren.CoffeeTimerUITests;
				PRODUCT_NAME = "$(TARGET_NAME)";
				SWIFT_EMIT_LOC_STRINGS = NO;
				SWIFT_VERSION = 5.0;
				TARGETED_DEVICE_FAMILY = "1,2";
				TEST_TARGET_NAME = CoffeeTimer;
			};
			name = Debug;
		};
		CA367D5A29A2B0380095B1B8 /* Release */ = {
			isa = XCBuildConfiguration;
			buildSettings = {
				ALWAYS_EMBED_SWIFT_STANDARD_LIBRARIES = YES;
				CODE_SIGN_STYLE = Automatic;
				CURRENT_PROJECT_VERSION = 1;
				DEVELOPMENT_TEAM = 4VYX3TZ9R9;
				GENERATE_INFOPLIST_FILE = YES;
				MARKETING_VERSION = 1.0;
				PRODUCT_BUNDLE_IDENTIFIER = com.kutaydemireren.CoffeeTimerUITests;
				PRODUCT_NAME = "$(TARGET_NAME)";
				SWIFT_EMIT_LOC_STRINGS = NO;
				SWIFT_VERSION = 5.0;
				TARGETED_DEVICE_FAMILY = "1,2";
				TEST_TARGET_NAME = CoffeeTimer;
			};
			name = Release;
		};
/* End XCBuildConfiguration section */

/* Begin XCConfigurationList section */
		CA367D2929A2B0370095B1B8 /* Build configuration list for PBXProject "CoffeeTimer" */ = {
			isa = XCConfigurationList;
			buildConfigurations = (
				CA367D5029A2B0380095B1B8 /* Debug */,
				CA367D5129A2B0380095B1B8 /* Release */,
			);
			defaultConfigurationIsVisible = 0;
			defaultConfigurationName = Release;
		};
		CA367D5229A2B0380095B1B8 /* Build configuration list for PBXNativeTarget "CoffeeTimer" */ = {
			isa = XCConfigurationList;
			buildConfigurations = (
				CA367D5329A2B0380095B1B8 /* Debug */,
				CA367D5429A2B0380095B1B8 /* Release */,
			);
			defaultConfigurationIsVisible = 0;
			defaultConfigurationName = Release;
		};
		CA367D5529A2B0380095B1B8 /* Build configuration list for PBXNativeTarget "CoffeeTimerTests" */ = {
			isa = XCConfigurationList;
			buildConfigurations = (
				CA367D5629A2B0380095B1B8 /* Debug */,
				CA367D5729A2B0380095B1B8 /* Release */,
			);
			defaultConfigurationIsVisible = 0;
			defaultConfigurationName = Release;
		};
		CA367D5829A2B0380095B1B8 /* Build configuration list for PBXNativeTarget "CoffeeTimerUITests" */ = {
			isa = XCConfigurationList;
			buildConfigurations = (
				CA367D5929A2B0380095B1B8 /* Debug */,
				CA367D5A29A2B0380095B1B8 /* Release */,
			);
			defaultConfigurationIsVisible = 0;
			defaultConfigurationName = Release;
		};
/* End XCConfigurationList section */
	};
	rootObject = CA367D2629A2B0370095B1B8 /* Project object */;
}
