// !$*UTF8*$!
{
	archiveVersion = 1;
	classes = {
	};
	objectVersion = 56;
	objects = {

/* Begin PBXBuildFile section */
		CA02D0D82A255A440012EE87 /* MockRecipeMapper.swift in Sources */ = {isa = PBXBuildFile; fileRef = CA02D0D72A255A440012EE87 /* MockRecipeMapper.swift */; };
		CA02D0DC2A255A6D0012EE87 /* MockStorage.swift in Sources */ = {isa = PBXBuildFile; fileRef = CA02D0DB2A255A6D0012EE87 /* MockStorage.swift */; };
		CA17289429EB4B9F000F867B /* NumericTextField.swift in Sources */ = {isa = PBXBuildFile; fileRef = CA17289329EB4B9F000F867B /* NumericTextField.swift */; };
		CA17289629EB4CA8000F867B /* View+Responder.swift in Sources */ = {isa = PBXBuildFile; fileRef = CA17289529EB4CA8000F867B /* View+Responder.swift */; };
		CA17289929EB4CD1000F867B /* CoffeeToWaterRatio.swift in Sources */ = {isa = PBXBuildFile; fileRef = CA17289829EB4CD1000F867B /* CoffeeToWaterRatio.swift */; };
		CA17289D29EB5097000F867B /* CreateRecipeCoffeeWaterSelection.swift in Sources */ = {isa = PBXBuildFile; fileRef = CA17289C29EB5097000F867B /* CreateRecipeCoffeeWaterSelection.swift */; };
		CA17289F29EB58F1000F867B /* CreateRecipeProfileSelection.swift in Sources */ = {isa = PBXBuildFile; fileRef = CA17289E29EB58F1000F867B /* CreateRecipeProfileSelection.swift */; };
		CA180AFA29DB67130056D435 /* CreateV60SingleCupRecipeUseCase.swift in Sources */ = {isa = PBXBuildFile; fileRef = CA180AF929DB67130056D435 /* CreateV60SingleCupRecipeUseCase.swift */; };
		CA2D8BE22A02F3AA00BA2899 /* CreateRecipeContext.swift in Sources */ = {isa = PBXBuildFile; fileRef = CA2D8BE12A02F3AA00BA2899 /* CreateRecipeContext.swift */; };
		CA367D3229A2B0370095B1B8 /* CoffeeTimerApp.swift in Sources */ = {isa = PBXBuildFile; fileRef = CA367D3129A2B0370095B1B8 /* CoffeeTimerApp.swift */; };
		CA367D3629A2B0380095B1B8 /* Assets.xcassets in Resources */ = {isa = PBXBuildFile; fileRef = CA367D3529A2B0380095B1B8 /* Assets.xcassets */; };
		CA367D3929A2B0380095B1B8 /* Preview Assets.xcassets in Resources */ = {isa = PBXBuildFile; fileRef = CA367D3829A2B0380095B1B8 /* Preview Assets.xcassets */; };
		CA3CA4AF2A1AA20B00C76E28 /* RecipeMapper.swift in Sources */ = {isa = PBXBuildFile; fileRef = CA3CA4AE2A1AA20B00C76E28 /* RecipeMapper.swift */; };
		CA3CA4B12A1AA22600C76E28 /* RecipeMapperTests.swift in Sources */ = {isa = PBXBuildFile; fileRef = CA3CA4B02A1AA22600C76E28 /* RecipeMapperTests.swift */; };
		CA4758DF2A0C2D440022BC7D /* RecipesView.swift in Sources */ = {isa = PBXBuildFile; fileRef = CA4758DE2A0C2D440022BC7D /* RecipesView.swift */; };
		CA4758E12A0C3A200022BC7D /* RecipeProfileRowView.swift in Sources */ = {isa = PBXBuildFile; fileRef = CA4758E02A0C3A200022BC7D /* RecipeProfileRowView.swift */; };
		CA4758E42A0C3C5C0022BC7D /* RecipesFlowView.swift in Sources */ = {isa = PBXBuildFile; fileRef = CA4758E32A0C3C5C0022BC7D /* RecipesFlowView.swift */; };
		CA5A7D0F2A0EBA7400C7EC04 /* DTOs.swift in Sources */ = {isa = PBXBuildFile; fileRef = CA5A7D0E2A0EBA7400C7EC04 /* DTOs.swift */; };
		CA5CA81929EB662F001E384D /* View+Background.swift in Sources */ = {isa = PBXBuildFile; fileRef = CA5CA81829EB662F001E384D /* View+Background.swift */; };
		CA5E907D29D61AED00A78CF2 /* Entities.swift in Sources */ = {isa = PBXBuildFile; fileRef = CA5E907C29D61AED00A78CF2 /* Entities.swift */; };
		CA6263B82A250F00003E167D /* Storage.swift in Sources */ = {isa = PBXBuildFile; fileRef = CA6263B72A250F00003E167D /* Storage.swift */; };
		CA6263BB2A25492D003E167D /* DTOs+Stub.swift in Sources */ = {isa = PBXBuildFile; fileRef = CA6263BA2A25492D003E167D /* DTOs+Stub.swift */; };
		CA6263BC2A254955003E167D /* Entities+Stub.swift in Sources */ = {isa = PBXBuildFile; fileRef = CAD071E629DCCB000010E561 /* Entities+Stub.swift */; };
		CA6263BF2A25499A003E167D /* Entities+Stub.swift in Sources */ = {isa = PBXBuildFile; fileRef = CA6263BE2A25499A003E167D /* Entities+Stub.swift */; };
		CA6263C12A254C78003E167D /* TitleStorage.swift in Sources */ = {isa = PBXBuildFile; fileRef = CA6263C02A254C78003E167D /* TitleStorage.swift */; };
		CA6263C52A254E97003E167D /* Entities+Identifiable.swift in Sources */ = {isa = PBXBuildFile; fileRef = CA6263C42A254E97003E167D /* Entities+Identifiable.swift */; };
		CA6263C72A254EB3003E167D /* Color+HexString.swift in Sources */ = {isa = PBXBuildFile; fileRef = CA6263C62A254EB3003E167D /* Color+HexString.swift */; };
		CA6263C92A254F67003E167D /* ProfileIconStorage.swift in Sources */ = {isa = PBXBuildFile; fileRef = CA6263C82A254F67003E167D /* ProfileIconStorage.swift */; };
		CA6263CD2A25502C003E167D /* BrewMethodStorage.swift in Sources */ = {isa = PBXBuildFile; fileRef = CA6263CC2A25502C003E167D /* BrewMethodStorage.swift */; };
		CA6263CF2A2551B5003E167D /* MockStore.swift in Sources */ = {isa = PBXBuildFile; fileRef = CA6263CE2A2551B5003E167D /* MockStore.swift */; };
		CA6263D12A255266003E167D /* RecipeProfile+UserDefined.swift in Sources */ = {isa = PBXBuildFile; fileRef = CA6263D02A255266003E167D /* RecipeProfile+UserDefined.swift */; };
		CA77908D2A06A39900BEA142 /* String+Filter.swift in Sources */ = {isa = PBXBuildFile; fileRef = CA77908C2A06A39900BEA142 /* String+Filter.swift */; };
		CA77908F2A06DB3C00BEA142 /* LeadingText.swift in Sources */ = {isa = PBXBuildFile; fileRef = CA77908E2A06DB3C00BEA142 /* LeadingText.swift */; };
		CA7790932A06DB5300BEA142 /* TitledContent.swift in Sources */ = {isa = PBXBuildFile; fileRef = CA7790922A06DB5300BEA142 /* TitledContent.swift */; };
		CA7790952A06E39000BEA142 /* CreateRecipeFromContextUseCaseImpTests.swift in Sources */ = {isa = PBXBuildFile; fileRef = CA7790942A06E39000BEA142 /* CreateRecipeFromContextUseCaseImpTests.swift */; };
		CA7790992A06F34100BEA142 /* CreateV60SingleCupContextToInputMapperImpTests.swift in Sources */ = {isa = PBXBuildFile; fileRef = CA7790982A06F34100BEA142 /* CreateV60SingleCupContextToInputMapperImpTests.swift */; };
		CA77909B2A06F35A00BEA142 /* CreateV60ContextToInputMapper.swift in Sources */ = {isa = PBXBuildFile; fileRef = CA77909A2A06F35A00BEA142 /* CreateV60ContextToInputMapper.swift */; };
		CA77909D2A06F37700BEA142 /* CreateRecipeFromContextUseCase.swift in Sources */ = {isa = PBXBuildFile; fileRef = CA77909C2A06F37700BEA142 /* CreateRecipeFromContextUseCase.swift */; };
		CA7790A12A06F3BB00BEA142 /* Equatable.swift in Sources */ = {isa = PBXBuildFile; fileRef = CA7790A02A06F3BB00BEA142 /* Equatable.swift */; };
		CA7790A62A06F3FA00BEA142 /* MockCreateV60SingleCupRecipeUseCase.swift in Sources */ = {isa = PBXBuildFile; fileRef = CA7790A52A06F3FA00BEA142 /* MockCreateV60SingleCupRecipeUseCase.swift */; };
		CA7790A82A06F40F00BEA142 /* MockCreateV60SingleCupContextToInputMapper.swift in Sources */ = {isa = PBXBuildFile; fileRef = CA7790A72A06F40F00BEA142 /* MockCreateV60SingleCupContextToInputMapper.swift */; };
		CA7B804529BFA9E7007D3DFC /* CountdownTimer.swift in Sources */ = {isa = PBXBuildFile; fileRef = CA7B804429BFA9E6007D3DFC /* CountdownTimer.swift */; };
		CA7B804729BFAA21007D3DFC /* CountdownTimerImpTests.swift in Sources */ = {isa = PBXBuildFile; fileRef = CA7B804629BFAA21007D3DFC /* CountdownTimerImpTests.swift */; };
		CA7B804B29BFABBB007D3DFC /* StageTimerView.swift in Sources */ = {isa = PBXBuildFile; fileRef = CA7B804A29BFABBB007D3DFC /* StageTimerView.swift */; };
		CA7B804D29BFBD8C007D3DFC /* BrewQueueView.swift in Sources */ = {isa = PBXBuildFile; fileRef = CA7B804C29BFBD8C007D3DFC /* BrewQueueView.swift */; };
		CA8B44432A2563780003EE57 /* Colors.xcassets in Resources */ = {isa = PBXBuildFile; fileRef = CA8B44422A2563780003EE57 /* Colors.xcassets */; };
		CA91CEF729E5FA9100E9F5D1 /* AppFlowView.swift in Sources */ = {isa = PBXBuildFile; fileRef = CA91CEF629E5FA9100E9F5D1 /* AppFlowView.swift */; };
		CA9BDA212A2CE9530068DFF7 /* CreateV60IcedRecipeUseCase.swift in Sources */ = {isa = PBXBuildFile; fileRef = CA9BDA202A2CE9530068DFF7 /* CreateV60IcedRecipeUseCase.swift */; };
		CA9BDA272A2CE9EC0068DFF7 /* CreateV60IcedRecipeUseCaseImpTests.swift in Sources */ = {isa = PBXBuildFile; fileRef = CA9BDA262A2CE9EC0068DFF7 /* CreateV60IcedRecipeUseCaseImpTests.swift */; };
		CA9BDA292A2CFD290068DFF7 /* CreateV60RecipeInput.swift in Sources */ = {isa = PBXBuildFile; fileRef = CA9BDA282A2CFD290068DFF7 /* CreateV60RecipeInput.swift */; };
		CA9C7FCE29D9E4A200F2DE30 /* CreateV60SingleCupRecipeUseCaseImpTests.swift in Sources */ = {isa = PBXBuildFile; fileRef = CA9C7FCD29D9E4A200F2DE30 /* CreateV60SingleCupRecipeUseCaseImpTests.swift */; };
		CAB1925F2A0D6B6500043837 /* RecipeRepositoryImpTests.swift in Sources */ = {isa = PBXBuildFile; fileRef = CAB1925E2A0D6B6500043837 /* RecipeRepositoryImpTests.swift */; };
		CAE3944229DE13C0007611F1 /* CreateRecipeView.swift in Sources */ = {isa = PBXBuildFile; fileRef = CAE3944129DE13C0007611F1 /* CreateRecipeView.swift */; };
		CAF42CDF29EC907F004D7788 /* View+ClearButton.swift in Sources */ = {isa = PBXBuildFile; fileRef = CAF42CDE29EC907F004D7788 /* View+ClearButton.swift */; };
		CAF42CE129EC90CA004D7788 /* AlphanumericTextField.swift in Sources */ = {isa = PBXBuildFile; fileRef = CAF42CE029EC90CA004D7788 /* AlphanumericTextField.swift */; };
		CAF42CE329EC9524004D7788 /* CreateRecipeFlowView.swift in Sources */ = {isa = PBXBuildFile; fileRef = CAF42CE229EC9524004D7788 /* CreateRecipeFlowView.swift */; };
		CAF42CE529EC9548004D7788 /* Navigable.swift in Sources */ = {isa = PBXBuildFile; fileRef = CAF42CE429EC9548004D7788 /* Navigable.swift */; };
		CAF42CE729EC9561004D7788 /* Completable.swift in Sources */ = {isa = PBXBuildFile; fileRef = CAF42CE629EC9561004D7788 /* Completable.swift */; };
		CAF42CED29EC98A1004D7788 /* Screen.swift in Sources */ = {isa = PBXBuildFile; fileRef = CAF42CEC29EC98A1004D7788 /* Screen.swift */; };
		CAF42CF129EC98E4004D7788 /* RecipeRepositoryImp.swift in Sources */ = {isa = PBXBuildFile; fileRef = CAF42CF029EC98E4004D7788 /* RecipeRepositoryImp.swift */; };
		CAF42CF329EC9906004D7788 /* RecipeRepository.swift in Sources */ = {isa = PBXBuildFile; fileRef = CAF42CF229EC9906004D7788 /* RecipeRepository.swift */; };
		CAF42CF529EC9D4D004D7788 /* CreateRecipeBrewMethodSelection.swift in Sources */ = {isa = PBXBuildFile; fileRef = CAF42CF429EC9D4D004D7788 /* CreateRecipeBrewMethodSelection.swift */; };
		CAF54BF42A36525C0033A43F /* GetRatiosUseCase.swift in Sources */ = {isa = PBXBuildFile; fileRef = CAF54BF32A36525C0033A43F /* GetRatiosUseCase.swift */; };
		CAF54BF72A3652970033A43F /* GetRatiosUseCaseImpTests.swift in Sources */ = {isa = PBXBuildFile; fileRef = CAF54BF62A3652970033A43F /* GetRatiosUseCaseImpTests.swift */; };
/* End PBXBuildFile section */

/* Begin PBXContainerItemProxy section */
		CA367D3F29A2B0380095B1B8 /* PBXContainerItemProxy */ = {
			isa = PBXContainerItemProxy;
			containerPortal = CA367D2629A2B0370095B1B8 /* Project object */;
			proxyType = 1;
			remoteGlobalIDString = CA367D2D29A2B0370095B1B8;
			remoteInfo = CoffeeTimer;
		};
		CA367D4929A2B0380095B1B8 /* PBXContainerItemProxy */ = {
			isa = PBXContainerItemProxy;
			containerPortal = CA367D2629A2B0370095B1B8 /* Project object */;
			proxyType = 1;
			remoteGlobalIDString = CA367D2D29A2B0370095B1B8;
			remoteInfo = CoffeeTimer;
		};
/* End PBXContainerItemProxy section */

/* Begin PBXFileReference section */
		CA02D0D72A255A440012EE87 /* MockRecipeMapper.swift */ = {isa = PBXFileReference; lastKnownFileType = sourcecode.swift; path = MockRecipeMapper.swift; sourceTree = "<group>"; };
		CA02D0DB2A255A6D0012EE87 /* MockStorage.swift */ = {isa = PBXFileReference; lastKnownFileType = sourcecode.swift; path = MockStorage.swift; sourceTree = "<group>"; };
		CA17289329EB4B9F000F867B /* NumericTextField.swift */ = {isa = PBXFileReference; lastKnownFileType = sourcecode.swift; path = NumericTextField.swift; sourceTree = "<group>"; };
		CA17289529EB4CA8000F867B /* View+Responder.swift */ = {isa = PBXFileReference; lastKnownFileType = sourcecode.swift; path = "View+Responder.swift"; sourceTree = "<group>"; };
		CA17289829EB4CD1000F867B /* CoffeeToWaterRatio.swift */ = {isa = PBXFileReference; lastKnownFileType = sourcecode.swift; path = CoffeeToWaterRatio.swift; sourceTree = "<group>"; };
		CA17289C29EB5097000F867B /* CreateRecipeCoffeeWaterSelection.swift */ = {isa = PBXFileReference; lastKnownFileType = sourcecode.swift; path = CreateRecipeCoffeeWaterSelection.swift; sourceTree = "<group>"; };
		CA17289E29EB58F1000F867B /* CreateRecipeProfileSelection.swift */ = {isa = PBXFileReference; lastKnownFileType = sourcecode.swift; path = CreateRecipeProfileSelection.swift; sourceTree = "<group>"; };
		CA180AF929DB67130056D435 /* CreateV60SingleCupRecipeUseCase.swift */ = {isa = PBXFileReference; lastKnownFileType = sourcecode.swift; path = CreateV60SingleCupRecipeUseCase.swift; sourceTree = "<group>"; };
		CA2D8BE12A02F3AA00BA2899 /* CreateRecipeContext.swift */ = {isa = PBXFileReference; lastKnownFileType = sourcecode.swift; path = CreateRecipeContext.swift; sourceTree = "<group>"; };
		CA367D2E29A2B0370095B1B8 /* CoffeeTimer.app */ = {isa = PBXFileReference; explicitFileType = wrapper.application; includeInIndex = 0; path = CoffeeTimer.app; sourceTree = BUILT_PRODUCTS_DIR; };
		CA367D3129A2B0370095B1B8 /* CoffeeTimerApp.swift */ = {isa = PBXFileReference; lastKnownFileType = sourcecode.swift; path = CoffeeTimerApp.swift; sourceTree = "<group>"; };
		CA367D3529A2B0380095B1B8 /* Assets.xcassets */ = {isa = PBXFileReference; lastKnownFileType = folder.assetcatalog; path = Assets.xcassets; sourceTree = "<group>"; };
		CA367D3829A2B0380095B1B8 /* Preview Assets.xcassets */ = {isa = PBXFileReference; lastKnownFileType = folder.assetcatalog; path = "Preview Assets.xcassets"; sourceTree = "<group>"; };
		CA367D3E29A2B0380095B1B8 /* CoffeeTimerTests.xctest */ = {isa = PBXFileReference; explicitFileType = wrapper.cfbundle; includeInIndex = 0; path = CoffeeTimerTests.xctest; sourceTree = BUILT_PRODUCTS_DIR; };
		CA367D4829A2B0380095B1B8 /* CoffeeTimerUITests.xctest */ = {isa = PBXFileReference; explicitFileType = wrapper.cfbundle; includeInIndex = 0; path = CoffeeTimerUITests.xctest; sourceTree = BUILT_PRODUCTS_DIR; };
		CA3CA4AE2A1AA20B00C76E28 /* RecipeMapper.swift */ = {isa = PBXFileReference; lastKnownFileType = sourcecode.swift; path = RecipeMapper.swift; sourceTree = "<group>"; };
		CA3CA4B02A1AA22600C76E28 /* RecipeMapperTests.swift */ = {isa = PBXFileReference; lastKnownFileType = sourcecode.swift; path = RecipeMapperTests.swift; sourceTree = "<group>"; };
		CA4758DE2A0C2D440022BC7D /* RecipesView.swift */ = {isa = PBXFileReference; lastKnownFileType = sourcecode.swift; path = RecipesView.swift; sourceTree = "<group>"; };
		CA4758E02A0C3A200022BC7D /* RecipeProfileRowView.swift */ = {isa = PBXFileReference; lastKnownFileType = sourcecode.swift; path = RecipeProfileRowView.swift; sourceTree = "<group>"; };
		CA4758E32A0C3C5C0022BC7D /* RecipesFlowView.swift */ = {isa = PBXFileReference; lastKnownFileType = sourcecode.swift; path = RecipesFlowView.swift; sourceTree = "<group>"; };
		CA5A7D0E2A0EBA7400C7EC04 /* DTOs.swift */ = {isa = PBXFileReference; lastKnownFileType = sourcecode.swift; path = DTOs.swift; sourceTree = "<group>"; };
		CA5CA81829EB662F001E384D /* View+Background.swift */ = {isa = PBXFileReference; lastKnownFileType = sourcecode.swift; path = "View+Background.swift"; sourceTree = "<group>"; };
		CA5E907C29D61AED00A78CF2 /* Entities.swift */ = {isa = PBXFileReference; lastKnownFileType = sourcecode.swift; path = Entities.swift; sourceTree = "<group>"; };
		CA6263B72A250F00003E167D /* Storage.swift */ = {isa = PBXFileReference; lastKnownFileType = sourcecode.swift; path = Storage.swift; sourceTree = "<group>"; };
		CA6263BA2A25492D003E167D /* DTOs+Stub.swift */ = {isa = PBXFileReference; lastKnownFileType = sourcecode.swift; path = "DTOs+Stub.swift"; sourceTree = "<group>"; };
		CA6263BE2A25499A003E167D /* Entities+Stub.swift */ = {isa = PBXFileReference; lastKnownFileType = sourcecode.swift; path = "Entities+Stub.swift"; sourceTree = "<group>"; };
		CA6263C02A254C78003E167D /* TitleStorage.swift */ = {isa = PBXFileReference; lastKnownFileType = sourcecode.swift; path = TitleStorage.swift; sourceTree = "<group>"; };
		CA6263C42A254E97003E167D /* Entities+Identifiable.swift */ = {isa = PBXFileReference; lastKnownFileType = sourcecode.swift; path = "Entities+Identifiable.swift"; sourceTree = "<group>"; };
		CA6263C62A254EB3003E167D /* Color+HexString.swift */ = {isa = PBXFileReference; lastKnownFileType = sourcecode.swift; path = "Color+HexString.swift"; sourceTree = "<group>"; };
		CA6263C82A254F67003E167D /* ProfileIconStorage.swift */ = {isa = PBXFileReference; lastKnownFileType = sourcecode.swift; path = ProfileIconStorage.swift; sourceTree = "<group>"; };
		CA6263CC2A25502C003E167D /* BrewMethodStorage.swift */ = {isa = PBXFileReference; lastKnownFileType = sourcecode.swift; path = BrewMethodStorage.swift; sourceTree = "<group>"; };
		CA6263CE2A2551B5003E167D /* MockStore.swift */ = {isa = PBXFileReference; lastKnownFileType = sourcecode.swift; path = MockStore.swift; sourceTree = "<group>"; };
		CA6263D02A255266003E167D /* RecipeProfile+UserDefined.swift */ = {isa = PBXFileReference; lastKnownFileType = sourcecode.swift; path = "RecipeProfile+UserDefined.swift"; sourceTree = "<group>"; };
		CA77908C2A06A39900BEA142 /* String+Filter.swift */ = {isa = PBXFileReference; lastKnownFileType = sourcecode.swift; path = "String+Filter.swift"; sourceTree = "<group>"; };
		CA77908E2A06DB3C00BEA142 /* LeadingText.swift */ = {isa = PBXFileReference; lastKnownFileType = sourcecode.swift; path = LeadingText.swift; sourceTree = "<group>"; };
		CA7790922A06DB5300BEA142 /* TitledContent.swift */ = {isa = PBXFileReference; lastKnownFileType = sourcecode.swift; path = TitledContent.swift; sourceTree = "<group>"; };
		CA7790942A06E39000BEA142 /* CreateRecipeFromContextUseCaseImpTests.swift */ = {isa = PBXFileReference; lastKnownFileType = sourcecode.swift; path = CreateRecipeFromContextUseCaseImpTests.swift; sourceTree = "<group>"; };
		CA7790982A06F34100BEA142 /* CreateV60SingleCupContextToInputMapperImpTests.swift */ = {isa = PBXFileReference; lastKnownFileType = sourcecode.swift; path = CreateV60SingleCupContextToInputMapperImpTests.swift; sourceTree = "<group>"; };
		CA77909A2A06F35A00BEA142 /* CreateV60ContextToInputMapper.swift */ = {isa = PBXFileReference; lastKnownFileType = sourcecode.swift; path = CreateV60ContextToInputMapper.swift; sourceTree = "<group>"; };
		CA77909C2A06F37700BEA142 /* CreateRecipeFromContextUseCase.swift */ = {isa = PBXFileReference; lastKnownFileType = sourcecode.swift; path = CreateRecipeFromContextUseCase.swift; sourceTree = "<group>"; };
		CA7790A02A06F3BB00BEA142 /* Equatable.swift */ = {isa = PBXFileReference; lastKnownFileType = sourcecode.swift; path = Equatable.swift; sourceTree = "<group>"; };
		CA7790A52A06F3FA00BEA142 /* MockCreateV60SingleCupRecipeUseCase.swift */ = {isa = PBXFileReference; lastKnownFileType = sourcecode.swift; path = MockCreateV60SingleCupRecipeUseCase.swift; sourceTree = "<group>"; };
		CA7790A72A06F40F00BEA142 /* MockCreateV60SingleCupContextToInputMapper.swift */ = {isa = PBXFileReference; lastKnownFileType = sourcecode.swift; path = MockCreateV60SingleCupContextToInputMapper.swift; sourceTree = "<group>"; };
		CA7B804429BFA9E6007D3DFC /* CountdownTimer.swift */ = {isa = PBXFileReference; lastKnownFileType = sourcecode.swift; path = CountdownTimer.swift; sourceTree = "<group>"; };
		CA7B804629BFAA21007D3DFC /* CountdownTimerImpTests.swift */ = {isa = PBXFileReference; lastKnownFileType = sourcecode.swift; path = CountdownTimerImpTests.swift; sourceTree = "<group>"; };
		CA7B804A29BFABBB007D3DFC /* StageTimerView.swift */ = {isa = PBXFileReference; lastKnownFileType = sourcecode.swift; path = StageTimerView.swift; sourceTree = "<group>"; };
		CA7B804C29BFBD8C007D3DFC /* BrewQueueView.swift */ = {isa = PBXFileReference; lastKnownFileType = sourcecode.swift; path = BrewQueueView.swift; sourceTree = "<group>"; };
		CA8B44422A2563780003EE57 /* Colors.xcassets */ = {isa = PBXFileReference; lastKnownFileType = folder.assetcatalog; path = Colors.xcassets; sourceTree = "<group>"; };
		CA91CEF629E5FA9100E9F5D1 /* AppFlowView.swift */ = {isa = PBXFileReference; lastKnownFileType = sourcecode.swift; path = AppFlowView.swift; sourceTree = "<group>"; };
		CA9BDA202A2CE9530068DFF7 /* CreateV60IcedRecipeUseCase.swift */ = {isa = PBXFileReference; lastKnownFileType = sourcecode.swift; path = CreateV60IcedRecipeUseCase.swift; sourceTree = "<group>"; };
		CA9BDA262A2CE9EC0068DFF7 /* CreateV60IcedRecipeUseCaseImpTests.swift */ = {isa = PBXFileReference; lastKnownFileType = sourcecode.swift; path = CreateV60IcedRecipeUseCaseImpTests.swift; sourceTree = "<group>"; };
		CA9BDA282A2CFD290068DFF7 /* CreateV60RecipeInput.swift */ = {isa = PBXFileReference; lastKnownFileType = sourcecode.swift; path = CreateV60RecipeInput.swift; sourceTree = "<group>"; };
		CA9C7FCD29D9E4A200F2DE30 /* CreateV60SingleCupRecipeUseCaseImpTests.swift */ = {isa = PBXFileReference; lastKnownFileType = sourcecode.swift; path = CreateV60SingleCupRecipeUseCaseImpTests.swift; sourceTree = "<group>"; };
		CAB1925E2A0D6B6500043837 /* RecipeRepositoryImpTests.swift */ = {isa = PBXFileReference; lastKnownFileType = sourcecode.swift; path = RecipeRepositoryImpTests.swift; sourceTree = "<group>"; };
		CAD071E629DCCB000010E561 /* Entities+Stub.swift */ = {isa = PBXFileReference; lastKnownFileType = sourcecode.swift; path = "Entities+Stub.swift"; sourceTree = "<group>"; };
		CAE3944129DE13C0007611F1 /* CreateRecipeView.swift */ = {isa = PBXFileReference; lastKnownFileType = sourcecode.swift; path = CreateRecipeView.swift; sourceTree = "<group>"; };
		CAF42CDE29EC907F004D7788 /* View+ClearButton.swift */ = {isa = PBXFileReference; lastKnownFileType = sourcecode.swift; path = "View+ClearButton.swift"; sourceTree = "<group>"; };
		CAF42CE029EC90CA004D7788 /* AlphanumericTextField.swift */ = {isa = PBXFileReference; lastKnownFileType = sourcecode.swift; path = AlphanumericTextField.swift; sourceTree = "<group>"; };
		CAF42CE229EC9524004D7788 /* CreateRecipeFlowView.swift */ = {isa = PBXFileReference; lastKnownFileType = sourcecode.swift; path = CreateRecipeFlowView.swift; sourceTree = "<group>"; };
		CAF42CE429EC9548004D7788 /* Navigable.swift */ = {isa = PBXFileReference; lastKnownFileType = sourcecode.swift; path = Navigable.swift; sourceTree = "<group>"; };
		CAF42CE629EC9561004D7788 /* Completable.swift */ = {isa = PBXFileReference; lastKnownFileType = sourcecode.swift; path = Completable.swift; sourceTree = "<group>"; };
		CAF42CEC29EC98A1004D7788 /* Screen.swift */ = {isa = PBXFileReference; lastKnownFileType = sourcecode.swift; path = Screen.swift; sourceTree = "<group>"; };
		CAF42CF029EC98E4004D7788 /* RecipeRepositoryImp.swift */ = {isa = PBXFileReference; lastKnownFileType = sourcecode.swift; path = RecipeRepositoryImp.swift; sourceTree = "<group>"; };
		CAF42CF229EC9906004D7788 /* RecipeRepository.swift */ = {isa = PBXFileReference; lastKnownFileType = sourcecode.swift; path = RecipeRepository.swift; sourceTree = "<group>"; };
		CAF42CF429EC9D4D004D7788 /* CreateRecipeBrewMethodSelection.swift */ = {isa = PBXFileReference; lastKnownFileType = sourcecode.swift; path = CreateRecipeBrewMethodSelection.swift; sourceTree = "<group>"; };
		CAF54BF32A36525C0033A43F /* GetRatiosUseCase.swift */ = {isa = PBXFileReference; lastKnownFileType = sourcecode.swift; path = GetRatiosUseCase.swift; sourceTree = "<group>"; };
		CAF54BF62A3652970033A43F /* GetRatiosUseCaseImpTests.swift */ = {isa = PBXFileReference; lastKnownFileType = sourcecode.swift; path = GetRatiosUseCaseImpTests.swift; sourceTree = "<group>"; };
/* End PBXFileReference section */

/* Begin PBXFrameworksBuildPhase section */
		CA367D2B29A2B0370095B1B8 /* Frameworks */ = {
			isa = PBXFrameworksBuildPhase;
			buildActionMask = 2147483647;
			files = (
			);
			runOnlyForDeploymentPostprocessing = 0;
		};
		CA367D3B29A2B0380095B1B8 /* Frameworks */ = {
			isa = PBXFrameworksBuildPhase;
			buildActionMask = 2147483647;
			files = (
			);
			runOnlyForDeploymentPostprocessing = 0;
		};
		CA367D4529A2B0380095B1B8 /* Frameworks */ = {
			isa = PBXFrameworksBuildPhase;
			buildActionMask = 2147483647;
			files = (
			);
			runOnlyForDeploymentPostprocessing = 0;
		};
/* End PBXFrameworksBuildPhase section */

/* Begin PBXGroup section */
		CA02D0D62A255A360012EE87 /* Repository */ = {
			isa = PBXGroup;
			children = (
				CA02D0DA2A255A650012EE87 /* Storage */,
				CA02D0D92A255A530012EE87 /* Recipe */,
			);
			path = Repository;
			sourceTree = "<group>";
		};
		CA02D0D92A255A530012EE87 /* Recipe */ = {
			isa = PBXGroup;
			children = (
				CA02D0D72A255A440012EE87 /* MockRecipeMapper.swift */,
			);
			path = Recipe;
			sourceTree = "<group>";
		};
		CA02D0DA2A255A650012EE87 /* Storage */ = {
			isa = PBXGroup;
			children = (
				CA02D0DB2A255A6D0012EE87 /* MockStorage.swift */,
			);
			path = Storage;
			sourceTree = "<group>";
		};
		CA17289229EB4B90000F867B /* Views */ = {
			isa = PBXGroup;
			children = (
				CA17289329EB4B9F000F867B /* NumericTextField.swift */,
				CAF42CE029EC90CA004D7788 /* AlphanumericTextField.swift */,
				CA77908E2A06DB3C00BEA142 /* LeadingText.swift */,
				CA7790922A06DB5300BEA142 /* TitledContent.swift */,
			);
			path = Views;
			sourceTree = "<group>";
		};
		CA17289729EB4CC9000F867B /* Models */ = {
			isa = PBXGroup;
			children = (
				CA17289829EB4CD1000F867B /* CoffeeToWaterRatio.swift */,
				CAF42CE629EC9561004D7788 /* Completable.swift */,
				CAF42CE429EC9548004D7788 /* Navigable.swift */,
			);
			path = Models;
			sourceTree = "<group>";
		};
		CA367D2529A2B0370095B1B8 = {
			isa = PBXGroup;
			children = (
				CA367D3029A2B0370095B1B8 /* CoffeeTimer */,
				CA367D4129A2B0380095B1B8 /* CoffeeTimerTests */,
				CA367D2F29A2B0370095B1B8 /* Products */,
			);
			sourceTree = "<group>";
		};
		CA367D2F29A2B0370095B1B8 /* Products */ = {
			isa = PBXGroup;
			children = (
				CA367D2E29A2B0370095B1B8 /* CoffeeTimer.app */,
				CA367D3E29A2B0380095B1B8 /* CoffeeTimerTests.xctest */,
				CA367D4829A2B0380095B1B8 /* CoffeeTimerUITests.xctest */,
			);
			name = Products;
			sourceTree = "<group>";
		};
		CA367D3029A2B0370095B1B8 /* CoffeeTimer */ = {
			isa = PBXGroup;
			children = (
				CA5E907529D61A5F00A78CF2 /* Application */,
				CA5E907829D61AA400A78CF2 /* Domain */,
				CA981F822A2695D8000254CD /* iOS */,
				CA367D3729A2B0380095B1B8 /* Preview Content */,
				CAF42CEE29EC98BF004D7788 /* Repository */,
			);
			path = CoffeeTimer;
			sourceTree = "<group>";
		};
		CA367D3729A2B0380095B1B8 /* Preview Content */ = {
			isa = PBXGroup;
			children = (
				CA6263BE2A25499A003E167D /* Entities+Stub.swift */,
				CA367D3829A2B0380095B1B8 /* Preview Assets.xcassets */,
			);
			path = "Preview Content";
			sourceTree = "<group>";
		};
		CA367D4129A2B0380095B1B8 /* CoffeeTimerTests */ = {
			isa = PBXGroup;
			children = (
				CA7790A32A06F3DD00BEA142 /* Mock */,
				CA7790A22A06F3D500BEA142 /* Source */,
				CA77909E2A06F3A400BEA142 /* Test Utils */,
			);
			path = CoffeeTimerTests;
			sourceTree = "<group>";
		};
		CA3CA4A92A1A803600C76E28 /* Recipe */ = {
			isa = PBXGroup;
			children = (
				CAB1925E2A0D6B6500043837 /* RecipeRepositoryImpTests.swift */,
				CA3CA4B02A1AA22600C76E28 /* RecipeMapperTests.swift */,
			);
			path = Recipe;
			sourceTree = "<group>";
		};
		CA4758DB2A0C2CF20022BC7D /* Recipes */ = {
			isa = PBXGroup;
			children = (
				CA4758DE2A0C2D440022BC7D /* RecipesView.swift */,
				CA4758E02A0C3A200022BC7D /* RecipeProfileRowView.swift */,
			);
			path = Recipes;
			sourceTree = "<group>";
		};
		CA5A7D0D2A0EBA6900C7EC04 /* DTO */ = {
			isa = PBXGroup;
			children = (
				CA5A7D0E2A0EBA7400C7EC04 /* DTOs.swift */,
			);
			path = DTO;
			sourceTree = "<group>";
		};
		CA5E907529D61A5F00A78CF2 /* Application */ = {
			isa = PBXGroup;
			children = (
				CA9BDA1E2A2CDCA30068DFF7 /* UseCases */,
				CA9BDA1D2A2CDC9E0068DFF7 /* Timer */,
			);
			path = Application;
			sourceTree = "<group>";
		};
		CA5E907629D61A6B00A78CF2 /* Application */ = {
			isa = PBXGroup;
			children = (
				CA9BDA232A2CE9CA0068DFF7 /* UseCases */,
				CA9BDA222A2CE9C30068DFF7 /* Timer */,
			);
			path = Application;
			sourceTree = "<group>";
		};
		CA5E907829D61AA400A78CF2 /* Domain */ = {
			isa = PBXGroup;
			children = (
				CA5E907C29D61AED00A78CF2 /* Entities.swift */,
				CAF42CF229EC9906004D7788 /* RecipeRepository.swift */,
			);
			path = Domain;
			sourceTree = "<group>";
		};
		CA6263B62A250EDD003E167D /* Storage */ = {
			isa = PBXGroup;
			children = (
				CA6263B72A250F00003E167D /* Storage.swift */,
			);
			path = Storage;
			sourceTree = "<group>";
		};
		CA6263B92A2548F9003E167D /* Extension */ = {
			isa = PBXGroup;
			children = (
				CAD071E629DCCB000010E561 /* Entities+Stub.swift */,
				CA6263BA2A25492D003E167D /* DTOs+Stub.swift */,
			);
			path = Extension;
			sourceTree = "<group>";
		};
		CA6263C32A254D22003E167D /* Utils */ = {
			isa = PBXGroup;
			children = (
				CA6263C02A254C78003E167D /* TitleStorage.swift */,
				CA6263C82A254F67003E167D /* ProfileIconStorage.swift */,
				CA6263CC2A25502C003E167D /* BrewMethodStorage.swift */,
			);
			path = Utils;
			sourceTree = "<group>";
		};
		CA711D402A64302A00C21E41 /* CreateRecipe */ = {
			isa = PBXGroup;
			children = (
				CA9C7FCD29D9E4A200F2DE30 /* CreateV60SingleCupRecipeUseCaseImpTests.swift */,
				CA7790942A06E39000BEA142 /* CreateRecipeFromContextUseCaseImpTests.swift */,
				CA7790982A06F34100BEA142 /* CreateV60SingleCupContextToInputMapperImpTests.swift */,
				CA9BDA262A2CE9EC0068DFF7 /* CreateV60IcedRecipeUseCaseImpTests.swift */,
			);
			path = CreateRecipe;
			sourceTree = "<group>";
		};
		CA77909E2A06F3A400BEA142 /* Test Utils */ = {
			isa = PBXGroup;
			children = (
				CA77909F2A06F3AB00BEA142 /* Extensions */,
				CA6263CE2A2551B5003E167D /* MockStore.swift */,
			);
			path = "Test Utils";
			sourceTree = "<group>";
		};
		CA77909F2A06F3AB00BEA142 /* Extensions */ = {
			isa = PBXGroup;
			children = (
				CA7790A02A06F3BB00BEA142 /* Equatable.swift */,
			);
			path = Extensions;
			sourceTree = "<group>";
		};
		CA7790A22A06F3D500BEA142 /* Source */ = {
			isa = PBXGroup;
			children = (
				CAB1925B2A0D6B4400043837 /* Repository */,
				CA5E907629D61A6B00A78CF2 /* Application */,
			);
			path = Source;
			sourceTree = "<group>";
		};
		CA7790A32A06F3DD00BEA142 /* Mock */ = {
			isa = PBXGroup;
			children = (
				CA02D0D62A255A360012EE87 /* Repository */,
				CA6263B92A2548F9003E167D /* Extension */,
				CA7790A42A06F3F100BEA142 /* Application */,
			);
			path = Mock;
			sourceTree = "<group>";
		};
		CA7790A42A06F3F100BEA142 /* Application */ = {
			isa = PBXGroup;
			children = (
				CA7790A52A06F3FA00BEA142 /* MockCreateV60SingleCupRecipeUseCase.swift */,
				CA7790A72A06F40F00BEA142 /* MockCreateV60SingleCupContextToInputMapper.swift */,
			);
			path = Application;
			sourceTree = "<group>";
		};
		CA7B804929BFABA8007D3DFC /* Scene */ = {
			isa = PBXGroup;
			children = (
				CA91CEF429E5FA7D00E9F5D1 /* Flow */,
				CAF42CE929EC9821004D7788 /* BrewQueue */,
				CAF42CEA29EC9842004D7788 /* CreateRecipe */,
				CA4758DB2A0C2CF20022BC7D /* Recipes */,
			);
			path = Scene;
			sourceTree = "<group>";
		};
		CA91CEF429E5FA7D00E9F5D1 /* Flow */ = {
			isa = PBXGroup;
			children = (
				CAF42CEC29EC98A1004D7788 /* Screen.swift */,
				CA91CEF629E5FA9100E9F5D1 /* AppFlowView.swift */,
				CAF42CE229EC9524004D7788 /* CreateRecipeFlowView.swift */,
				CA4758E32A0C3C5C0022BC7D /* RecipesFlowView.swift */,
			);
			path = Flow;
			sourceTree = "<group>";
		};
		CA981F822A2695D8000254CD /* iOS */ = {
			isa = PBXGroup;
			children = (
				CA367D3129A2B0370095B1B8 /* CoffeeTimerApp.swift */,
				CA981F832A2695E6000254CD /* Resources */,
				CA7B804929BFABA8007D3DFC /* Scene */,
				CA17289229EB4B90000F867B /* Views */,
				CAD071E329DCCAD60010E561 /* Extensions */,
				CA17289729EB4CC9000F867B /* Models */,
				CAF42CEB29EC9867004D7788 /* ViewModifiers */,
			);
			path = iOS;
			sourceTree = "<group>";
		};
		CA981F832A2695E6000254CD /* Resources */ = {
			isa = PBXGroup;
			children = (
				CA8B44422A2563780003EE57 /* Colors.xcassets */,
				CA367D3529A2B0380095B1B8 /* Assets.xcassets */,
			);
			path = Resources;
			sourceTree = "<group>";
		};
		CA9BDA1D2A2CDC9E0068DFF7 /* Timer */ = {
			isa = PBXGroup;
			children = (
				CA7B804429BFA9E6007D3DFC /* CountdownTimer.swift */,
			);
			path = Timer;
			sourceTree = "<group>";
		};
		CA9BDA1E2A2CDCA30068DFF7 /* UseCases */ = {
			isa = PBXGroup;
			children = (
				CAF54BF22A3652000033A43F /* GetRatios */,
				CAF54BF02A3651D00033A43F /* CreateRecipe */,
			);
			path = UseCases;
			sourceTree = "<group>";
		};
		CA9BDA222A2CE9C30068DFF7 /* Timer */ = {
			isa = PBXGroup;
			children = (
				CA7B804629BFAA21007D3DFC /* CountdownTimerImpTests.swift */,
			);
			path = Timer;
			sourceTree = "<group>";
		};
		CA9BDA232A2CE9CA0068DFF7 /* UseCases */ = {
			isa = PBXGroup;
			children = (
				CA711D402A64302A00C21E41 /* CreateRecipe */,
				CAF54BF52A3652810033A43F /* GetRatios */,
			);
			path = UseCases;
			sourceTree = "<group>";
		};
		CAB1925B2A0D6B4400043837 /* Repository */ = {
			isa = PBXGroup;
			children = (
				CA3CA4A92A1A803600C76E28 /* Recipe */,
			);
			path = Repository;
			sourceTree = "<group>";
		};
		CAD071E329DCCAD60010E561 /* Extensions */ = {
			isa = PBXGroup;
			children = (
				CA17289529EB4CA8000F867B /* View+Responder.swift */,
				CA77908C2A06A39900BEA142 /* String+Filter.swift */,
				CA6263C42A254E97003E167D /* Entities+Identifiable.swift */,
				CA6263C62A254EB3003E167D /* Color+HexString.swift */,
				CA6263D02A255266003E167D /* RecipeProfile+UserDefined.swift */,
			);
			path = Extensions;
			sourceTree = "<group>";
		};
		CAF42CE929EC9821004D7788 /* BrewQueue */ = {
			isa = PBXGroup;
			children = (
				CA7B804A29BFABBB007D3DFC /* StageTimerView.swift */,
				CA7B804C29BFBD8C007D3DFC /* BrewQueueView.swift */,
			);
			path = BrewQueue;
			sourceTree = "<group>";
		};
		CAF42CEA29EC9842004D7788 /* CreateRecipe */ = {
			isa = PBXGroup;
			children = (
				CA6263C32A254D22003E167D /* Utils */,
				CA17289C29EB5097000F867B /* CreateRecipeCoffeeWaterSelection.swift */,
				CA17289E29EB58F1000F867B /* CreateRecipeProfileSelection.swift */,
				CAE3944129DE13C0007611F1 /* CreateRecipeView.swift */,
				CAF42CF429EC9D4D004D7788 /* CreateRecipeBrewMethodSelection.swift */,
				CA2D8BE12A02F3AA00BA2899 /* CreateRecipeContext.swift */,
			);
			path = CreateRecipe;
			sourceTree = "<group>";
		};
		CAF42CEB29EC9867004D7788 /* ViewModifiers */ = {
			isa = PBXGroup;
			children = (
				CAF42CDE29EC907F004D7788 /* View+ClearButton.swift */,
				CA5CA81829EB662F001E384D /* View+Background.swift */,
			);
			path = ViewModifiers;
			sourceTree = "<group>";
		};
		CAF42CEE29EC98BF004D7788 /* Repository */ = {
			isa = PBXGroup;
			children = (
				CA6263B62A250EDD003E167D /* Storage */,
				CA5A7D0D2A0EBA6900C7EC04 /* DTO */,
				CAF42CEF29EC98D8004D7788 /* Recipe */,
			);
			path = Repository;
			sourceTree = "<group>";
		};
		CAF42CEF29EC98D8004D7788 /* Recipe */ = {
			isa = PBXGroup;
			children = (
				CAF42CF029EC98E4004D7788 /* RecipeRepositoryImp.swift */,
				CA3CA4AE2A1AA20B00C76E28 /* RecipeMapper.swift */,
			);
			path = Recipe;
			sourceTree = "<group>";
		};
		CAF54BF02A3651D00033A43F /* CreateRecipe */ = {
			isa = PBXGroup;
			children = (
				CA9BDA202A2CE9530068DFF7 /* CreateV60IcedRecipeUseCase.swift */,
				CA180AF929DB67130056D435 /* CreateV60SingleCupRecipeUseCase.swift */,
				CA77909A2A06F35A00BEA142 /* CreateV60ContextToInputMapper.swift */,
				CA77909C2A06F37700BEA142 /* CreateRecipeFromContextUseCase.swift */,
				CA9BDA282A2CFD290068DFF7 /* CreateV60RecipeInput.swift */,
			);
			path = CreateRecipe;
			sourceTree = "<group>";
		};
		CAF54BF22A3652000033A43F /* GetRatios */ = {
			isa = PBXGroup;
			children = (
				CAF54BF32A36525C0033A43F /* GetRatiosUseCase.swift */,
			);
			path = GetRatios;
			sourceTree = "<group>";
		};
		CAF54BF52A3652810033A43F /* GetRatios */ = {
			isa = PBXGroup;
			children = (
				CAF54BF62A3652970033A43F /* GetRatiosUseCaseImpTests.swift */,
			);
			path = GetRatios;
			sourceTree = "<group>";
		};
/* End PBXGroup section */

/* Begin PBXNativeTarget section */
		CA367D2D29A2B0370095B1B8 /* CoffeeTimer */ = {
			isa = PBXNativeTarget;
			buildConfigurationList = CA367D5229A2B0380095B1B8 /* Build configuration list for PBXNativeTarget "CoffeeTimer" */;
			buildPhases = (
				CA367D2A29A2B0370095B1B8 /* Sources */,
				CA367D2B29A2B0370095B1B8 /* Frameworks */,
				CA367D2C29A2B0370095B1B8 /* Resources */,
			);
			buildRules = (
			);
			dependencies = (
			);
			name = CoffeeTimer;
			productName = CoffeeTimer;
			productReference = CA367D2E29A2B0370095B1B8 /* CoffeeTimer.app */;
			productType = "com.apple.product-type.application";
		};
		CA367D3D29A2B0380095B1B8 /* CoffeeTimerTests */ = {
			isa = PBXNativeTarget;
			buildConfigurationList = CA367D5529A2B0380095B1B8 /* Build configuration list for PBXNativeTarget "CoffeeTimerTests" */;
			buildPhases = (
				CA367D3A29A2B0380095B1B8 /* Sources */,
				CA367D3B29A2B0380095B1B8 /* Frameworks */,
				CA367D3C29A2B0380095B1B8 /* Resources */,
			);
			buildRules = (
			);
			dependencies = (
				CA367D4029A2B0380095B1B8 /* PBXTargetDependency */,
			);
			name = CoffeeTimerTests;
			productName = CoffeeTimerTests;
			productReference = CA367D3E29A2B0380095B1B8 /* CoffeeTimerTests.xctest */;
			productType = "com.apple.product-type.bundle.unit-test";
		};
		CA367D4729A2B0380095B1B8 /* CoffeeTimerUITests */ = {
			isa = PBXNativeTarget;
			buildConfigurationList = CA367D5829A2B0380095B1B8 /* Build configuration list for PBXNativeTarget "CoffeeTimerUITests" */;
			buildPhases = (
				CA367D4429A2B0380095B1B8 /* Sources */,
				CA367D4529A2B0380095B1B8 /* Frameworks */,
				CA367D4629A2B0380095B1B8 /* Resources */,
			);
			buildRules = (
			);
			dependencies = (
				CA367D4A29A2B0380095B1B8 /* PBXTargetDependency */,
			);
			name = CoffeeTimerUITests;
			productName = CoffeeTimerUITests;
			productReference = CA367D4829A2B0380095B1B8 /* CoffeeTimerUITests.xctest */;
			productType = "com.apple.product-type.bundle.ui-testing";
		};
/* End PBXNativeTarget section */

/* Begin PBXProject section */
		CA367D2629A2B0370095B1B8 /* Project object */ = {
			isa = PBXProject;
			attributes = {
				BuildIndependentTargetsInParallel = 1;
				LastSwiftUpdateCheck = 1400;
				LastUpgradeCheck = 1400;
				TargetAttributes = {
					CA367D2D29A2B0370095B1B8 = {
						CreatedOnToolsVersion = 14.0.1;
					};
					CA367D3D29A2B0380095B1B8 = {
						CreatedOnToolsVersion = 14.0.1;
						TestTargetID = CA367D2D29A2B0370095B1B8;
					};
					CA367D4729A2B0380095B1B8 = {
						CreatedOnToolsVersion = 14.0.1;
						TestTargetID = CA367D2D29A2B0370095B1B8;
					};
				};
			};
			buildConfigurationList = CA367D2929A2B0370095B1B8 /* Build configuration list for PBXProject "CoffeeTimer" */;
			compatibilityVersion = "Xcode 14.0";
			developmentRegion = en;
			hasScannedForEncodings = 0;
			knownRegions = (
				en,
				Base,
			);
			mainGroup = CA367D2529A2B0370095B1B8;
			productRefGroup = CA367D2F29A2B0370095B1B8 /* Products */;
			projectDirPath = "";
			projectRoot = "";
			targets = (
				CA367D2D29A2B0370095B1B8 /* CoffeeTimer */,
				CA367D3D29A2B0380095B1B8 /* CoffeeTimerTests */,
				CA367D4729A2B0380095B1B8 /* CoffeeTimerUITests */,
			);
		};
/* End PBXProject section */

/* Begin PBXResourcesBuildPhase section */
		CA367D2C29A2B0370095B1B8 /* Resources */ = {
			isa = PBXResourcesBuildPhase;
			buildActionMask = 2147483647;
			files = (
				CA8B44432A2563780003EE57 /* Colors.xcassets in Resources */,
				CA367D3929A2B0380095B1B8 /* Preview Assets.xcassets in Resources */,
				CA367D3629A2B0380095B1B8 /* Assets.xcassets in Resources */,
			);
			runOnlyForDeploymentPostprocessing = 0;
		};
		CA367D3C29A2B0380095B1B8 /* Resources */ = {
			isa = PBXResourcesBuildPhase;
			buildActionMask = 2147483647;
			files = (
			);
			runOnlyForDeploymentPostprocessing = 0;
		};
		CA367D4629A2B0380095B1B8 /* Resources */ = {
			isa = PBXResourcesBuildPhase;
			buildActionMask = 2147483647;
			files = (
			);
			runOnlyForDeploymentPostprocessing = 0;
		};
/* End PBXResourcesBuildPhase section */

/* Begin PBXSourcesBuildPhase section */
		CA367D2A29A2B0370095B1B8 /* Sources */ = {
			isa = PBXSourcesBuildPhase;
			buildActionMask = 2147483647;
			files = (
				CAF42CE729EC9561004D7788 /* Completable.swift in Sources */,
				CA6263CD2A25502C003E167D /* BrewMethodStorage.swift in Sources */,
				CA3CA4AF2A1AA20B00C76E28 /* RecipeMapper.swift in Sources */,
				CA4758DF2A0C2D440022BC7D /* RecipesView.swift in Sources */,
				CA4758E42A0C3C5C0022BC7D /* RecipesFlowView.swift in Sources */,
				CAF54BF42A36525C0033A43F /* GetRatiosUseCase.swift in Sources */,
				CA9BDA212A2CE9530068DFF7 /* CreateV60IcedRecipeUseCase.swift in Sources */,
				CAE3944229DE13C0007611F1 /* CreateRecipeView.swift in Sources */,
				CA17289629EB4CA8000F867B /* View+Responder.swift in Sources */,
				CA77909D2A06F37700BEA142 /* CreateRecipeFromContextUseCase.swift in Sources */,
				CA91CEF729E5FA9100E9F5D1 /* AppFlowView.swift in Sources */,
				CA7B804529BFA9E7007D3DFC /* CountdownTimer.swift in Sources */,
				CA5A7D0F2A0EBA7400C7EC04 /* DTOs.swift in Sources */,
				CA6263C92A254F67003E167D /* ProfileIconStorage.swift in Sources */,
				CA9BDA292A2CFD290068DFF7 /* CreateV60RecipeInput.swift in Sources */,
				CA180AFA29DB67130056D435 /* CreateV60SingleCupRecipeUseCase.swift in Sources */,
				CA5CA81929EB662F001E384D /* View+Background.swift in Sources */,
				CA367D3229A2B0370095B1B8 /* CoffeeTimerApp.swift in Sources */,
				CA7B804D29BFBD8C007D3DFC /* BrewQueueView.swift in Sources */,
				CA17289929EB4CD1000F867B /* CoffeeToWaterRatio.swift in Sources */,
				CAF42CDF29EC907F004D7788 /* View+ClearButton.swift in Sources */,
				CA17289429EB4B9F000F867B /* NumericTextField.swift in Sources */,
				CA7B804B29BFABBB007D3DFC /* StageTimerView.swift in Sources */,
				CAF42CED29EC98A1004D7788 /* Screen.swift in Sources */,
				CA6263B82A250F00003E167D /* Storage.swift in Sources */,
				CA6263C52A254E97003E167D /* Entities+Identifiable.swift in Sources */,
				CA6263C72A254EB3003E167D /* Color+HexString.swift in Sources */,
				CA6263BF2A25499A003E167D /* Entities+Stub.swift in Sources */,
				CA4758E12A0C3A200022BC7D /* RecipeProfileRowView.swift in Sources */,
				CA17289D29EB5097000F867B /* CreateRecipeCoffeeWaterSelection.swift in Sources */,
				CAF42CE529EC9548004D7788 /* Navigable.swift in Sources */,
				CA5E907D29D61AED00A78CF2 /* Entities.swift in Sources */,
				CA77908F2A06DB3C00BEA142 /* LeadingText.swift in Sources */,
				CAF42CF329EC9906004D7788 /* RecipeRepository.swift in Sources */,
				CA77908D2A06A39900BEA142 /* String+Filter.swift in Sources */,
				CA6263C12A254C78003E167D /* TitleStorage.swift in Sources */,
				CAF42CF529EC9D4D004D7788 /* CreateRecipeBrewMethodSelection.swift in Sources */,
				CAF42CF129EC98E4004D7788 /* RecipeRepositoryImp.swift in Sources */,
				CA7790932A06DB5300BEA142 /* TitledContent.swift in Sources */,
				CAF42CE129EC90CA004D7788 /* AlphanumericTextField.swift in Sources */,
				CAF42CE329EC9524004D7788 /* CreateRecipeFlowView.swift in Sources */,
				CA77909B2A06F35A00BEA142 /* CreateV60ContextToInputMapper.swift in Sources */,
				CA17289F29EB58F1000F867B /* CreateRecipeProfileSelection.swift in Sources */,
				CA6263D12A255266003E167D /* RecipeProfile+UserDefined.swift in Sources */,
				CA2D8BE22A02F3AA00BA2899 /* CreateRecipeContext.swift in Sources */,
			);
			runOnlyForDeploymentPostprocessing = 0;
		};
		CA367D3A29A2B0380095B1B8 /* Sources */ = {
			isa = PBXSourcesBuildPhase;
			buildActionMask = 2147483647;
			files = (
				CA7B804729BFAA21007D3DFC /* CountdownTimerImpTests.swift in Sources */,
				CA02D0DC2A255A6D0012EE87 /* MockStorage.swift in Sources */,
				CA9BDA272A2CE9EC0068DFF7 /* CreateV60IcedRecipeUseCaseImpTests.swift in Sources */,
				CA6263BB2A25492D003E167D /* DTOs+Stub.swift in Sources */,
				CAF54BF72A3652970033A43F /* GetRatiosUseCaseImpTests.swift in Sources */,
				CAB1925F2A0D6B6500043837 /* RecipeRepositoryImpTests.swift in Sources */,
				CA7790952A06E39000BEA142 /* CreateRecipeFromContextUseCaseImpTests.swift in Sources */,
				CA9C7FCE29D9E4A200F2DE30 /* CreateV60SingleCupRecipeUseCaseImpTests.swift in Sources */,
				CA6263CF2A2551B5003E167D /* MockStore.swift in Sources */,
				CA3CA4B12A1AA22600C76E28 /* RecipeMapperTests.swift in Sources */,
				CA7790A62A06F3FA00BEA142 /* MockCreateV60SingleCupRecipeUseCase.swift in Sources */,
				CA7790A12A06F3BB00BEA142 /* Equatable.swift in Sources */,
				CA7790A82A06F40F00BEA142 /* MockCreateV60SingleCupContextToInputMapper.swift in Sources */,
				CA6263BC2A254955003E167D /* Entities+Stub.swift in Sources */,
				CA7790992A06F34100BEA142 /* CreateV60SingleCupContextToInputMapperImpTests.swift in Sources */,
				CA02D0D82A255A440012EE87 /* MockRecipeMapper.swift in Sources */,
			);
			runOnlyForDeploymentPostprocessing = 0;
		};
		CA367D4429A2B0380095B1B8 /* Sources */ = {
			isa = PBXSourcesBuildPhase;
			buildActionMask = 2147483647;
			files = (
			);
			runOnlyForDeploymentPostprocessing = 0;
		};
/* End PBXSourcesBuildPhase section */

/* Begin PBXTargetDependency section */
		CA367D4029A2B0380095B1B8 /* PBXTargetDependency */ = {
			isa = PBXTargetDependency;
			target = CA367D2D29A2B0370095B1B8 /* CoffeeTimer */;
			targetProxy = CA367D3F29A2B0380095B1B8 /* PBXContainerItemProxy */;
		};
		CA367D4A29A2B0380095B1B8 /* PBXTargetDependency */ = {
			isa = PBXTargetDependency;
			target = CA367D2D29A2B0370095B1B8 /* CoffeeTimer */;
			targetProxy = CA367D4929A2B0380095B1B8 /* PBXContainerItemProxy */;
		};
/* End PBXTargetDependency section */

/* Begin XCBuildConfiguration section */
		CA367D5029A2B0380095B1B8 /* Debug */ = {
			isa = XCBuildConfiguration;
			buildSettings = {
				ALWAYS_SEARCH_USER_PATHS = NO;
				CLANG_ANALYZER_NONNULL = YES;
				CLANG_ANALYZER_NUMBER_OBJECT_CONVERSION = YES_AGGRESSIVE;
				CLANG_CXX_LANGUAGE_STANDARD = "gnu++20";
				CLANG_ENABLE_MODULES = YES;
				CLANG_ENABLE_OBJC_ARC = YES;
				CLANG_ENABLE_OBJC_WEAK = YES;
				CLANG_WARN_BLOCK_CAPTURE_AUTORELEASING = YES;
				CLANG_WARN_BOOL_CONVERSION = YES;
				CLANG_WARN_COMMA = YES;
				CLANG_WARN_CONSTANT_CONVERSION = YES;
				CLANG_WARN_DEPRECATED_OBJC_IMPLEMENTATIONS = YES;
				CLANG_WARN_DIRECT_OBJC_ISA_USAGE = YES_ERROR;
				CLANG_WARN_DOCUMENTATION_COMMENTS = YES;
				CLANG_WARN_EMPTY_BODY = YES;
				CLANG_WARN_ENUM_CONVERSION = YES;
				CLANG_WARN_INFINITE_RECURSION = YES;
				CLANG_WARN_INT_CONVERSION = YES;
				CLANG_WARN_NON_LITERAL_NULL_CONVERSION = YES;
				CLANG_WARN_OBJC_IMPLICIT_RETAIN_SELF = YES;
				CLANG_WARN_OBJC_LITERAL_CONVERSION = YES;
				CLANG_WARN_OBJC_ROOT_CLASS = YES_ERROR;
				CLANG_WARN_QUOTED_INCLUDE_IN_FRAMEWORK_HEADER = YES;
				CLANG_WARN_RANGE_LOOP_ANALYSIS = YES;
				CLANG_WARN_STRICT_PROTOTYPES = YES;
				CLANG_WARN_SUSPICIOUS_MOVE = YES;
				CLANG_WARN_UNGUARDED_AVAILABILITY = YES_AGGRESSIVE;
				CLANG_WARN_UNREACHABLE_CODE = YES;
				CLANG_WARN__DUPLICATE_METHOD_MATCH = YES;
				COPY_PHASE_STRIP = NO;
				DEBUG_INFORMATION_FORMAT = dwarf;
				ENABLE_STRICT_OBJC_MSGSEND = YES;
				ENABLE_TESTABILITY = YES;
				GCC_C_LANGUAGE_STANDARD = gnu11;
				GCC_DYNAMIC_NO_PIC = NO;
				GCC_NO_COMMON_BLOCKS = YES;
				GCC_OPTIMIZATION_LEVEL = 0;
				GCC_PREPROCESSOR_DEFINITIONS = (
					"DEBUG=1",
					"$(inherited)",
				);
				GCC_WARN_64_TO_32_BIT_CONVERSION = YES;
				GCC_WARN_ABOUT_RETURN_TYPE = YES_ERROR;
				GCC_WARN_UNDECLARED_SELECTOR = YES;
				GCC_WARN_UNINITIALIZED_AUTOS = YES_AGGRESSIVE;
				GCC_WARN_UNUSED_FUNCTION = YES;
				GCC_WARN_UNUSED_VARIABLE = YES;
				IPHONEOS_DEPLOYMENT_TARGET = 16.0;
				MTL_ENABLE_DEBUG_INFO = INCLUDE_SOURCE;
				MTL_FAST_MATH = YES;
				ONLY_ACTIVE_ARCH = YES;
				SDKROOT = iphoneos;
				SWIFT_ACTIVE_COMPILATION_CONDITIONS = DEBUG;
				SWIFT_OPTIMIZATION_LEVEL = "-Onone";
			};
			name = Debug;
		};
		CA367D5129A2B0380095B1B8 /* Release */ = {
			isa = XCBuildConfiguration;
			buildSettings = {
				ALWAYS_SEARCH_USER_PATHS = NO;
				CLANG_ANALYZER_NONNULL = YES;
				CLANG_ANALYZER_NUMBER_OBJECT_CONVERSION = YES_AGGRESSIVE;
				CLANG_CXX_LANGUAGE_STANDARD = "gnu++20";
				CLANG_ENABLE_MODULES = YES;
				CLANG_ENABLE_OBJC_ARC = YES;
				CLANG_ENABLE_OBJC_WEAK = YES;
				CLANG_WARN_BLOCK_CAPTURE_AUTORELEASING = YES;
				CLANG_WARN_BOOL_CONVERSION = YES;
				CLANG_WARN_COMMA = YES;
				CLANG_WARN_CONSTANT_CONVERSION = YES;
				CLANG_WARN_DEPRECATED_OBJC_IMPLEMENTATIONS = YES;
				CLANG_WARN_DIRECT_OBJC_ISA_USAGE = YES_ERROR;
				CLANG_WARN_DOCUMENTATION_COMMENTS = YES;
				CLANG_WARN_EMPTY_BODY = YES;
				CLANG_WARN_ENUM_CONVERSION = YES;
				CLANG_WARN_INFINITE_RECURSION = YES;
				CLANG_WARN_INT_CONVERSION = YES;
				CLANG_WARN_NON_LITERAL_NULL_CONVERSION = YES;
				CLANG_WARN_OBJC_IMPLICIT_RETAIN_SELF = YES;
				CLANG_WARN_OBJC_LITERAL_CONVERSION = YES;
				CLANG_WARN_OBJC_ROOT_CLASS = YES_ERROR;
				CLANG_WARN_QUOTED_INCLUDE_IN_FRAMEWORK_HEADER = YES;
				CLANG_WARN_RANGE_LOOP_ANALYSIS = YES;
				CLANG_WARN_STRICT_PROTOTYPES = YES;
				CLANG_WARN_SUSPICIOUS_MOVE = YES;
				CLANG_WARN_UNGUARDED_AVAILABILITY = YES_AGGRESSIVE;
				CLANG_WARN_UNREACHABLE_CODE = YES;
				CLANG_WARN__DUPLICATE_METHOD_MATCH = YES;
				COPY_PHASE_STRIP = NO;
				DEBUG_INFORMATION_FORMAT = "dwarf-with-dsym";
				ENABLE_NS_ASSERTIONS = NO;
				ENABLE_STRICT_OBJC_MSGSEND = YES;
				GCC_C_LANGUAGE_STANDARD = gnu11;
				GCC_NO_COMMON_BLOCKS = YES;
				GCC_WARN_64_TO_32_BIT_CONVERSION = YES;
				GCC_WARN_ABOUT_RETURN_TYPE = YES_ERROR;
				GCC_WARN_UNDECLARED_SELECTOR = YES;
				GCC_WARN_UNINITIALIZED_AUTOS = YES_AGGRESSIVE;
				GCC_WARN_UNUSED_FUNCTION = YES;
				GCC_WARN_UNUSED_VARIABLE = YES;
				IPHONEOS_DEPLOYMENT_TARGET = 16.0;
				MTL_ENABLE_DEBUG_INFO = NO;
				MTL_FAST_MATH = YES;
				SDKROOT = iphoneos;
				SWIFT_COMPILATION_MODE = wholemodule;
				SWIFT_OPTIMIZATION_LEVEL = "-O";
				VALIDATE_PRODUCT = YES;
			};
			name = Release;
		};
		CA367D5329A2B0380095B1B8 /* Debug */ = {
			isa = XCBuildConfiguration;
			buildSettings = {
				ASSETCATALOG_COMPILER_APPICON_NAME = AppIcon;
				ASSETCATALOG_COMPILER_GLOBAL_ACCENT_COLOR_NAME = AccentColor;
				CODE_SIGN_STYLE = Automatic;
				CURRENT_PROJECT_VERSION = 1;
				DEVELOPMENT_ASSET_PATHS = "\"CoffeeTimer/Preview Content\"";
				DEVELOPMENT_TEAM = 4VYX3TZ9R9;
				ENABLE_PREVIEWS = YES;
				GENERATE_INFOPLIST_FILE = YES;
				INFOPLIST_KEY_UIApplicationSceneManifest_Generation = YES;
				INFOPLIST_KEY_UIApplicationSupportsIndirectInputEvents = YES;
				INFOPLIST_KEY_UILaunchScreen_Generation = YES;
				INFOPLIST_KEY_UISupportedInterfaceOrientations = UIInterfaceOrientationPortrait;
				LD_RUNPATH_SEARCH_PATHS = (
					"$(inherited)",
					"@executable_path/Frameworks",
				);
				MARKETING_VERSION = 1.0;
				PRODUCT_BUNDLE_IDENTIFIER = com.kutaydemireren.CoffeeTimer;
				PRODUCT_NAME = "$(TARGET_NAME)";
				SWIFT_EMIT_LOC_STRINGS = YES;
				SWIFT_VERSION = 5.0;
				TARGETED_DEVICE_FAMILY = "1,2";
			};
			name = Debug;
		};
		CA367D5429A2B0380095B1B8 /* Release */ = {
			isa = XCBuildConfiguration;
			buildSettings = {
				ASSETCATALOG_COMPILER_APPICON_NAME = AppIcon;
				ASSETCATALOG_COMPILER_GLOBAL_ACCENT_COLOR_NAME = AccentColor;
				CODE_SIGN_STYLE = Automatic;
				CURRENT_PROJECT_VERSION = 1;
				DEVELOPMENT_ASSET_PATHS = "\"CoffeeTimer/Preview Content\"";
				DEVELOPMENT_TEAM = 4VYX3TZ9R9;
				ENABLE_PREVIEWS = YES;
				GENERATE_INFOPLIST_FILE = YES;
				INFOPLIST_KEY_UIApplicationSceneManifest_Generation = YES;
				INFOPLIST_KEY_UIApplicationSupportsIndirectInputEvents = YES;
				INFOPLIST_KEY_UILaunchScreen_Generation = YES;
				INFOPLIST_KEY_UISupportedInterfaceOrientations = UIInterfaceOrientationPortrait;
				LD_RUNPATH_SEARCH_PATHS = (
					"$(inherited)",
					"@executable_path/Frameworks",
				);
				MARKETING_VERSION = 1.0;
				PRODUCT_BUNDLE_IDENTIFIER = com.kutaydemireren.CoffeeTimer;
				PRODUCT_NAME = "$(TARGET_NAME)";
				SWIFT_EMIT_LOC_STRINGS = YES;
				SWIFT_VERSION = 5.0;
				TARGETED_DEVICE_FAMILY = "1,2";
			};
			name = Release;
		};
		CA367D5629A2B0380095B1B8 /* Debug */ = {
			isa = XCBuildConfiguration;
			buildSettings = {
				ALWAYS_EMBED_SWIFT_STANDARD_LIBRARIES = YES;
				BUNDLE_LOADER = "$(TEST_HOST)";
				CODE_SIGN_STYLE = Automatic;
				CURRENT_PROJECT_VERSION = 1;
				DEVELOPMENT_TEAM = 4VYX3TZ9R9;
				GENERATE_INFOPLIST_FILE = YES;
				IPHONEOS_DEPLOYMENT_TARGET = 16.0;
				MARKETING_VERSION = 1.0;
				PRODUCT_BUNDLE_IDENTIFIER = com.kutaydemireren.CoffeeTimerTests;
				PRODUCT_NAME = "$(TARGET_NAME)";
				SWIFT_EMIT_LOC_STRINGS = NO;
				SWIFT_VERSION = 5.0;
				TARGETED_DEVICE_FAMILY = "1,2";
				TEST_HOST = "$(BUILT_PRODUCTS_DIR)/CoffeeTimer.app/$(BUNDLE_EXECUTABLE_FOLDER_PATH)/CoffeeTimer";
			};
			name = Debug;
		};
		CA367D5729A2B0380095B1B8 /* Release */ = {
			isa = XCBuildConfiguration;
			buildSettings = {
				ALWAYS_EMBED_SWIFT_STANDARD_LIBRARIES = YES;
				BUNDLE_LOADER = "$(TEST_HOST)";
				CODE_SIGN_STYLE = Automatic;
				CURRENT_PROJECT_VERSION = 1;
				DEVELOPMENT_TEAM = 4VYX3TZ9R9;
				GENERATE_INFOPLIST_FILE = YES;
				IPHONEOS_DEPLOYMENT_TARGET = 16.0;
				MARKETING_VERSION = 1.0;
				PRODUCT_BUNDLE_IDENTIFIER = com.kutaydemireren.CoffeeTimerTests;
				PRODUCT_NAME = "$(TARGET_NAME)";
				SWIFT_EMIT_LOC_STRINGS = NO;
				SWIFT_VERSION = 5.0;
				TARGETED_DEVICE_FAMILY = "1,2";
				TEST_HOST = "$(BUILT_PRODUCTS_DIR)/CoffeeTimer.app/$(BUNDLE_EXECUTABLE_FOLDER_PATH)/CoffeeTimer";
			};
			name = Release;
		};
		CA367D5929A2B0380095B1B8 /* Debug */ = {
			isa = XCBuildConfiguration;
			buildSettings = {
				ALWAYS_EMBED_SWIFT_STANDARD_LIBRARIES = YES;
				CODE_SIGN_STYLE = Automatic;
				CURRENT_PROJECT_VERSION = 1;
				DEVELOPMENT_TEAM = 4VYX3TZ9R9;
				GENERATE_INFOPLIST_FILE = YES;
				MARKETING_VERSION = 1.0;
				PRODUCT_BUNDLE_IDENTIFIER = com.kutaydemireren.CoffeeTimerUITests;
				PRODUCT_NAME = "$(TARGET_NAME)";
				SWIFT_EMIT_LOC_STRINGS = NO;
				SWIFT_VERSION = 5.0;
				TARGETED_DEVICE_FAMILY = "1,2";
				TEST_TARGET_NAME = CoffeeTimer;
			};
			name = Debug;
		};
		CA367D5A29A2B0380095B1B8 /* Release */ = {
			isa = XCBuildConfiguration;
			buildSettings = {
				ALWAYS_EMBED_SWIFT_STANDARD_LIBRARIES = YES;
				CODE_SIGN_STYLE = Automatic;
				CURRENT_PROJECT_VERSION = 1;
				DEVELOPMENT_TEAM = 4VYX3TZ9R9;
				GENERATE_INFOPLIST_FILE = YES;
				MARKETING_VERSION = 1.0;
				PRODUCT_BUNDLE_IDENTIFIER = com.kutaydemireren.CoffeeTimerUITests;
				PRODUCT_NAME = "$(TARGET_NAME)";
				SWIFT_EMIT_LOC_STRINGS = NO;
				SWIFT_VERSION = 5.0;
				TARGETED_DEVICE_FAMILY = "1,2";
				TEST_TARGET_NAME = CoffeeTimer;
			};
			name = Release;
		};
/* End XCBuildConfiguration section */

/* Begin XCConfigurationList section */
		CA367D2929A2B0370095B1B8 /* Build configuration list for PBXProject "CoffeeTimer" */ = {
			isa = XCConfigurationList;
			buildConfigurations = (
				CA367D5029A2B0380095B1B8 /* Debug */,
				CA367D5129A2B0380095B1B8 /* Release */,
			);
			defaultConfigurationIsVisible = 0;
			defaultConfigurationName = Release;
		};
		CA367D5229A2B0380095B1B8 /* Build configuration list for PBXNativeTarget "CoffeeTimer" */ = {
			isa = XCConfigurationList;
			buildConfigurations = (
				CA367D5329A2B0380095B1B8 /* Debug */,
				CA367D5429A2B0380095B1B8 /* Release */,
			);
			defaultConfigurationIsVisible = 0;
			defaultConfigurationName = Release;
		};
		CA367D5529A2B0380095B1B8 /* Build configuration list for PBXNativeTarget "CoffeeTimerTests" */ = {
			isa = XCConfigurationList;
			buildConfigurations = (
				CA367D5629A2B0380095B1B8 /* Debug */,
				CA367D5729A2B0380095B1B8 /* Release */,
			);
			defaultConfigurationIsVisible = 0;
			defaultConfigurationName = Release;
		};
		CA367D5829A2B0380095B1B8 /* Build configuration list for PBXNativeTarget "CoffeeTimerUITests" */ = {
			isa = XCConfigurationList;
			buildConfigurations = (
				CA367D5929A2B0380095B1B8 /* Debug */,
				CA367D5A29A2B0380095B1B8 /* Release */,
			);
			defaultConfigurationIsVisible = 0;
			defaultConfigurationName = Release;
		};
/* End XCConfigurationList section */
	};
	rootObject = CA367D2629A2B0370095B1B8 /* Project object */;
}
