// !$*UTF8*$!
{
	archiveVersion = 1;
	classes = {
	};
	objectVersion = 56;
	objects = {

/* Begin PBXBuildFile section */
		CA02D0D82A255A440012EE87 /* MockRecipeMapper.swift in Sources */ = {isa = PBXBuildFile; fileRef = CA02D0D72A255A440012EE87 /* MockRecipeMapper.swift */; };
		CA02D0DC2A255A6D0012EE87 /* MockStorage.swift in Sources */ = {isa = PBXBuildFile; fileRef = CA02D0DB2A255A6D0012EE87 /* MockStorage.swift */; };
		CA0A13F32C4C3A9800453CC9 /* CreateMethodFlowView.swift in Sources */ = {isa = PBXBuildFile; fileRef = CA0A13F22C4C3A9800453CC9 /* CreateMethodFlowView.swift */; };
		CA1552802C0A5D3F000334FB /* CreateRecipeFromInputUseCase.swift in Sources */ = {isa = PBXBuildFile; fileRef = CA15527F2C0A5D3F000334FB /* CreateRecipeFromInputUseCase.swift */; };
		CA1552822C0A5D71000334FB /* MockCreateRecipeFromInputUseCase.swift in Sources */ = {isa = PBXBuildFile; fileRef = CA1552812C0A5D71000334FB /* MockCreateRecipeFromInputUseCase.swift */; };
		CA1552842C0A5D9A000334FB /* MockFetchRecipeInstructionsUseCase.swift in Sources */ = {isa = PBXBuildFile; fileRef = CA1552832C0A5D9A000334FB /* MockFetchRecipeInstructionsUseCase.swift */; };
		CA1552862C0A5DB9000334FB /* TestError.swift in Sources */ = {isa = PBXBuildFile; fileRef = CA1552852C0A5DB9000334FB /* TestError.swift */; };
		CA1552882C0A5DEB000334FB /* FetchRecipeInstructionsUseCase.swift in Sources */ = {isa = PBXBuildFile; fileRef = CA1552872C0A5DEB000334FB /* FetchRecipeInstructionsUseCase.swift */; };
		CA15528A2C0A5E2E000334FB /* CreateRecipeFromInputUseCaseImpTests.swift in Sources */ = {isa = PBXBuildFile; fileRef = CA1552892C0A5E2E000334FB /* CreateRecipeFromInputUseCaseImpTests.swift */; };
		CA17289429EB4B9F000F867B /* NumericTextField.swift in Sources */ = {isa = PBXBuildFile; fileRef = CA17289329EB4B9F000F867B /* NumericTextField.swift */; };
		CA17289629EB4CA8000F867B /* View+Responder.swift in Sources */ = {isa = PBXBuildFile; fileRef = CA17289529EB4CA8000F867B /* View+Responder.swift */; };
		CA17289D29EB5097000F867B /* CreateRecipeCoffeeWaterSelection.swift in Sources */ = {isa = PBXBuildFile; fileRef = CA17289C29EB5097000F867B /* CreateRecipeCoffeeWaterSelection.swift */; };
		CA17289F29EB58F1000F867B /* CreateRecipeProfileSelection.swift in Sources */ = {isa = PBXBuildFile; fileRef = CA17289E29EB58F1000F867B /* CreateRecipeProfileSelection.swift */; };
		CA1B52B02C0B97B300C4B923 /* BrewMethodRepository.swift in Sources */ = {isa = PBXBuildFile; fileRef = CA1B52AF2C0B97B300C4B923 /* BrewMethodRepository.swift */; };
		CA1B52B32C0B97E700C4B923 /* BrewMethodRepositoryImp.swift in Sources */ = {isa = PBXBuildFile; fileRef = CA1B52B22C0B97E700C4B923 /* BrewMethodRepositoryImp.swift */; };
		CA1B52B52C0B980400C4B923 /* FetchRecipeInstructionsRequest.swift in Sources */ = {isa = PBXBuildFile; fileRef = CA1B52B42C0B980400C4B923 /* FetchRecipeInstructionsRequest.swift */; };
		CA1B52BA2C0B98D000C4B923 /* BrewMethodRepositoryImpTests.swift in Sources */ = {isa = PBXBuildFile; fileRef = CA1B52B92C0B98D000C4B923 /* BrewMethodRepositoryImpTests.swift */; };
		CA1B52BC2C0BA30500C4B923 /* GetBrewMethodsRequest.swift in Sources */ = {isa = PBXBuildFile; fileRef = CA1B52BB2C0BA30500C4B923 /* GetBrewMethodsRequest.swift */; };
		CA2A00CA2C0B65E10040B50D /* Errors.swift in Sources */ = {isa = PBXBuildFile; fileRef = CA2A00C92C0B65E10040B50D /* Errors.swift */; };
		CA2A00CE2C0B8FF10040B50D /* GetBrewMethodsUseCase.swift in Sources */ = {isa = PBXBuildFile; fileRef = CA2A00CD2C0B8FF10040B50D /* GetBrewMethodsUseCase.swift */; };
		CA2A00D12C0B90A40040B50D /* GetBrewMethodsUseCaseImpTests.swift in Sources */ = {isa = PBXBuildFile; fileRef = CA2A00D02C0B90A40040B50D /* GetBrewMethodsUseCaseImpTests.swift */; };
		CA2D8BE22A02F3AA00BA2899 /* CreateRecipeContext.swift in Sources */ = {isa = PBXBuildFile; fileRef = CA2D8BE12A02F3AA00BA2899 /* CreateRecipeContext.swift */; };
		CA367D3229A2B0370095B1B8 /* CoffeeTimerApp.swift in Sources */ = {isa = PBXBuildFile; fileRef = CA367D3129A2B0370095B1B8 /* CoffeeTimerApp.swift */; };
		CA367D3629A2B0380095B1B8 /* Assets.xcassets in Resources */ = {isa = PBXBuildFile; fileRef = CA367D3529A2B0380095B1B8 /* Assets.xcassets */; };
		CA367D3929A2B0380095B1B8 /* Preview Assets.xcassets in Resources */ = {isa = PBXBuildFile; fileRef = CA367D3829A2B0380095B1B8 /* Preview Assets.xcassets */; };
		CA3CA4AF2A1AA20B00C76E28 /* RecipeMapper.swift in Sources */ = {isa = PBXBuildFile; fileRef = CA3CA4AE2A1AA20B00C76E28 /* RecipeMapper.swift */; };
		CA3CA4B12A1AA22600C76E28 /* RecipeMapperTests.swift in Sources */ = {isa = PBXBuildFile; fileRef = CA3CA4B02A1AA22600C76E28 /* RecipeMapperTests.swift */; };
		CA4758DF2A0C2D440022BC7D /* RecipesView.swift in Sources */ = {isa = PBXBuildFile; fileRef = CA4758DE2A0C2D440022BC7D /* RecipesView.swift */; };
		CA4758E12A0C3A200022BC7D /* RecipeRowView.swift in Sources */ = {isa = PBXBuildFile; fileRef = CA4758E02A0C3A200022BC7D /* RecipeRowView.swift */; };
		CA4758E42A0C3C5C0022BC7D /* RecipesFlowView.swift in Sources */ = {isa = PBXBuildFile; fileRef = CA4758E32A0C3C5C0022BC7D /* RecipesFlowView.swift */; };
		CA5A7D0F2A0EBA7400C7EC04 /* DTOs.swift in Sources */ = {isa = PBXBuildFile; fileRef = CA5A7D0E2A0EBA7400C7EC04 /* DTOs.swift */; };
		CA5CA81929EB662F001E384D /* View+Background.swift in Sources */ = {isa = PBXBuildFile; fileRef = CA5CA81829EB662F001E384D /* View+Background.swift */; };
		CA5E907D29D61AED00A78CF2 /* Entities.swift in Sources */ = {isa = PBXBuildFile; fileRef = CA5E907C29D61AED00A78CF2 /* Entities.swift */; };
		CA6263B82A250F00003E167D /* Storage.swift in Sources */ = {isa = PBXBuildFile; fileRef = CA6263B72A250F00003E167D /* Storage.swift */; };
		CA6263BB2A25492D003E167D /* DTOs+Stub.swift in Sources */ = {isa = PBXBuildFile; fileRef = CA6263BA2A25492D003E167D /* DTOs+Stub.swift */; };
		CA6263BC2A254955003E167D /* Entities+Stub.swift in Sources */ = {isa = PBXBuildFile; fileRef = CAD071E629DCCB000010E561 /* Entities+Stub.swift */; };
		CA6263BF2A25499A003E167D /* Entities+Stub.swift in Sources */ = {isa = PBXBuildFile; fileRef = CA6263BE2A25499A003E167D /* Entities+Stub.swift */; };
		CA6263C72A254EB3003E167D /* Color+HexString.swift in Sources */ = {isa = PBXBuildFile; fileRef = CA6263C62A254EB3003E167D /* Color+HexString.swift */; };
		CA6263CF2A2551B5003E167D /* MockStore.swift in Sources */ = {isa = PBXBuildFile; fileRef = CA6263CE2A2551B5003E167D /* MockStore.swift */; };
		CA6263D12A255266003E167D /* RecipeProfile+UserDefined.swift in Sources */ = {isa = PBXBuildFile; fileRef = CA6263D02A255266003E167D /* RecipeProfile+UserDefined.swift */; };
		CA77908D2A06A39900BEA142 /* String+Filter.swift in Sources */ = {isa = PBXBuildFile; fileRef = CA77908C2A06A39900BEA142 /* String+Filter.swift */; };
		CA7790932A06DB5300BEA142 /* TitledContent.swift in Sources */ = {isa = PBXBuildFile; fileRef = CA7790922A06DB5300BEA142 /* TitledContent.swift */; };
		CA7790952A06E39000BEA142 /* CreateRecipeFromContextUseCaseImpTests.swift in Sources */ = {isa = PBXBuildFile; fileRef = CA7790942A06E39000BEA142 /* CreateRecipeFromContextUseCaseImpTests.swift */; };
		CA7790992A06F34100BEA142 /* CreateContextToInputMapperImpTests.swift in Sources */ = {isa = PBXBuildFile; fileRef = CA7790982A06F34100BEA142 /* CreateContextToInputMapperImpTests.swift */; };
		CA77909B2A06F35A00BEA142 /* CreateContextToInputMapper.swift in Sources */ = {isa = PBXBuildFile; fileRef = CA77909A2A06F35A00BEA142 /* CreateContextToInputMapper.swift */; };
		CA77909D2A06F37700BEA142 /* CreateRecipeFromContextUseCase.swift in Sources */ = {isa = PBXBuildFile; fileRef = CA77909C2A06F37700BEA142 /* CreateRecipeFromContextUseCase.swift */; };
		CA7790A12A06F3BB00BEA142 /* Equatable.swift in Sources */ = {isa = PBXBuildFile; fileRef = CA7790A02A06F3BB00BEA142 /* Equatable.swift */; };
		CA7790A82A06F40F00BEA142 /* MockCreateContextToInputMapper.swift in Sources */ = {isa = PBXBuildFile; fileRef = CA7790A72A06F40F00BEA142 /* MockCreateContextToInputMapper.swift */; };
		CA7B804529BFA9E7007D3DFC /* CountdownTimer.swift in Sources */ = {isa = PBXBuildFile; fileRef = CA7B804429BFA9E6007D3DFC /* CountdownTimer.swift */; };
		CA7B804729BFAA21007D3DFC /* CountdownTimerImpTests.swift in Sources */ = {isa = PBXBuildFile; fileRef = CA7B804629BFAA21007D3DFC /* CountdownTimerImpTests.swift */; };
		CA7B804B29BFABBB007D3DFC /* StageTimerView.swift in Sources */ = {isa = PBXBuildFile; fileRef = CA7B804A29BFABBB007D3DFC /* StageTimerView.swift */; };
		CA7B804D29BFBD8C007D3DFC /* BrewQueueView.swift in Sources */ = {isa = PBXBuildFile; fileRef = CA7B804C29BFBD8C007D3DFC /* BrewQueueView.swift */; };
		CA7D9E2B2C4BE4A900908159 /* CreateMethodView.swift in Sources */ = {isa = PBXBuildFile; fileRef = CA7D9E2A2C4BE4A900908159 /* CreateMethodView.swift */; };
		CA7D9E2D2C4BEB7600908159 /* TitledPicker.swift in Sources */ = {isa = PBXBuildFile; fileRef = CA7D9E2C2C4BEB7600908159 /* TitledPicker.swift */; };
		CA7D9E2F2C4BEB8500908159 /* Titled.swift in Sources */ = {isa = PBXBuildFile; fileRef = CA7D9E2E2C4BEB8500908159 /* Titled.swift */; };
		CA7D9E312C4C066800908159 /* Separator.swift in Sources */ = {isa = PBXBuildFile; fileRef = CA7D9E302C4C066800908159 /* Separator.swift */; };
		CA7D9E332C4C153300908159 /* CreateMethodDetailsView.swift in Sources */ = {isa = PBXBuildFile; fileRef = CA7D9E322C4C153300908159 /* CreateMethodDetailsView.swift */; };
		CA7D9E352C4C15F500908159 /* CreateMethodInstructionsView.swift in Sources */ = {isa = PBXBuildFile; fileRef = CA7D9E342C4C15F500908159 /* CreateMethodInstructionsView.swift */; };
		CA852F252BD5552D00FEF144 /* RecipeInstructions.swift in Sources */ = {isa = PBXBuildFile; fileRef = CA852F242BD5552D00FEF144 /* RecipeInstructions.swift */; };
		CA852F262BD557A800FEF144 /* instructions_v60_single.json in Resources */ = {isa = PBXBuildFile; fileRef = CAA325892BD438B1008440D0 /* instructions_v60_single.json */; };
		CA8B41B32C0CAC9800C0DA86 /* mini_instructions.json in Resources */ = {isa = PBXBuildFile; fileRef = CA8B41B22C0CAC9800C0DA86 /* mini_instructions.json */; };
		CA8B41B52C0CB0CC00C0DA86 /* loadInstructions.swift in Sources */ = {isa = PBXBuildFile; fileRef = CA8B41B42C0CB0CC00C0DA86 /* loadInstructions.swift */; };
		CA8B44432A2563780003EE57 /* Colors.xcassets in Resources */ = {isa = PBXBuildFile; fileRef = CA8B44422A2563780003EE57 /* Colors.xcassets */; };
		CA8C9AEB2C0B4339000A71AC /* FetchRecipeInstructionsUseCaseImpTests.swift in Sources */ = {isa = PBXBuildFile; fileRef = CA8C9AEA2C0B4339000A71AC /* FetchRecipeInstructionsUseCaseImpTests.swift */; };
		CA8C9AEE2C0B5081000A71AC /* RecipeInstructionsRepository.swift in Sources */ = {isa = PBXBuildFile; fileRef = CA8C9AED2C0B5081000A71AC /* RecipeInstructionsRepository.swift */; };
		CA8C9AF12C0B50ED000A71AC /* RecipeInstructionsRepositoryImp.swift in Sources */ = {isa = PBXBuildFile; fileRef = CA8C9AF02C0B50ED000A71AC /* RecipeInstructionsRepositoryImp.swift */; };
		CA8C9AF42C0B51A9000A71AC /* RecipeInstructionsRepositoryImpTests.swift in Sources */ = {isa = PBXBuildFile; fileRef = CA8C9AF32C0B51A9000A71AC /* RecipeInstructionsRepositoryImpTests.swift */; };
		CA8C9AF72C0B6061000A71AC /* NetworkManagerImp.swift in Sources */ = {isa = PBXBuildFile; fileRef = CA8C9AF62C0B6061000A71AC /* NetworkManagerImp.swift */; };
		CA8C9AFA2C0B609D000A71AC /* Request.swift in Sources */ = {isa = PBXBuildFile; fileRef = CA8C9AF92C0B609D000A71AC /* Request.swift */; };
		CA91CEF729E5FA9100E9F5D1 /* AppFlowView.swift in Sources */ = {isa = PBXBuildFile; fileRef = CA91CEF629E5FA9100E9F5D1 /* AppFlowView.swift */; };
		CA9BDA292A2CFD290068DFF7 /* CreateRecipeInput.swift in Sources */ = {isa = PBXBuildFile; fileRef = CA9BDA282A2CFD290068DFF7 /* CreateRecipeInput.swift */; };
		CAB1925F2A0D6B6500043837 /* RecipeRepositoryImpTests.swift in Sources */ = {isa = PBXBuildFile; fileRef = CAB1925E2A0D6B6500043837 /* RecipeRepositoryImpTests.swift */; };
		CABD23912C4EEB12005C599F /* InstructionActionViewBuilder.swift in Sources */ = {isa = PBXBuildFile; fileRef = CABD23902C4EEB12005C599F /* InstructionActionViewBuilder.swift */; };
		CABD23932C4EEB2F005C599F /* MessageInstructionActionView.swift in Sources */ = {isa = PBXBuildFile; fileRef = CABD23922C4EEB2F005C599F /* MessageInstructionActionView.swift */; };
		CABD23952C4EEB48005C599F /* PauseInstructionActionView.swift in Sources */ = {isa = PBXBuildFile; fileRef = CABD23942C4EEB47005C599F /* PauseInstructionActionView.swift */; };
		CABD23972C4EEB63005C599F /* PutInstructionActionView.swift in Sources */ = {isa = PBXBuildFile; fileRef = CABD23962C4EEB63005C599F /* PutInstructionActionView.swift */; };
		CABD239B2C4EEB8E005C599F /* InstructionRequirementItem.swift in Sources */ = {isa = PBXBuildFile; fileRef = CABD239A2C4EEB8E005C599F /* InstructionRequirementItem.swift */; };
		CABD239D2C4EEBAB005C599F /* IngredientTypeItem.swift in Sources */ = {isa = PBXBuildFile; fileRef = CABD239C2C4EEBAB005C599F /* IngredientTypeItem.swift */; };
		CABD239F2C4EEBB9005C599F /* InstructionInteractionMethodItem.swift in Sources */ = {isa = PBXBuildFile; fileRef = CABD239E2C4EEBB9005C599F /* InstructionInteractionMethodItem.swift */; };
		CABD23A12C4EEBE2005C599F /* Instructions+Stub.swift in Sources */ = {isa = PBXBuildFile; fileRef = CABD23A02C4EEBE2005C599F /* Instructions+Stub.swift */; };
		CABD23A32C4EEC13005C599F /* RecipeInstructionActionItem.swift in Sources */ = {isa = PBXBuildFile; fileRef = CABD23A22C4EEC13005C599F /* RecipeInstructionActionItem.swift */; };
		CAC371E72C558608004D7659 /* PauseActionModel.swift in Sources */ = {isa = PBXBuildFile; fileRef = CAC371E62C558608004D7659 /* PauseActionModel.swift */; };
		CAC371E92C558662004D7659 /* MessageActionModel.swift in Sources */ = {isa = PBXBuildFile; fileRef = CAC371E82C558662004D7659 /* MessageActionModel.swift */; };
		CAC371EB2C558687004D7659 /* PutActionModel.swift in Sources */ = {isa = PBXBuildFile; fileRef = CAC371EA2C558687004D7659 /* PutActionModel.swift */; };
		CAC371ED2C5586EF004D7659 /* Updatables.swift in Sources */ = {isa = PBXBuildFile; fileRef = CAC371EC2C5586EF004D7659 /* Updatables.swift */; };
		CAC59D882C47137900301A43 /* mini_iced_instructions.json in Resources */ = {isa = PBXBuildFile; fileRef = CAC59D872C47137900301A43 /* mini_iced_instructions.json */; };
		CAD01B4F2C395B5B004A1EFF /* StageHeaderView.swift in Sources */ = {isa = PBXBuildFile; fileRef = CAD01B4E2C395B5B004A1EFF /* StageHeaderView.swift */; };
		CAD226D62C4D82EA00BD6DAD /* RecipeInstructionActionView.swift in Sources */ = {isa = PBXBuildFile; fileRef = CAD226D52C4D82EA00BD6DAD /* RecipeInstructionActionView.swift */; };
		CAE3944229DE13C0007611F1 /* CreateRecipeView.swift in Sources */ = {isa = PBXBuildFile; fileRef = CAE3944129DE13C0007611F1 /* CreateRecipeView.swift */; };
		CAEE2F702C42A03F00D7D61E /* button-click.wav in Resources */ = {isa = PBXBuildFile; fileRef = CAEE2F6F2C42A03F00D7D61E /* button-click.wav */; };
		CAF42CDF29EC907F004D7788 /* View+ClearButton.swift in Sources */ = {isa = PBXBuildFile; fileRef = CAF42CDE29EC907F004D7788 /* View+ClearButton.swift */; };
		CAF42CE129EC90CA004D7788 /* AlphanumericTextField.swift in Sources */ = {isa = PBXBuildFile; fileRef = CAF42CE029EC90CA004D7788 /* AlphanumericTextField.swift */; };
		CAF42CE329EC9524004D7788 /* CreateRecipeFlowView.swift in Sources */ = {isa = PBXBuildFile; fileRef = CAF42CE229EC9524004D7788 /* CreateRecipeFlowView.swift */; };
		CAF42CE529EC9548004D7788 /* Navigable.swift in Sources */ = {isa = PBXBuildFile; fileRef = CAF42CE429EC9548004D7788 /* Navigable.swift */; };
		CAF42CE729EC9561004D7788 /* Completable.swift in Sources */ = {isa = PBXBuildFile; fileRef = CAF42CE629EC9561004D7788 /* Completable.swift */; };
		CAF42CF129EC98E4004D7788 /* RecipeRepositoryImp.swift in Sources */ = {isa = PBXBuildFile; fileRef = CAF42CF029EC98E4004D7788 /* RecipeRepositoryImp.swift */; };
		CAF42CF329EC9906004D7788 /* RecipeRepository.swift in Sources */ = {isa = PBXBuildFile; fileRef = CAF42CF229EC9906004D7788 /* RecipeRepository.swift */; };
		CAF42CF529EC9D4D004D7788 /* CreateRecipeBrewMethodSelection.swift in Sources */ = {isa = PBXBuildFile; fileRef = CAF42CF429EC9D4D004D7788 /* CreateRecipeBrewMethodSelection.swift */; };
		CAFCF54B2A6F0A1700875CB7 /* HapticGenerator.swift in Sources */ = {isa = PBXBuildFile; fileRef = CAFCF54A2A6F0A1700875CB7 /* HapticGenerator.swift */; };
		F208EF262EABD137005B87DE /* EditRecipeAmountsViewModel.swift in Sources */ = {isa = PBXBuildFile; fileRef = F208EF252EABD137005B87DE /* EditRecipeAmountsViewModel.swift */; };
		F208EF272EABD137005B87DE /* EditRecipeAmountsView.swift in Sources */ = {isa = PBXBuildFile; fileRef = F208EF242EABD137005B87DE /* EditRecipeAmountsView.swift */; };
		F222D3AF2CFB8CBC00AD7AF4 /* InfoButton.swift in Sources */ = {isa = PBXBuildFile; fileRef = F222D3AE2CFB8CBC00AD7AF4 /* InfoButton.swift */; };
		F222D3B12CFBAA4000AD7AF4 /* InfoView.swift in Sources */ = {isa = PBXBuildFile; fileRef = F222D3B02CFBAA4000AD7AF4 /* InfoView.swift */; };
		F22E68CE2CF38D2E00EE80FA /* CreateBrewMethodContext.swift in Sources */ = {isa = PBXBuildFile; fileRef = F22E68CD2CF38D2E00EE80FA /* CreateBrewMethodContext.swift */; };
		F22E68D12CF38D9A00EE80FA /* CreateBrewMethodUseCaseImpTests.swift in Sources */ = {isa = PBXBuildFile; fileRef = F22E68D02CF38D9A00EE80FA /* CreateBrewMethodUseCaseImpTests.swift */; };
		F22E68D32CF38DB600EE80FA /* CreateBrewMethodUseCase.swift in Sources */ = {isa = PBXBuildFile; fileRef = F22E68D22CF38DB600EE80FA /* CreateBrewMethodUseCase.swift */; };
		F233D28D2CF3E52100E357A5 /* RecipeInstructionStepMapper.swift in Sources */ = {isa = PBXBuildFile; fileRef = F233D28C2CF3E52100E357A5 /* RecipeInstructionStepMapper.swift */; };
		F23A6E222CFFB14800AB94C4 /* PostBrewView.swift in Sources */ = {isa = PBXBuildFile; fileRef = F23A6E212CFFB14800AB94C4 /* PostBrewView.swift */; };
		F23A6E242CFFB5F100AB94C4 /* post-brew-1.lottie in Resources */ = {isa = PBXBuildFile; fileRef = F23A6E232CFFB5F100AB94C4 /* post-brew-1.lottie */; };
		F23A6E262CFFBE8F00AB94C4 /* post-brew-2.lottie in Resources */ = {isa = PBXBuildFile; fileRef = F23A6E252CFFBE8F00AB94C4 /* post-brew-2.lottie */; };
		F23A6E282CFFBF2400AB94C4 /* post-brew-3.lottie in Resources */ = {isa = PBXBuildFile; fileRef = F23A6E272CFFBF2400AB94C4 /* post-brew-3.lottie */; };
		F270D9EC2D00CC0100466D54 /* BuyMeACoffeeView.swift in Sources */ = {isa = PBXBuildFile; fileRef = F270D9EB2D00CC0100466D54 /* BuyMeACoffeeView.swift */; };
		F270D9EE2D00CE2500466D54 /* GiftCoffeeView.swift in Sources */ = {isa = PBXBuildFile; fileRef = F270D9ED2D00CE2500466D54 /* GiftCoffeeView.swift */; };
		F275237A2CFD185500F42AC7 /* RemoveBrewMethodUseCase.swift in Sources */ = {isa = PBXBuildFile; fileRef = F27523792CFD185500F42AC7 /* RemoveBrewMethodUseCase.swift */; };
		F27B2D692CF28D2100B425E9 /* IngredientAmountTypeItem.swift in Sources */ = {isa = PBXBuildFile; fileRef = F27B2D682CF28D2100B425E9 /* IngredientAmountTypeItem.swift */; };
		F2AFA14E2CF7B61800984AE2 /* GoogleService-Info.plist in Resources */ = {isa = PBXBuildFile; fileRef = F2AFA14D2CF7B61800984AE2 /* GoogleService-Info.plist */; };
		F2AFA1512CF7BA5A00984AE2 /* FirebaseAnalyticsWithoutAdIdSupport in Frameworks */ = {isa = PBXBuildFile; productRef = F2AFA1502CF7BA5A00984AE2 /* FirebaseAnalyticsWithoutAdIdSupport */; };
		F2AFA1532CF7BA5A00984AE2 /* FirebaseCrashlytics in Frameworks */ = {isa = PBXBuildFile; productRef = F2AFA1522CF7BA5A00984AE2 /* FirebaseCrashlytics */; };
		F2CCBBFA2CFE72940085C590 /* Lottie in Frameworks */ = {isa = PBXBuildFile; productRef = F2CCBBF92CFE72940085C590 /* Lottie */; };
		F2CCBBFC2CFE75610085C590 /* AnimationView.swift in Sources */ = {isa = PBXBuildFile; fileRef = F2CCBBFB2CFE75610085C590 /* AnimationView.swift */; };
		F2CCBBFE2CFE76320085C590 /* chemex.lottie in Resources */ = {isa = PBXBuildFile; fileRef = F2CCBBFD2CFE76320085C590 /* chemex.lottie */; };
		F2D5AB822CF66FCF004AE191 /* PagerView.swift in Sources */ = {isa = PBXBuildFile; fileRef = F2D5AB812CF66FCF004AE191 /* PagerView.swift */; };
		F2DB5FBF2CF3BAFE000D67ED /* RecipeInstructionActionItem+Stub.swift in Sources */ = {isa = PBXBuildFile; fileRef = F2DB5FBE2CF3BAFE000D67ED /* RecipeInstructionActionItem+Stub.swift */; };
		F2FBE5152CFF7F860084D821 /* v60.lottie in Resources */ = {isa = PBXBuildFile; fileRef = F2FBE5142CFF7F860084D821 /* v60.lottie */; };
		F2FBE5172CFF81570084D821 /* aeropress.lottie in Resources */ = {isa = PBXBuildFile; fileRef = F2FBE5162CFF81570084D821 /* aeropress.lottie */; };
		F2FBE5192CFF815D0084D821 /* french-press.lottie in Resources */ = {isa = PBXBuildFile; fileRef = F2FBE5182CFF815D0084D821 /* french-press.lottie */; };
/* End PBXBuildFile section */

/* Begin PBXContainerItemProxy section */
		CA367D3F29A2B0380095B1B8 /* PBXContainerItemProxy */ = {
			isa = PBXContainerItemProxy;
			containerPortal = CA367D2629A2B0370095B1B8 /* Project object */;
			proxyType = 1;
			remoteGlobalIDString = CA367D2D29A2B0370095B1B8;
			remoteInfo = CoffeeTimer;
		};
/* End PBXContainerItemProxy section */

/* Begin PBXFileReference section */
		CA02D0D72A255A440012EE87 /* MockRecipeMapper.swift */ = {isa = PBXFileReference; lastKnownFileType = sourcecode.swift; path = MockRecipeMapper.swift; sourceTree = "<group>"; };
		CA02D0DB2A255A6D0012EE87 /* MockStorage.swift */ = {isa = PBXFileReference; lastKnownFileType = sourcecode.swift; path = MockStorage.swift; sourceTree = "<group>"; };
		CA0A13F22C4C3A9800453CC9 /* CreateMethodFlowView.swift */ = {isa = PBXFileReference; lastKnownFileType = sourcecode.swift; path = CreateMethodFlowView.swift; sourceTree = "<group>"; };
		CA15527F2C0A5D3F000334FB /* CreateRecipeFromInputUseCase.swift */ = {isa = PBXFileReference; lastKnownFileType = sourcecode.swift; path = CreateRecipeFromInputUseCase.swift; sourceTree = "<group>"; };
		CA1552812C0A5D71000334FB /* MockCreateRecipeFromInputUseCase.swift */ = {isa = PBXFileReference; lastKnownFileType = sourcecode.swift; path = MockCreateRecipeFromInputUseCase.swift; sourceTree = "<group>"; };
		CA1552832C0A5D9A000334FB /* MockFetchRecipeInstructionsUseCase.swift */ = {isa = PBXFileReference; lastKnownFileType = sourcecode.swift; path = MockFetchRecipeInstructionsUseCase.swift; sourceTree = "<group>"; };
		CA1552852C0A5DB9000334FB /* TestError.swift */ = {isa = PBXFileReference; lastKnownFileType = sourcecode.swift; path = TestError.swift; sourceTree = "<group>"; };
		CA1552872C0A5DEB000334FB /* FetchRecipeInstructionsUseCase.swift */ = {isa = PBXFileReference; lastKnownFileType = sourcecode.swift; path = FetchRecipeInstructionsUseCase.swift; sourceTree = "<group>"; };
		CA1552892C0A5E2E000334FB /* CreateRecipeFromInputUseCaseImpTests.swift */ = {isa = PBXFileReference; lastKnownFileType = sourcecode.swift; path = CreateRecipeFromInputUseCaseImpTests.swift; sourceTree = "<group>"; };
		CA17289329EB4B9F000F867B /* NumericTextField.swift */ = {isa = PBXFileReference; lastKnownFileType = sourcecode.swift; path = NumericTextField.swift; sourceTree = "<group>"; };
		CA17289529EB4CA8000F867B /* View+Responder.swift */ = {isa = PBXFileReference; lastKnownFileType = sourcecode.swift; path = "View+Responder.swift"; sourceTree = "<group>"; };
		CA17289C29EB5097000F867B /* CreateRecipeCoffeeWaterSelection.swift */ = {isa = PBXFileReference; lastKnownFileType = sourcecode.swift; path = CreateRecipeCoffeeWaterSelection.swift; sourceTree = "<group>"; };
		CA17289E29EB58F1000F867B /* CreateRecipeProfileSelection.swift */ = {isa = PBXFileReference; lastKnownFileType = sourcecode.swift; path = CreateRecipeProfileSelection.swift; sourceTree = "<group>"; };
		CA1B52AF2C0B97B300C4B923 /* BrewMethodRepository.swift */ = {isa = PBXFileReference; lastKnownFileType = sourcecode.swift; path = BrewMethodRepository.swift; sourceTree = "<group>"; };
		CA1B52B22C0B97E700C4B923 /* BrewMethodRepositoryImp.swift */ = {isa = PBXFileReference; lastKnownFileType = sourcecode.swift; path = BrewMethodRepositoryImp.swift; sourceTree = "<group>"; };
		CA1B52B42C0B980400C4B923 /* FetchRecipeInstructionsRequest.swift */ = {isa = PBXFileReference; lastKnownFileType = sourcecode.swift; path = FetchRecipeInstructionsRequest.swift; sourceTree = "<group>"; };
		CA1B52B92C0B98D000C4B923 /* BrewMethodRepositoryImpTests.swift */ = {isa = PBXFileReference; lastKnownFileType = sourcecode.swift; path = BrewMethodRepositoryImpTests.swift; sourceTree = "<group>"; };
		CA1B52BB2C0BA30500C4B923 /* GetBrewMethodsRequest.swift */ = {isa = PBXFileReference; lastKnownFileType = sourcecode.swift; path = GetBrewMethodsRequest.swift; sourceTree = "<group>"; };
		CA2A00C92C0B65E10040B50D /* Errors.swift */ = {isa = PBXFileReference; lastKnownFileType = sourcecode.swift; path = Errors.swift; sourceTree = "<group>"; };
		CA2A00CD2C0B8FF10040B50D /* GetBrewMethodsUseCase.swift */ = {isa = PBXFileReference; lastKnownFileType = sourcecode.swift; path = GetBrewMethodsUseCase.swift; sourceTree = "<group>"; };
		CA2A00D02C0B90A40040B50D /* GetBrewMethodsUseCaseImpTests.swift */ = {isa = PBXFileReference; lastKnownFileType = sourcecode.swift; path = GetBrewMethodsUseCaseImpTests.swift; sourceTree = "<group>"; };
		CA2D8BE12A02F3AA00BA2899 /* CreateRecipeContext.swift */ = {isa = PBXFileReference; lastKnownFileType = sourcecode.swift; path = CreateRecipeContext.swift; sourceTree = "<group>"; };
		CA367D2E29A2B0370095B1B8 /* CoffeeTimer.app */ = {isa = PBXFileReference; explicitFileType = wrapper.application; includeInIndex = 0; path = CoffeeTimer.app; sourceTree = BUILT_PRODUCTS_DIR; };
		CA367D3129A2B0370095B1B8 /* CoffeeTimerApp.swift */ = {isa = PBXFileReference; lastKnownFileType = sourcecode.swift; path = CoffeeTimerApp.swift; sourceTree = "<group>"; };
		CA367D3529A2B0380095B1B8 /* Assets.xcassets */ = {isa = PBXFileReference; lastKnownFileType = folder.assetcatalog; path = Assets.xcassets; sourceTree = "<group>"; };
		CA367D3829A2B0380095B1B8 /* Preview Assets.xcassets */ = {isa = PBXFileReference; lastKnownFileType = folder.assetcatalog; path = "Preview Assets.xcassets"; sourceTree = "<group>"; };
		CA367D3E29A2B0380095B1B8 /* CoffeeTimerTests.xctest */ = {isa = PBXFileReference; explicitFileType = wrapper.cfbundle; includeInIndex = 0; path = CoffeeTimerTests.xctest; sourceTree = BUILT_PRODUCTS_DIR; };
		CA3CA4AE2A1AA20B00C76E28 /* RecipeMapper.swift */ = {isa = PBXFileReference; lastKnownFileType = sourcecode.swift; path = RecipeMapper.swift; sourceTree = "<group>"; };
		CA3CA4B02A1AA22600C76E28 /* RecipeMapperTests.swift */ = {isa = PBXFileReference; lastKnownFileType = sourcecode.swift; path = RecipeMapperTests.swift; sourceTree = "<group>"; };
		CA4758DE2A0C2D440022BC7D /* RecipesView.swift */ = {isa = PBXFileReference; lastKnownFileType = sourcecode.swift; path = RecipesView.swift; sourceTree = "<group>"; };
		CA4758E02A0C3A200022BC7D /* RecipeRowView.swift */ = {isa = PBXFileReference; lastKnownFileType = sourcecode.swift; path = RecipeRowView.swift; sourceTree = "<group>"; };
		CA4758E32A0C3C5C0022BC7D /* RecipesFlowView.swift */ = {isa = PBXFileReference; lastKnownFileType = sourcecode.swift; path = RecipesFlowView.swift; sourceTree = "<group>"; };
		CA5A7D0E2A0EBA7400C7EC04 /* DTOs.swift */ = {isa = PBXFileReference; lastKnownFileType = sourcecode.swift; path = DTOs.swift; sourceTree = "<group>"; };
		CA5CA81829EB662F001E384D /* View+Background.swift */ = {isa = PBXFileReference; lastKnownFileType = sourcecode.swift; path = "View+Background.swift"; sourceTree = "<group>"; };
		CA5E907C29D61AED00A78CF2 /* Entities.swift */ = {isa = PBXFileReference; lastKnownFileType = sourcecode.swift; path = Entities.swift; sourceTree = "<group>"; };
		CA6263B72A250F00003E167D /* Storage.swift */ = {isa = PBXFileReference; lastKnownFileType = sourcecode.swift; path = Storage.swift; sourceTree = "<group>"; };
		CA6263BA2A25492D003E167D /* DTOs+Stub.swift */ = {isa = PBXFileReference; lastKnownFileType = sourcecode.swift; path = "DTOs+Stub.swift"; sourceTree = "<group>"; };
		CA6263BE2A25499A003E167D /* Entities+Stub.swift */ = {isa = PBXFileReference; lastKnownFileType = sourcecode.swift; path = "Entities+Stub.swift"; sourceTree = "<group>"; };
		CA6263C62A254EB3003E167D /* Color+HexString.swift */ = {isa = PBXFileReference; lastKnownFileType = sourcecode.swift; path = "Color+HexString.swift"; sourceTree = "<group>"; };
		CA6263CE2A2551B5003E167D /* MockStore.swift */ = {isa = PBXFileReference; lastKnownFileType = sourcecode.swift; path = MockStore.swift; sourceTree = "<group>"; };
		CA6263D02A255266003E167D /* RecipeProfile+UserDefined.swift */ = {isa = PBXFileReference; lastKnownFileType = sourcecode.swift; path = "RecipeProfile+UserDefined.swift"; sourceTree = "<group>"; };
		CA77908C2A06A39900BEA142 /* String+Filter.swift */ = {isa = PBXFileReference; lastKnownFileType = sourcecode.swift; path = "String+Filter.swift"; sourceTree = "<group>"; };
		CA7790922A06DB5300BEA142 /* TitledContent.swift */ = {isa = PBXFileReference; lastKnownFileType = sourcecode.swift; path = TitledContent.swift; sourceTree = "<group>"; };
		CA7790942A06E39000BEA142 /* CreateRecipeFromContextUseCaseImpTests.swift */ = {isa = PBXFileReference; lastKnownFileType = sourcecode.swift; path = CreateRecipeFromContextUseCaseImpTests.swift; sourceTree = "<group>"; };
		CA7790982A06F34100BEA142 /* CreateContextToInputMapperImpTests.swift */ = {isa = PBXFileReference; lastKnownFileType = sourcecode.swift; path = CreateContextToInputMapperImpTests.swift; sourceTree = "<group>"; };
		CA77909A2A06F35A00BEA142 /* CreateContextToInputMapper.swift */ = {isa = PBXFileReference; lastKnownFileType = sourcecode.swift; path = CreateContextToInputMapper.swift; sourceTree = "<group>"; };
		CA77909C2A06F37700BEA142 /* CreateRecipeFromContextUseCase.swift */ = {isa = PBXFileReference; lastKnownFileType = sourcecode.swift; path = CreateRecipeFromContextUseCase.swift; sourceTree = "<group>"; };
		CA7790A02A06F3BB00BEA142 /* Equatable.swift */ = {isa = PBXFileReference; lastKnownFileType = sourcecode.swift; path = Equatable.swift; sourceTree = "<group>"; };
		CA7790A72A06F40F00BEA142 /* MockCreateContextToInputMapper.swift */ = {isa = PBXFileReference; lastKnownFileType = sourcecode.swift; path = MockCreateContextToInputMapper.swift; sourceTree = "<group>"; };
		CA7B804429BFA9E6007D3DFC /* CountdownTimer.swift */ = {isa = PBXFileReference; lastKnownFileType = sourcecode.swift; path = CountdownTimer.swift; sourceTree = "<group>"; };
		CA7B804629BFAA21007D3DFC /* CountdownTimerImpTests.swift */ = {isa = PBXFileReference; lastKnownFileType = sourcecode.swift; path = CountdownTimerImpTests.swift; sourceTree = "<group>"; };
		CA7B804A29BFABBB007D3DFC /* StageTimerView.swift */ = {isa = PBXFileReference; lastKnownFileType = sourcecode.swift; path = StageTimerView.swift; sourceTree = "<group>"; };
		CA7B804C29BFBD8C007D3DFC /* BrewQueueView.swift */ = {isa = PBXFileReference; lastKnownFileType = sourcecode.swift; path = BrewQueueView.swift; sourceTree = "<group>"; };
		CA7D9E2A2C4BE4A900908159 /* CreateMethodView.swift */ = {isa = PBXFileReference; lastKnownFileType = sourcecode.swift; path = CreateMethodView.swift; sourceTree = "<group>"; };
		CA7D9E2C2C4BEB7600908159 /* TitledPicker.swift */ = {isa = PBXFileReference; lastKnownFileType = sourcecode.swift; path = TitledPicker.swift; sourceTree = "<group>"; };
		CA7D9E2E2C4BEB8500908159 /* Titled.swift */ = {isa = PBXFileReference; lastKnownFileType = sourcecode.swift; path = Titled.swift; sourceTree = "<group>"; };
		CA7D9E302C4C066800908159 /* Separator.swift */ = {isa = PBXFileReference; lastKnownFileType = sourcecode.swift; path = Separator.swift; sourceTree = "<group>"; };
		CA7D9E322C4C153300908159 /* CreateMethodDetailsView.swift */ = {isa = PBXFileReference; lastKnownFileType = sourcecode.swift; path = CreateMethodDetailsView.swift; sourceTree = "<group>"; };
		CA7D9E342C4C15F500908159 /* CreateMethodInstructionsView.swift */ = {isa = PBXFileReference; lastKnownFileType = sourcecode.swift; path = CreateMethodInstructionsView.swift; sourceTree = "<group>"; };
		CA852F242BD5552D00FEF144 /* RecipeInstructions.swift */ = {isa = PBXFileReference; lastKnownFileType = sourcecode.swift; path = RecipeInstructions.swift; sourceTree = "<group>"; };
		CA8B41B22C0CAC9800C0DA86 /* mini_instructions.json */ = {isa = PBXFileReference; lastKnownFileType = text.json; path = mini_instructions.json; sourceTree = "<group>"; };
		CA8B41B42C0CB0CC00C0DA86 /* loadInstructions.swift */ = {isa = PBXFileReference; lastKnownFileType = sourcecode.swift; path = loadInstructions.swift; sourceTree = "<group>"; };
		CA8B44422A2563780003EE57 /* Colors.xcassets */ = {isa = PBXFileReference; lastKnownFileType = folder.assetcatalog; path = Colors.xcassets; sourceTree = "<group>"; };
		CA8C9AEA2C0B4339000A71AC /* FetchRecipeInstructionsUseCaseImpTests.swift */ = {isa = PBXFileReference; lastKnownFileType = sourcecode.swift; path = FetchRecipeInstructionsUseCaseImpTests.swift; sourceTree = "<group>"; };
		CA8C9AED2C0B5081000A71AC /* RecipeInstructionsRepository.swift */ = {isa = PBXFileReference; lastKnownFileType = sourcecode.swift; path = RecipeInstructionsRepository.swift; sourceTree = "<group>"; };
		CA8C9AF02C0B50ED000A71AC /* RecipeInstructionsRepositoryImp.swift */ = {isa = PBXFileReference; lastKnownFileType = sourcecode.swift; path = RecipeInstructionsRepositoryImp.swift; sourceTree = "<group>"; };
		CA8C9AF32C0B51A9000A71AC /* RecipeInstructionsRepositoryImpTests.swift */ = {isa = PBXFileReference; lastKnownFileType = sourcecode.swift; path = RecipeInstructionsRepositoryImpTests.swift; sourceTree = "<group>"; };
		CA8C9AF62C0B6061000A71AC /* NetworkManagerImp.swift */ = {isa = PBXFileReference; lastKnownFileType = sourcecode.swift; path = NetworkManagerImp.swift; sourceTree = "<group>"; };
		CA8C9AF92C0B609D000A71AC /* Request.swift */ = {isa = PBXFileReference; lastKnownFileType = sourcecode.swift; path = Request.swift; sourceTree = "<group>"; };
		CA91CEF629E5FA9100E9F5D1 /* AppFlowView.swift */ = {isa = PBXFileReference; lastKnownFileType = sourcecode.swift; path = AppFlowView.swift; sourceTree = "<group>"; };
		CA9BDA282A2CFD290068DFF7 /* CreateRecipeInput.swift */ = {isa = PBXFileReference; lastKnownFileType = sourcecode.swift; path = CreateRecipeInput.swift; sourceTree = "<group>"; };
		CAA325892BD438B1008440D0 /* instructions_v60_single.json */ = {isa = PBXFileReference; fileEncoding = 4; lastKnownFileType = text.json; path = instructions_v60_single.json; sourceTree = "<group>"; };
		CAB1925E2A0D6B6500043837 /* RecipeRepositoryImpTests.swift */ = {isa = PBXFileReference; lastKnownFileType = sourcecode.swift; path = RecipeRepositoryImpTests.swift; sourceTree = "<group>"; };
		CABD23902C4EEB12005C599F /* InstructionActionViewBuilder.swift */ = {isa = PBXFileReference; lastKnownFileType = sourcecode.swift; path = InstructionActionViewBuilder.swift; sourceTree = "<group>"; };
		CABD23922C4EEB2F005C599F /* MessageInstructionActionView.swift */ = {isa = PBXFileReference; lastKnownFileType = sourcecode.swift; path = MessageInstructionActionView.swift; sourceTree = "<group>"; };
		CABD23942C4EEB47005C599F /* PauseInstructionActionView.swift */ = {isa = PBXFileReference; lastKnownFileType = sourcecode.swift; path = PauseInstructionActionView.swift; sourceTree = "<group>"; };
		CABD23962C4EEB63005C599F /* PutInstructionActionView.swift */ = {isa = PBXFileReference; lastKnownFileType = sourcecode.swift; path = PutInstructionActionView.swift; sourceTree = "<group>"; };
		CABD239A2C4EEB8E005C599F /* InstructionRequirementItem.swift */ = {isa = PBXFileReference; lastKnownFileType = sourcecode.swift; path = InstructionRequirementItem.swift; sourceTree = "<group>"; };
		CABD239C2C4EEBAB005C599F /* IngredientTypeItem.swift */ = {isa = PBXFileReference; lastKnownFileType = sourcecode.swift; path = IngredientTypeItem.swift; sourceTree = "<group>"; };
		CABD239E2C4EEBB9005C599F /* InstructionInteractionMethodItem.swift */ = {isa = PBXFileReference; lastKnownFileType = sourcecode.swift; path = InstructionInteractionMethodItem.swift; sourceTree = "<group>"; };
		CABD23A02C4EEBE2005C599F /* Instructions+Stub.swift */ = {isa = PBXFileReference; lastKnownFileType = sourcecode.swift; path = "Instructions+Stub.swift"; sourceTree = "<group>"; };
		CABD23A22C4EEC13005C599F /* RecipeInstructionActionItem.swift */ = {isa = PBXFileReference; lastKnownFileType = sourcecode.swift; path = RecipeInstructionActionItem.swift; sourceTree = "<group>"; };
		CAC371E62C558608004D7659 /* PauseActionModel.swift */ = {isa = PBXFileReference; lastKnownFileType = sourcecode.swift; path = PauseActionModel.swift; sourceTree = "<group>"; };
		CAC371E82C558662004D7659 /* MessageActionModel.swift */ = {isa = PBXFileReference; lastKnownFileType = sourcecode.swift; path = MessageActionModel.swift; sourceTree = "<group>"; };
		CAC371EA2C558687004D7659 /* PutActionModel.swift */ = {isa = PBXFileReference; lastKnownFileType = sourcecode.swift; path = PutActionModel.swift; sourceTree = "<group>"; };
		CAC371EC2C5586EF004D7659 /* Updatables.swift */ = {isa = PBXFileReference; lastKnownFileType = sourcecode.swift; path = Updatables.swift; sourceTree = "<group>"; };
		CAC59D872C47137900301A43 /* mini_iced_instructions.json */ = {isa = PBXFileReference; lastKnownFileType = text.json; path = mini_iced_instructions.json; sourceTree = "<group>"; };
		CAD01B4E2C395B5B004A1EFF /* StageHeaderView.swift */ = {isa = PBXFileReference; lastKnownFileType = sourcecode.swift; path = StageHeaderView.swift; sourceTree = "<group>"; };
		CAD071E629DCCB000010E561 /* Entities+Stub.swift */ = {isa = PBXFileReference; lastKnownFileType = sourcecode.swift; path = "Entities+Stub.swift"; sourceTree = "<group>"; };
		CAD226D52C4D82EA00BD6DAD /* RecipeInstructionActionView.swift */ = {isa = PBXFileReference; lastKnownFileType = sourcecode.swift; path = RecipeInstructionActionView.swift; sourceTree = "<group>"; };
		CAE3944129DE13C0007611F1 /* CreateRecipeView.swift */ = {isa = PBXFileReference; lastKnownFileType = sourcecode.swift; path = CreateRecipeView.swift; sourceTree = "<group>"; };
		CAEE2F6F2C42A03F00D7D61E /* button-click.wav */ = {isa = PBXFileReference; lastKnownFileType = audio.wav; path = "button-click.wav"; sourceTree = "<group>"; };
		CAF42CDE29EC907F004D7788 /* View+ClearButton.swift */ = {isa = PBXFileReference; lastKnownFileType = sourcecode.swift; path = "View+ClearButton.swift"; sourceTree = "<group>"; };
		CAF42CE029EC90CA004D7788 /* AlphanumericTextField.swift */ = {isa = PBXFileReference; lastKnownFileType = sourcecode.swift; path = AlphanumericTextField.swift; sourceTree = "<group>"; };
		CAF42CE229EC9524004D7788 /* CreateRecipeFlowView.swift */ = {isa = PBXFileReference; lastKnownFileType = sourcecode.swift; path = CreateRecipeFlowView.swift; sourceTree = "<group>"; };
		CAF42CE429EC9548004D7788 /* Navigable.swift */ = {isa = PBXFileReference; lastKnownFileType = sourcecode.swift; path = Navigable.swift; sourceTree = "<group>"; };
		CAF42CE629EC9561004D7788 /* Completable.swift */ = {isa = PBXFileReference; lastKnownFileType = sourcecode.swift; path = Completable.swift; sourceTree = "<group>"; };
		CAF42CF029EC98E4004D7788 /* RecipeRepositoryImp.swift */ = {isa = PBXFileReference; lastKnownFileType = sourcecode.swift; path = RecipeRepositoryImp.swift; sourceTree = "<group>"; };
		CAF42CF229EC9906004D7788 /* RecipeRepository.swift */ = {isa = PBXFileReference; lastKnownFileType = sourcecode.swift; path = RecipeRepository.swift; sourceTree = "<group>"; };
		CAF42CF429EC9D4D004D7788 /* CreateRecipeBrewMethodSelection.swift */ = {isa = PBXFileReference; lastKnownFileType = sourcecode.swift; path = CreateRecipeBrewMethodSelection.swift; sourceTree = "<group>"; };
		CAFCF54A2A6F0A1700875CB7 /* HapticGenerator.swift */ = {isa = PBXFileReference; lastKnownFileType = sourcecode.swift; path = HapticGenerator.swift; sourceTree = "<group>"; };
		F208EF242EABD137005B87DE /* EditRecipeAmountsView.swift */ = {isa = PBXFileReference; lastKnownFileType = sourcecode.swift; path = EditRecipeAmountsView.swift; sourceTree = "<group>"; };
		F208EF252EABD137005B87DE /* EditRecipeAmountsViewModel.swift */ = {isa = PBXFileReference; lastKnownFileType = sourcecode.swift; path = EditRecipeAmountsViewModel.swift; sourceTree = "<group>"; };
		F222D3AE2CFB8CBC00AD7AF4 /* InfoButton.swift */ = {isa = PBXFileReference; lastKnownFileType = sourcecode.swift; path = InfoButton.swift; sourceTree = "<group>"; };
		F222D3B02CFBAA4000AD7AF4 /* InfoView.swift */ = {isa = PBXFileReference; lastKnownFileType = sourcecode.swift; path = InfoView.swift; sourceTree = "<group>"; };
		F22E68CD2CF38D2E00EE80FA /* CreateBrewMethodContext.swift */ = {isa = PBXFileReference; lastKnownFileType = sourcecode.swift; path = CreateBrewMethodContext.swift; sourceTree = "<group>"; };
		F22E68D02CF38D9A00EE80FA /* CreateBrewMethodUseCaseImpTests.swift */ = {isa = PBXFileReference; lastKnownFileType = sourcecode.swift; path = CreateBrewMethodUseCaseImpTests.swift; sourceTree = "<group>"; };
		F22E68D22CF38DB600EE80FA /* CreateBrewMethodUseCase.swift */ = {isa = PBXFileReference; lastKnownFileType = sourcecode.swift; path = CreateBrewMethodUseCase.swift; sourceTree = "<group>"; };
		F233D28C2CF3E52100E357A5 /* RecipeInstructionStepMapper.swift */ = {isa = PBXFileReference; lastKnownFileType = sourcecode.swift; path = RecipeInstructionStepMapper.swift; sourceTree = "<group>"; };
		F23A6E212CFFB14800AB94C4 /* PostBrewView.swift */ = {isa = PBXFileReference; lastKnownFileType = sourcecode.swift; path = PostBrewView.swift; sourceTree = "<group>"; };
		F23A6E232CFFB5F100AB94C4 /* post-brew-1.lottie */ = {isa = PBXFileReference; lastKnownFileType = file; path = "post-brew-1.lottie"; sourceTree = "<group>"; };
		F23A6E252CFFBE8F00AB94C4 /* post-brew-2.lottie */ = {isa = PBXFileReference; lastKnownFileType = file; path = "post-brew-2.lottie"; sourceTree = "<group>"; };
		F23A6E272CFFBF2400AB94C4 /* post-brew-3.lottie */ = {isa = PBXFileReference; lastKnownFileType = file; path = "post-brew-3.lottie"; sourceTree = "<group>"; };
		F270D9EB2D00CC0100466D54 /* BuyMeACoffeeView.swift */ = {isa = PBXFileReference; lastKnownFileType = sourcecode.swift; path = BuyMeACoffeeView.swift; sourceTree = "<group>"; };
		F270D9ED2D00CE2500466D54 /* GiftCoffeeView.swift */ = {isa = PBXFileReference; lastKnownFileType = sourcecode.swift; path = GiftCoffeeView.swift; sourceTree = "<group>"; };
		F27523792CFD185500F42AC7 /* RemoveBrewMethodUseCase.swift */ = {isa = PBXFileReference; lastKnownFileType = sourcecode.swift; path = RemoveBrewMethodUseCase.swift; sourceTree = "<group>"; };
		F27B2D682CF28D2100B425E9 /* IngredientAmountTypeItem.swift */ = {isa = PBXFileReference; lastKnownFileType = sourcecode.swift; path = IngredientAmountTypeItem.swift; sourceTree = "<group>"; };
		F2AFA14D2CF7B61800984AE2 /* GoogleService-Info.plist */ = {isa = PBXFileReference; lastKnownFileType = text.plist.xml; path = "GoogleService-Info.plist"; sourceTree = "<group>"; };
		F2CCBBFB2CFE75610085C590 /* AnimationView.swift */ = {isa = PBXFileReference; lastKnownFileType = sourcecode.swift; path = AnimationView.swift; sourceTree = "<group>"; };
		F2CCBBFD2CFE76320085C590 /* chemex.lottie */ = {isa = PBXFileReference; lastKnownFileType = file; path = chemex.lottie; sourceTree = "<group>"; };
		F2D5AB812CF66FCF004AE191 /* PagerView.swift */ = {isa = PBXFileReference; lastKnownFileType = sourcecode.swift; path = PagerView.swift; sourceTree = "<group>"; };
		F2DB5FBE2CF3BAFE000D67ED /* RecipeInstructionActionItem+Stub.swift */ = {isa = PBXFileReference; lastKnownFileType = sourcecode.swift; path = "RecipeInstructionActionItem+Stub.swift"; sourceTree = "<group>"; };
		F2FBE5142CFF7F860084D821 /* v60.lottie */ = {isa = PBXFileReference; lastKnownFileType = file; path = v60.lottie; sourceTree = "<group>"; };
		F2FBE5162CFF81570084D821 /* aeropress.lottie */ = {isa = PBXFileReference; lastKnownFileType = file; path = aeropress.lottie; sourceTree = "<group>"; };
		F2FBE5182CFF815D0084D821 /* french-press.lottie */ = {isa = PBXFileReference; lastKnownFileType = file; path = "french-press.lottie"; sourceTree = "<group>"; };
/* End PBXFileReference section */

/* Begin PBXFrameworksBuildPhase section */
		CA367D2B29A2B0370095B1B8 /* Frameworks */ = {
			isa = PBXFrameworksBuildPhase;
			buildActionMask = 2147483647;
			files = (
				F2AFA1512CF7BA5A00984AE2 /* FirebaseAnalyticsWithoutAdIdSupport in Frameworks */,
				F2AFA1532CF7BA5A00984AE2 /* FirebaseCrashlytics in Frameworks */,
				F2CCBBFA2CFE72940085C590 /* Lottie in Frameworks */,
			);
			runOnlyForDeploymentPostprocessing = 0;
		};
		CA367D3B29A2B0380095B1B8 /* Frameworks */ = {
			isa = PBXFrameworksBuildPhase;
			buildActionMask = 2147483647;
			files = (
			);
			runOnlyForDeploymentPostprocessing = 0;
		};
/* End PBXFrameworksBuildPhase section */

/* Begin PBXGroup section */
		CA02D0D62A255A360012EE87 /* Repository */ = {
			isa = PBXGroup;
			children = (
				CA02D0DA2A255A650012EE87 /* Storage */,
				CA02D0D92A255A530012EE87 /* Recipe */,
			);
			path = Repository;
			sourceTree = "<group>";
		};
		CA02D0D92A255A530012EE87 /* Recipe */ = {
			isa = PBXGroup;
			children = (
				CA02D0D72A255A440012EE87 /* MockRecipeMapper.swift */,
			);
			path = Recipe;
			sourceTree = "<group>";
		};
		CA02D0DA2A255A650012EE87 /* Storage */ = {
			isa = PBXGroup;
			children = (
				CA02D0DB2A255A6D0012EE87 /* MockStorage.swift */,
			);
			path = Storage;
			sourceTree = "<group>";
		};
		CA17289229EB4B90000F867B /* Views */ = {
			isa = PBXGroup;
			children = (
				CABD23992C4EEB82005C599F /* Items */,
				CAF42CE029EC90CA004D7788 /* AlphanumericTextField.swift */,
				F2CCBBFB2CFE75610085C590 /* AnimationView.swift */,
				F270D9EB2D00CC0100466D54 /* BuyMeACoffeeView.swift */,
				F222D3AE2CFB8CBC00AD7AF4 /* InfoButton.swift */,
				F222D3B02CFBAA4000AD7AF4 /* InfoView.swift */,
				CA17289329EB4B9F000F867B /* NumericTextField.swift */,
				F2D5AB812CF66FCF004AE191 /* PagerView.swift */,
				CA7D9E302C4C066800908159 /* Separator.swift */,
				CA7790922A06DB5300BEA142 /* TitledContent.swift */,
				CA7D9E2C2C4BEB7600908159 /* TitledPicker.swift */,
			);
			path = Views;
			sourceTree = "<group>";
		};
		CA17289729EB4CC9000F867B /* Models */ = {
			isa = PBXGroup;
			children = (
				CAF42CE629EC9561004D7788 /* Completable.swift */,
				CAF42CE429EC9548004D7788 /* Navigable.swift */,
				CA7D9E2E2C4BEB8500908159 /* Titled.swift */,
			);
			path = Models;
			sourceTree = "<group>";
		};
		CA1B52B12C0B97DA00C4B923 /* BrewMethod */ = {
			isa = PBXGroup;
			children = (
				CA1B52B22C0B97E700C4B923 /* BrewMethodRepositoryImp.swift */,
				CA1B52BB2C0BA30500C4B923 /* GetBrewMethodsRequest.swift */,
			);
			path = BrewMethod;
			sourceTree = "<group>";
		};
		CA1B52B62C0B98A900C4B923 /* BrewMethod */ = {
			isa = PBXGroup;
			children = (
				CA1B52B92C0B98D000C4B923 /* BrewMethodRepositoryImpTests.swift */,
			);
			path = BrewMethod;
			sourceTree = "<group>";
		};
		CA1BCC6F2C7A491700AAE107 /* Put */ = {
			isa = PBXGroup;
			children = (
				CABD23962C4EEB63005C599F /* PutInstructionActionView.swift */,
				CAC371EA2C558687004D7659 /* PutActionModel.swift */,
			);
			path = Put;
			sourceTree = "<group>";
		};
		CA1BCC702C7A491D00AAE107 /* Pause */ = {
			isa = PBXGroup;
			children = (
				CAC371E62C558608004D7659 /* PauseActionModel.swift */,
				CABD23942C4EEB47005C599F /* PauseInstructionActionView.swift */,
			);
			path = Pause;
			sourceTree = "<group>";
		};
		CA1BCC712C7A492100AAE107 /* Message */ = {
			isa = PBXGroup;
			children = (
				CAC371E82C558662004D7659 /* MessageActionModel.swift */,
				CABD23922C4EEB2F005C599F /* MessageInstructionActionView.swift */,
			);
			path = Message;
			sourceTree = "<group>";
		};
		CA2A00CF2C0B908E0040B50D /* BrewMethods */ = {
			isa = PBXGroup;
			children = (
				CA2A00D02C0B90A40040B50D /* GetBrewMethodsUseCaseImpTests.swift */,
				F22E68D02CF38D9A00EE80FA /* CreateBrewMethodUseCaseImpTests.swift */,
			);
			path = BrewMethods;
			sourceTree = "<group>";
		};
		CA367D2529A2B0370095B1B8 = {
			isa = PBXGroup;
			children = (
				CA367D3029A2B0370095B1B8 /* CoffeeTimer */,
				CA367D4129A2B0380095B1B8 /* CoffeeTimerTests */,
				CA367D2F29A2B0370095B1B8 /* Products */,
			);
			sourceTree = "<group>";
		};
		CA367D2F29A2B0370095B1B8 /* Products */ = {
			isa = PBXGroup;
			children = (
				CA367D2E29A2B0370095B1B8 /* CoffeeTimer.app */,
				CA367D3E29A2B0380095B1B8 /* CoffeeTimerTests.xctest */,
			);
			name = Products;
			sourceTree = "<group>";
		};
		CA367D3029A2B0370095B1B8 /* CoffeeTimer */ = {
			isa = PBXGroup;
			children = (
				CAEE2F6F2C42A03F00D7D61E /* button-click.wav */,
				CAA325892BD438B1008440D0 /* instructions_v60_single.json */,
				CA9BDA1D2A2CDC9E0068DFF7 /* Timer */,
				CA852F232BD5551900FEF144 /* Recipe */,
				CA8C9AEC2C0B5074000A71AC /* RecipeInstructions */,
				CAAB27C72C41C66200E3997E /* BrewMethod */,
				CA5E907829D61AA400A78CF2 /* Entities */,
				CA981F822A2695D8000254CD /* iOS */,
				CA367D3729A2B0380095B1B8 /* Preview Content */,
				CAF42CEE29EC98BF004D7788 /* Repository */,
				CA8C9AF52C0B604C000A71AC /* Network */,
			);
			path = CoffeeTimer;
			sourceTree = "<group>";
		};
		CA367D3729A2B0380095B1B8 /* Preview Content */ = {
			isa = PBXGroup;
			children = (
				CA6263BE2A25499A003E167D /* Entities+Stub.swift */,
				CA367D3829A2B0380095B1B8 /* Preview Assets.xcassets */,
				CABD23A02C4EEBE2005C599F /* Instructions+Stub.swift */,
			);
			path = "Preview Content";
			sourceTree = "<group>";
		};
		CA367D4129A2B0380095B1B8 /* CoffeeTimerTests */ = {
			isa = PBXGroup;
			children = (
				CA8B41AF2C0CAC5800C0DA86 /* Resources */,
				CA7790A32A06F3DD00BEA142 /* Mock */,
				CA7790A22A06F3D500BEA142 /* Source */,
				CA77909E2A06F3A400BEA142 /* Utils */,
			);
			path = CoffeeTimerTests;
			sourceTree = "<group>";
		};
		CA3CA4A92A1A803600C76E28 /* Recipe */ = {
			isa = PBXGroup;
			children = (
				CAB1925E2A0D6B6500043837 /* RecipeRepositoryImpTests.swift */,
				CA3CA4B02A1AA22600C76E28 /* RecipeMapperTests.swift */,
			);
			path = Recipe;
			sourceTree = "<group>";
		};
		CA4758DB2A0C2CF20022BC7D /* Recipes */ = {
			isa = PBXGroup;
			children = (
				CA4758DE2A0C2D440022BC7D /* RecipesView.swift */,
				CA4758E02A0C3A200022BC7D /* RecipeRowView.swift */,
			);
			path = Recipes;
			sourceTree = "<group>";
		};
		CA5A7D0D2A0EBA6900C7EC04 /* Shared */ = {
			isa = PBXGroup;
			children = (
				CA8C9AF92C0B609D000A71AC /* Request.swift */,
				CA5A7D0E2A0EBA7400C7EC04 /* DTOs.swift */,
				CA2A00C92C0B65E10040B50D /* Errors.swift */,
			);
			path = Shared;
			sourceTree = "<group>";
		};
		CA5E907829D61AA400A78CF2 /* Entities */ = {
			isa = PBXGroup;
			children = (
				CA5E907C29D61AED00A78CF2 /* Entities.swift */,
			);
			path = Entities;
			sourceTree = "<group>";
		};
		CA6263B62A250EDD003E167D /* Storage */ = {
			isa = PBXGroup;
			children = (
				CA6263B72A250F00003E167D /* Storage.swift */,
			);
			path = Storage;
			sourceTree = "<group>";
		};
		CA6263B92A2548F9003E167D /* Extension */ = {
			isa = PBXGroup;
			children = (
				F2DB5FBC2CF3BAEB000D67ED /* Items */,
				CAD071E629DCCB000010E561 /* Entities+Stub.swift */,
				CA6263BA2A25492D003E167D /* DTOs+Stub.swift */,
			);
			path = Extension;
			sourceTree = "<group>";
		};
		CA711D402A64302A00C21E41 /* Recipe */ = {
			isa = PBXGroup;
			children = (
				CA7790942A06E39000BEA142 /* CreateRecipeFromContextUseCaseImpTests.swift */,
				CA7790982A06F34100BEA142 /* CreateContextToInputMapperImpTests.swift */,
				CA1552892C0A5E2E000334FB /* CreateRecipeFromInputUseCaseImpTests.swift */,
				CA8C9AEA2C0B4339000A71AC /* FetchRecipeInstructionsUseCaseImpTests.swift */,
			);
			path = Recipe;
			sourceTree = "<group>";
		};
		CA77909E2A06F3A400BEA142 /* Utils */ = {
			isa = PBXGroup;
			children = (
				CA77909F2A06F3AB00BEA142 /* Extensions */,
				CA6263CE2A2551B5003E167D /* MockStore.swift */,
				CA1552852C0A5DB9000334FB /* TestError.swift */,
				CA8B41B42C0CB0CC00C0DA86 /* loadInstructions.swift */,
			);
			path = Utils;
			sourceTree = "<group>";
		};
		CA77909F2A06F3AB00BEA142 /* Extensions */ = {
			isa = PBXGroup;
			children = (
				CA7790A02A06F3BB00BEA142 /* Equatable.swift */,
			);
			path = Extensions;
			sourceTree = "<group>";
		};
		CA7790A22A06F3D500BEA142 /* Source */ = {
			isa = PBXGroup;
			children = (
				CA9BDA222A2CE9C30068DFF7 /* Timer */,
				CA711D402A64302A00C21E41 /* Recipe */,
				CA2A00CF2C0B908E0040B50D /* BrewMethods */,
				CAB1925B2A0D6B4400043837 /* Repository */,
			);
			path = Source;
			sourceTree = "<group>";
		};
		CA7790A32A06F3DD00BEA142 /* Mock */ = {
			isa = PBXGroup;
			children = (
				CAAB27CA2C41CA3900E3997E /* RecipeInstructions */,
				CAAB27C92C41CA0900E3997E /* Recipe */,
				CA02D0D62A255A360012EE87 /* Repository */,
				CA6263B92A2548F9003E167D /* Extension */,
			);
			path = Mock;
			sourceTree = "<group>";
		};
		CA7B804929BFABA8007D3DFC /* Scene */ = {
			isa = PBXGroup;
			children = (
				CAF42CE929EC9821004D7788 /* BrewQueue */,
				CA7D9E292C4BE45B00908159 /* CreateMethod */,
				CAF42CEA29EC9842004D7788 /* CreateRecipe */,
				CA91CEF429E5FA7D00E9F5D1 /* Flow */,
				CA4758DB2A0C2CF20022BC7D /* Recipes */,
			);
			path = Scene;
			sourceTree = "<group>";
		};
		CA7D9E292C4BE45B00908159 /* CreateMethod */ = {
			isa = PBXGroup;
			children = (
				CABD238F2C4EEAFE005C599F /* Instructions */,
				CA7D9E2A2C4BE4A900908159 /* CreateMethodView.swift */,
				CA7D9E322C4C153300908159 /* CreateMethodDetailsView.swift */,
				CA7D9E342C4C15F500908159 /* CreateMethodInstructionsView.swift */,
			);
			path = CreateMethod;
			sourceTree = "<group>";
		};
		CA852F232BD5551900FEF144 /* Recipe */ = {
			isa = PBXGroup;
			children = (
				CA77909A2A06F35A00BEA142 /* CreateContextToInputMapper.swift */,
				CA77909C2A06F37700BEA142 /* CreateRecipeFromContextUseCase.swift */,
				CA15527F2C0A5D3F000334FB /* CreateRecipeFromInputUseCase.swift */,
				CA9BDA282A2CFD290068DFF7 /* CreateRecipeInput.swift */,
				CAF42CF229EC9906004D7788 /* RecipeRepository.swift */,
			);
			path = Recipe;
			sourceTree = "<group>";
		};
		CA8B41AF2C0CAC5800C0DA86 /* Resources */ = {
			isa = PBXGroup;
			children = (
				CA8B41B22C0CAC9800C0DA86 /* mini_instructions.json */,
				CAC59D872C47137900301A43 /* mini_iced_instructions.json */,
			);
			path = Resources;
			sourceTree = "<group>";
		};
		CA8C9AEC2C0B5074000A71AC /* RecipeInstructions */ = {
			isa = PBXGroup;
			children = (
				CA1552872C0A5DEB000334FB /* FetchRecipeInstructionsUseCase.swift */,
				CA852F242BD5552D00FEF144 /* RecipeInstructions.swift */,
				CA8C9AED2C0B5081000A71AC /* RecipeInstructionsRepository.swift */,
			);
			path = RecipeInstructions;
			sourceTree = "<group>";
		};
		CA8C9AEF2C0B50DA000A71AC /* RecipeInstructions */ = {
			isa = PBXGroup;
			children = (
				CA1B52B42C0B980400C4B923 /* FetchRecipeInstructionsRequest.swift */,
				CA8C9AF02C0B50ED000A71AC /* RecipeInstructionsRepositoryImp.swift */,
			);
			path = RecipeInstructions;
			sourceTree = "<group>";
		};
		CA8C9AF22C0B519C000A71AC /* RecipeInstructions */ = {
			isa = PBXGroup;
			children = (
				CA8C9AF32C0B51A9000A71AC /* RecipeInstructionsRepositoryImpTests.swift */,
			);
			path = RecipeInstructions;
			sourceTree = "<group>";
		};
		CA8C9AF52C0B604C000A71AC /* Network */ = {
			isa = PBXGroup;
			children = (
				CA8C9AF62C0B6061000A71AC /* NetworkManagerImp.swift */,
			);
			path = Network;
			sourceTree = "<group>";
		};
		CA91CEF429E5FA7D00E9F5D1 /* Flow */ = {
			isa = PBXGroup;
			children = (
				CA91CEF629E5FA9100E9F5D1 /* AppFlowView.swift */,
				CAF42CE229EC9524004D7788 /* CreateRecipeFlowView.swift */,
				CA4758E32A0C3C5C0022BC7D /* RecipesFlowView.swift */,
				CA0A13F22C4C3A9800453CC9 /* CreateMethodFlowView.swift */,
			);
			path = Flow;
			sourceTree = "<group>";
		};
		CA981F822A2695D8000254CD /* iOS */ = {
			isa = PBXGroup;
			children = (
				CA367D3129A2B0370095B1B8 /* CoffeeTimerApp.swift */,
				CA981F832A2695E6000254CD /* Resources */,
				CA7B804929BFABA8007D3DFC /* Scene */,
				CA17289229EB4B90000F867B /* Views */,
				CAD071E329DCCAD60010E561 /* Extensions */,
				CA17289729EB4CC9000F867B /* Models */,
				CAF42CEB29EC9867004D7788 /* ViewModifiers */,
				CAFCF5492A6F0A0300875CB7 /* Utils */,
			);
			path = iOS;
			sourceTree = "<group>";
		};
		CA981F832A2695E6000254CD /* Resources */ = {
			isa = PBXGroup;
			children = (
				F23A6E272CFFBF2400AB94C4 /* post-brew-3.lottie */,
				F23A6E252CFFBE8F00AB94C4 /* post-brew-2.lottie */,
				F23A6E232CFFB5F100AB94C4 /* post-brew-1.lottie */,
				F2FBE5182CFF815D0084D821 /* french-press.lottie */,
				F2FBE5162CFF81570084D821 /* aeropress.lottie */,
				F2FBE5142CFF7F860084D821 /* v60.lottie */,
				F2CCBBFD2CFE76320085C590 /* chemex.lottie */,
				F2AFA14D2CF7B61800984AE2 /* GoogleService-Info.plist */,
				CA8B44422A2563780003EE57 /* Colors.xcassets */,
				CA367D3529A2B0380095B1B8 /* Assets.xcassets */,
			);
			path = Resources;
			sourceTree = "<group>";
		};
		CA9BDA1D2A2CDC9E0068DFF7 /* Timer */ = {
			isa = PBXGroup;
			children = (
				CA7B804429BFA9E6007D3DFC /* CountdownTimer.swift */,
			);
			path = Timer;
			sourceTree = "<group>";
		};
		CA9BDA222A2CE9C30068DFF7 /* Timer */ = {
			isa = PBXGroup;
			children = (
				CA7B804629BFAA21007D3DFC /* CountdownTimerImpTests.swift */,
			);
			path = Timer;
			sourceTree = "<group>";
		};
		CAAB27C72C41C66200E3997E /* BrewMethod */ = {
			isa = PBXGroup;
			children = (
				CA2A00CD2C0B8FF10040B50D /* GetBrewMethodsUseCase.swift */,
				F27523792CFD185500F42AC7 /* RemoveBrewMethodUseCase.swift */,
				CA1B52AF2C0B97B300C4B923 /* BrewMethodRepository.swift */,
				F22E68CD2CF38D2E00EE80FA /* CreateBrewMethodContext.swift */,
				F22E68D22CF38DB600EE80FA /* CreateBrewMethodUseCase.swift */,
				F233D28C2CF3E52100E357A5 /* RecipeInstructionStepMapper.swift */,
			);
			path = BrewMethod;
			sourceTree = "<group>";
		};
		CAAB27C92C41CA0900E3997E /* Recipe */ = {
			isa = PBXGroup;
			children = (
				CA7790A72A06F40F00BEA142 /* MockCreateContextToInputMapper.swift */,
				CA1552812C0A5D71000334FB /* MockCreateRecipeFromInputUseCase.swift */,
			);
			path = Recipe;
			sourceTree = "<group>";
		};
		CAAB27CA2C41CA3900E3997E /* RecipeInstructions */ = {
			isa = PBXGroup;
			children = (
				CA1552832C0A5D9A000334FB /* MockFetchRecipeInstructionsUseCase.swift */,
			);
			path = RecipeInstructions;
			sourceTree = "<group>";
		};
		CAB1925B2A0D6B4400043837 /* Repository */ = {
			isa = PBXGroup;
			children = (
				CA1B52B62C0B98A900C4B923 /* BrewMethod */,
				CA8C9AF22C0B519C000A71AC /* RecipeInstructions */,
				CA3CA4A92A1A803600C76E28 /* Recipe */,
			);
			path = Repository;
			sourceTree = "<group>";
		};
		CABD238F2C4EEAFE005C599F /* Instructions */ = {
			isa = PBXGroup;
			children = (
				CABD23902C4EEB12005C599F /* InstructionActionViewBuilder.swift */,
				CAD226D52C4D82EA00BD6DAD /* RecipeInstructionActionView.swift */,
				CA1BCC712C7A492100AAE107 /* Message */,
				CAC371E12C5585D1004D7659 /* Models */,
				CA1BCC702C7A491D00AAE107 /* Pause */,
				CA1BCC6F2C7A491700AAE107 /* Put */,
			);
			path = Instructions;
			sourceTree = "<group>";
		};
		CABD23992C4EEB82005C599F /* Items */ = {
			isa = PBXGroup;
			children = (
				CABD239A2C4EEB8E005C599F /* InstructionRequirementItem.swift */,
				CABD239E2C4EEBB9005C599F /* InstructionInteractionMethodItem.swift */,
				CABD239C2C4EEBAB005C599F /* IngredientTypeItem.swift */,
				F27B2D682CF28D2100B425E9 /* IngredientAmountTypeItem.swift */,
			);
			path = Items;
			sourceTree = "<group>";
		};
		CAC371E12C5585D1004D7659 /* Models */ = {
			isa = PBXGroup;
			children = (
				CABD23A22C4EEC13005C599F /* RecipeInstructionActionItem.swift */,
				CAC371EC2C5586EF004D7659 /* Updatables.swift */,
			);
			path = Models;
			sourceTree = "<group>";
		};
		CAD071E329DCCAD60010E561 /* Extensions */ = {
			isa = PBXGroup;
			children = (
				CA17289529EB4CA8000F867B /* View+Responder.swift */,
				CA77908C2A06A39900BEA142 /* String+Filter.swift */,
				CA6263C62A254EB3003E167D /* Color+HexString.swift */,
				CA6263D02A255266003E167D /* RecipeProfile+UserDefined.swift */,
			);
			path = Extensions;
			sourceTree = "<group>";
		};
		CAF42CE929EC9821004D7788 /* BrewQueue */ = {
			isa = PBXGroup;
			children = (
				F208EF242EABD137005B87DE /* EditRecipeAmountsView.swift */,
				F208EF252EABD137005B87DE /* EditRecipeAmountsViewModel.swift */,
				CA7B804A29BFABBB007D3DFC /* StageTimerView.swift */,
				CA7B804C29BFBD8C007D3DFC /* BrewQueueView.swift */,
				F23A6E212CFFB14800AB94C4 /* PostBrewView.swift */,
				F270D9ED2D00CE2500466D54 /* GiftCoffeeView.swift */,
				CAD01B4E2C395B5B004A1EFF /* StageHeaderView.swift */,
			);
			path = BrewQueue;
			sourceTree = "<group>";
		};
		CAF42CEA29EC9842004D7788 /* CreateRecipe */ = {
			isa = PBXGroup;
			children = (
				CA17289C29EB5097000F867B /* CreateRecipeCoffeeWaterSelection.swift */,
				CA17289E29EB58F1000F867B /* CreateRecipeProfileSelection.swift */,
				CAE3944129DE13C0007611F1 /* CreateRecipeView.swift */,
				CAF42CF429EC9D4D004D7788 /* CreateRecipeBrewMethodSelection.swift */,
				CA2D8BE12A02F3AA00BA2899 /* CreateRecipeContext.swift */,
			);
			path = CreateRecipe;
			sourceTree = "<group>";
		};
		CAF42CEB29EC9867004D7788 /* ViewModifiers */ = {
			isa = PBXGroup;
			children = (
				CAF42CDE29EC907F004D7788 /* View+ClearButton.swift */,
				CA5CA81829EB662F001E384D /* View+Background.swift */,
			);
			path = ViewModifiers;
			sourceTree = "<group>";
		};
		CAF42CEE29EC98BF004D7788 /* Repository */ = {
			isa = PBXGroup;
			children = (
				CA1B52B12C0B97DA00C4B923 /* BrewMethod */,
				CA8C9AEF2C0B50DA000A71AC /* RecipeInstructions */,
				CA6263B62A250EDD003E167D /* Storage */,
				CA5A7D0D2A0EBA6900C7EC04 /* Shared */,
				CAF42CEF29EC98D8004D7788 /* Recipe */,
			);
			path = Repository;
			sourceTree = "<group>";
		};
		CAF42CEF29EC98D8004D7788 /* Recipe */ = {
			isa = PBXGroup;
			children = (
				CAF42CF029EC98E4004D7788 /* RecipeRepositoryImp.swift */,
				CA3CA4AE2A1AA20B00C76E28 /* RecipeMapper.swift */,
			);
			path = Recipe;
			sourceTree = "<group>";
		};
		CAFCF5492A6F0A0300875CB7 /* Utils */ = {
			isa = PBXGroup;
			children = (
				CAFCF54A2A6F0A1700875CB7 /* HapticGenerator.swift */,
			);
			path = Utils;
			sourceTree = "<group>";
		};
		F2DB5FBC2CF3BAEB000D67ED /* Items */ = {
			isa = PBXGroup;
			children = (
				F2DB5FBE2CF3BAFE000D67ED /* RecipeInstructionActionItem+Stub.swift */,
			);
			path = Items;
			sourceTree = "<group>";
		};
/* End PBXGroup section */

/* Begin PBXNativeTarget section */
		CA367D2D29A2B0370095B1B8 /* CoffeeTimer */ = {
			isa = PBXNativeTarget;
			buildConfigurationList = CA367D5229A2B0380095B1B8 /* Build configuration list for PBXNativeTarget "CoffeeTimer" */;
			buildPhases = (
				CA367D2A29A2B0370095B1B8 /* Sources */,
				CA367D2B29A2B0370095B1B8 /* Frameworks */,
				CA367D2C29A2B0370095B1B8 /* Resources */,
			);
			buildRules = (
			);
			dependencies = (
			);
			name = CoffeeTimer;
			productName = CoffeeTimer;
			productReference = CA367D2E29A2B0370095B1B8 /* CoffeeTimer.app */;
			productType = "com.apple.product-type.application";
		};
		CA367D3D29A2B0380095B1B8 /* CoffeeTimerTests */ = {
			isa = PBXNativeTarget;
			buildConfigurationList = CA367D5529A2B0380095B1B8 /* Build configuration list for PBXNativeTarget "CoffeeTimerTests" */;
			buildPhases = (
				CA367D3A29A2B0380095B1B8 /* Sources */,
				CA367D3B29A2B0380095B1B8 /* Frameworks */,
				CA367D3C29A2B0380095B1B8 /* Resources */,
			);
			buildRules = (
			);
			dependencies = (
				CA367D4029A2B0380095B1B8 /* PBXTargetDependency */,
			);
			name = CoffeeTimerTests;
			productName = CoffeeTimerTests;
			productReference = CA367D3E29A2B0380095B1B8 /* CoffeeTimerTests.xctest */;
			productType = "com.apple.product-type.bundle.unit-test";
		};
/* End PBXNativeTarget section */

/* Begin PBXProject section */
		CA367D2629A2B0370095B1B8 /* Project object */ = {
			isa = PBXProject;
			attributes = {
				BuildIndependentTargetsInParallel = 1;
				LastSwiftUpdateCheck = 1400;
				LastUpgradeCheck = 1400;
				TargetAttributes = {
					CA367D2D29A2B0370095B1B8 = {
						CreatedOnToolsVersion = 14.0.1;
					};
					CA367D3D29A2B0380095B1B8 = {
						CreatedOnToolsVersion = 14.0.1;
						TestTargetID = CA367D2D29A2B0370095B1B8;
					};
				};
			};
			buildConfigurationList = CA367D2929A2B0370095B1B8 /* Build configuration list for PBXProject "CoffeeTimer" */;
			compatibilityVersion = "Xcode 14.0";
			developmentRegion = en;
			hasScannedForEncodings = 0;
			knownRegions = (
				en,
				Base,
			);
			mainGroup = CA367D2529A2B0370095B1B8;
			packageReferences = (
				F2AFA14F2CF7BA5A00984AE2 /* XCRemoteSwiftPackageReference "firebase-ios-sdk" */,
				F2CCBBF82CFE72940085C590 /* XCRemoteSwiftPackageReference "lottie-ios" */,
			);
			productRefGroup = CA367D2F29A2B0370095B1B8 /* Products */;
			projectDirPath = "";
			projectRoot = "";
			targets = (
				CA367D2D29A2B0370095B1B8 /* CoffeeTimer */,
				CA367D3D29A2B0380095B1B8 /* CoffeeTimerTests */,
			);
		};
/* End PBXProject section */

/* Begin PBXResourcesBuildPhase section */
		CA367D2C29A2B0370095B1B8 /* Resources */ = {
			isa = PBXResourcesBuildPhase;
			buildActionMask = 2147483647;
			files = (
				CA8B44432A2563780003EE57 /* Colors.xcassets in Resources */,
				CAEE2F702C42A03F00D7D61E /* button-click.wav in Resources */,
				CA852F262BD557A800FEF144 /* instructions_v60_single.json in Resources */,
				F23A6E242CFFB5F100AB94C4 /* post-brew-1.lottie in Resources */,
				CA367D3929A2B0380095B1B8 /* Preview Assets.xcassets in Resources */,
				F2FBE5192CFF815D0084D821 /* french-press.lottie in Resources */,
				CA367D3629A2B0380095B1B8 /* Assets.xcassets in Resources */,
				F23A6E282CFFBF2400AB94C4 /* post-brew-3.lottie in Resources */,
				F2FBE5172CFF81570084D821 /* aeropress.lottie in Resources */,
				F2FBE5152CFF7F860084D821 /* v60.lottie in Resources */,
				F2CCBBFE2CFE76320085C590 /* chemex.lottie in Resources */,
				F2AFA14E2CF7B61800984AE2 /* GoogleService-Info.plist in Resources */,
				F23A6E262CFFBE8F00AB94C4 /* post-brew-2.lottie in Resources */,
			);
			runOnlyForDeploymentPostprocessing = 0;
		};
		CA367D3C29A2B0380095B1B8 /* Resources */ = {
			isa = PBXResourcesBuildPhase;
			buildActionMask = 2147483647;
			files = (
				CAC59D882C47137900301A43 /* mini_iced_instructions.json in Resources */,
				CA8B41B32C0CAC9800C0DA86 /* mini_instructions.json in Resources */,
			);
			runOnlyForDeploymentPostprocessing = 0;
		};
/* End PBXResourcesBuildPhase section */

/* Begin PBXSourcesBuildPhase section */
		CA367D2A29A2B0370095B1B8 /* Sources */ = {
			isa = PBXSourcesBuildPhase;
			buildActionMask = 2147483647;
			files = (
				CAC371ED2C5586EF004D7659 /* Updatables.swift in Sources */,
				F22E68CE2CF38D2E00EE80FA /* CreateBrewMethodContext.swift in Sources */,
				CAF42CE729EC9561004D7788 /* Completable.swift in Sources */,
				CA3CA4AF2A1AA20B00C76E28 /* RecipeMapper.swift in Sources */,
				CA4758DF2A0C2D440022BC7D /* RecipesView.swift in Sources */,
				CA7D9E312C4C066800908159 /* Separator.swift in Sources */,
				F208EF262EABD137005B87DE /* EditRecipeAmountsViewModel.swift in Sources */,
				F208EF272EABD137005B87DE /* EditRecipeAmountsView.swift in Sources */,
				CA4758E42A0C3C5C0022BC7D /* RecipesFlowView.swift in Sources */,
				F2CCBBFC2CFE75610085C590 /* AnimationView.swift in Sources */,
				CAE3944229DE13C0007611F1 /* CreateRecipeView.swift in Sources */,
				CA8C9AFA2C0B609D000A71AC /* Request.swift in Sources */,
				CA7D9E332C4C153300908159 /* CreateMethodDetailsView.swift in Sources */,
				CABD23972C4EEB63005C599F /* PutInstructionActionView.swift in Sources */,
				CA17289629EB4CA8000F867B /* View+Responder.swift in Sources */,
				CA77909D2A06F37700BEA142 /* CreateRecipeFromContextUseCase.swift in Sources */,
				CA91CEF729E5FA9100E9F5D1 /* AppFlowView.swift in Sources */,
				CA7B804529BFA9E7007D3DFC /* CountdownTimer.swift in Sources */,
				CA2A00CE2C0B8FF10040B50D /* GetBrewMethodsUseCase.swift in Sources */,
				F2D5AB822CF66FCF004AE191 /* PagerView.swift in Sources */,
				CAD226D62C4D82EA00BD6DAD /* RecipeInstructionActionView.swift in Sources */,
				CAC371EB2C558687004D7659 /* PutActionModel.swift in Sources */,
				CA5A7D0F2A0EBA7400C7EC04 /* DTOs.swift in Sources */,
				CABD23912C4EEB12005C599F /* InstructionActionViewBuilder.swift in Sources */,
				CA8C9AF12C0B50ED000A71AC /* RecipeInstructionsRepositoryImp.swift in Sources */,
				CA1B52B52C0B980400C4B923 /* FetchRecipeInstructionsRequest.swift in Sources */,
				F270D9EE2D00CE2500466D54 /* GiftCoffeeView.swift in Sources */,
				CA7D9E2F2C4BEB8500908159 /* Titled.swift in Sources */,
				F233D28D2CF3E52100E357A5 /* RecipeInstructionStepMapper.swift in Sources */,
				CA9BDA292A2CFD290068DFF7 /* CreateRecipeInput.swift in Sources */,
				CA5CA81929EB662F001E384D /* View+Background.swift in Sources */,
				CA367D3229A2B0370095B1B8 /* CoffeeTimerApp.swift in Sources */,
				CABD23952C4EEB48005C599F /* PauseInstructionActionView.swift in Sources */,
				CA7B804D29BFBD8C007D3DFC /* BrewQueueView.swift in Sources */,
				CA2A00CA2C0B65E10040B50D /* Errors.swift in Sources */,
				CAF42CDF29EC907F004D7788 /* View+ClearButton.swift in Sources */,
				CABD23932C4EEB2F005C599F /* MessageInstructionActionView.swift in Sources */,
				CA1552882C0A5DEB000334FB /* FetchRecipeInstructionsUseCase.swift in Sources */,
				CAD01B4F2C395B5B004A1EFF /* StageHeaderView.swift in Sources */,
				CA17289429EB4B9F000F867B /* NumericTextField.swift in Sources */,
				F275237A2CFD185500F42AC7 /* RemoveBrewMethodUseCase.swift in Sources */,
				CABD23A12C4EEBE2005C599F /* Instructions+Stub.swift in Sources */,
				CA7B804B29BFABBB007D3DFC /* StageTimerView.swift in Sources */,
				F27B2D692CF28D2100B425E9 /* IngredientAmountTypeItem.swift in Sources */,
				CAC371E92C558662004D7659 /* MessageActionModel.swift in Sources */,
				F23A6E222CFFB14800AB94C4 /* PostBrewView.swift in Sources */,
				CA6263B82A250F00003E167D /* Storage.swift in Sources */,
				CA1B52B32C0B97E700C4B923 /* BrewMethodRepositoryImp.swift in Sources */,
				CA1B52BC2C0BA30500C4B923 /* GetBrewMethodsRequest.swift in Sources */,
				F222D3B12CFBAA4000AD7AF4 /* InfoView.swift in Sources */,
				CA6263C72A254EB3003E167D /* Color+HexString.swift in Sources */,
				F22E68D32CF38DB600EE80FA /* CreateBrewMethodUseCase.swift in Sources */,
				CA6263BF2A25499A003E167D /* Entities+Stub.swift in Sources */,
				CA4758E12A0C3A200022BC7D /* RecipeRowView.swift in Sources */,
				CA0A13F32C4C3A9800453CC9 /* CreateMethodFlowView.swift in Sources */,
				CA17289D29EB5097000F867B /* CreateRecipeCoffeeWaterSelection.swift in Sources */,
				F222D3AF2CFB8CBC00AD7AF4 /* InfoButton.swift in Sources */,
				CAF42CE529EC9548004D7788 /* Navigable.swift in Sources */,
				CA5E907D29D61AED00A78CF2 /* Entities.swift in Sources */,
				CABD239F2C4EEBB9005C599F /* InstructionInteractionMethodItem.swift in Sources */,
				CA7D9E2D2C4BEB7600908159 /* TitledPicker.swift in Sources */,
				CAF42CF329EC9906004D7788 /* RecipeRepository.swift in Sources */,
				CA77908D2A06A39900BEA142 /* String+Filter.swift in Sources */,
				CAC371E72C558608004D7659 /* PauseActionModel.swift in Sources */,
				CA7D9E352C4C15F500908159 /* CreateMethodInstructionsView.swift in Sources */,
				CA8C9AEE2C0B5081000A71AC /* RecipeInstructionsRepository.swift in Sources */,
				CAF42CF529EC9D4D004D7788 /* CreateRecipeBrewMethodSelection.swift in Sources */,
				CAF42CF129EC98E4004D7788 /* RecipeRepositoryImp.swift in Sources */,
				F270D9EC2D00CC0100466D54 /* BuyMeACoffeeView.swift in Sources */,
				CA7790932A06DB5300BEA142 /* TitledContent.swift in Sources */,
				CABD239D2C4EEBAB005C599F /* IngredientTypeItem.swift in Sources */,
				CA852F252BD5552D00FEF144 /* RecipeInstructions.swift in Sources */,
				CA1B52B02C0B97B300C4B923 /* BrewMethodRepository.swift in Sources */,
				CA7D9E2B2C4BE4A900908159 /* CreateMethodView.swift in Sources */,
				CA8C9AF72C0B6061000A71AC /* NetworkManagerImp.swift in Sources */,
				CAF42CE129EC90CA004D7788 /* AlphanumericTextField.swift in Sources */,
				CAF42CE329EC9524004D7788 /* CreateRecipeFlowView.swift in Sources */,
				CABD23A32C4EEC13005C599F /* RecipeInstructionActionItem.swift in Sources */,
				CA77909B2A06F35A00BEA142 /* CreateContextToInputMapper.swift in Sources */,
				CABD239B2C4EEB8E005C599F /* InstructionRequirementItem.swift in Sources */,
				CAFCF54B2A6F0A1700875CB7 /* HapticGenerator.swift in Sources */,
				CA17289F29EB58F1000F867B /* CreateRecipeProfileSelection.swift in Sources */,
				CA1552802C0A5D3F000334FB /* CreateRecipeFromInputUseCase.swift in Sources */,
				CA6263D12A255266003E167D /* RecipeProfile+UserDefined.swift in Sources */,
				CA2D8BE22A02F3AA00BA2899 /* CreateRecipeContext.swift in Sources */,
			);
			runOnlyForDeploymentPostprocessing = 0;
		};
		CA367D3A29A2B0380095B1B8 /* Sources */ = {
			isa = PBXSourcesBuildPhase;
			buildActionMask = 2147483647;
			files = (
				CA2A00D12C0B90A40040B50D /* GetBrewMethodsUseCaseImpTests.swift in Sources */,
				F22E68D12CF38D9A00EE80FA /* CreateBrewMethodUseCaseImpTests.swift in Sources */,
				CA7B804729BFAA21007D3DFC /* CountdownTimerImpTests.swift in Sources */,
				CA02D0DC2A255A6D0012EE87 /* MockStorage.swift in Sources */,
				CA6263BB2A25492D003E167D /* DTOs+Stub.swift in Sources */,
				CA1552862C0A5DB9000334FB /* TestError.swift in Sources */,
				CA8C9AEB2C0B4339000A71AC /* FetchRecipeInstructionsUseCaseImpTests.swift in Sources */,
				CAB1925F2A0D6B6500043837 /* RecipeRepositoryImpTests.swift in Sources */,
				CA7790952A06E39000BEA142 /* CreateRecipeFromContextUseCaseImpTests.swift in Sources */,
				CA8C9AF42C0B51A9000A71AC /* RecipeInstructionsRepositoryImpTests.swift in Sources */,
				CA6263CF2A2551B5003E167D /* MockStore.swift in Sources */,
				CA15528A2C0A5E2E000334FB /* CreateRecipeFromInputUseCaseImpTests.swift in Sources */,
				CA1B52BA2C0B98D000C4B923 /* BrewMethodRepositoryImpTests.swift in Sources */,
				CA8B41B52C0CB0CC00C0DA86 /* loadInstructions.swift in Sources */,
				CA3CA4B12A1AA22600C76E28 /* RecipeMapperTests.swift in Sources */,
				CA7790A12A06F3BB00BEA142 /* Equatable.swift in Sources */,
				CA7790A82A06F40F00BEA142 /* MockCreateContextToInputMapper.swift in Sources */,
				CA6263BC2A254955003E167D /* Entities+Stub.swift in Sources */,
				F2DB5FBF2CF3BAFE000D67ED /* RecipeInstructionActionItem+Stub.swift in Sources */,
				CA7790992A06F34100BEA142 /* CreateContextToInputMapperImpTests.swift in Sources */,
				CA1552842C0A5D9A000334FB /* MockFetchRecipeInstructionsUseCase.swift in Sources */,
				CA02D0D82A255A440012EE87 /* MockRecipeMapper.swift in Sources */,
				CA1552822C0A5D71000334FB /* MockCreateRecipeFromInputUseCase.swift in Sources */,
			);
			runOnlyForDeploymentPostprocessing = 0;
		};
/* End PBXSourcesBuildPhase section */

/* Begin PBXTargetDependency section */
		CA367D4029A2B0380095B1B8 /* PBXTargetDependency */ = {
			isa = PBXTargetDependency;
			target = CA367D2D29A2B0370095B1B8 /* CoffeeTimer */;
			targetProxy = CA367D3F29A2B0380095B1B8 /* PBXContainerItemProxy */;
		};
/* End PBXTargetDependency section */

/* Begin XCBuildConfiguration section */
		CA367D5029A2B0380095B1B8 /* Debug */ = {
			isa = XCBuildConfiguration;
			buildSettings = {
				ALWAYS_SEARCH_USER_PATHS = NO;
				CLANG_ANALYZER_NONNULL = YES;
				CLANG_ANALYZER_NUMBER_OBJECT_CONVERSION = YES_AGGRESSIVE;
				CLANG_CXX_LANGUAGE_STANDARD = "gnu++20";
				CLANG_ENABLE_MODULES = YES;
				CLANG_ENABLE_OBJC_ARC = YES;
				CLANG_ENABLE_OBJC_WEAK = YES;
				CLANG_WARN_BLOCK_CAPTURE_AUTORELEASING = YES;
				CLANG_WARN_BOOL_CONVERSION = YES;
				CLANG_WARN_COMMA = YES;
				CLANG_WARN_CONSTANT_CONVERSION = YES;
				CLANG_WARN_DEPRECATED_OBJC_IMPLEMENTATIONS = YES;
				CLANG_WARN_DIRECT_OBJC_ISA_USAGE = YES_ERROR;
				CLANG_WARN_DOCUMENTATION_COMMENTS = YES;
				CLANG_WARN_EMPTY_BODY = YES;
				CLANG_WARN_ENUM_CONVERSION = YES;
				CLANG_WARN_INFINITE_RECURSION = YES;
				CLANG_WARN_INT_CONVERSION = YES;
				CLANG_WARN_NON_LITERAL_NULL_CONVERSION = YES;
				CLANG_WARN_OBJC_IMPLICIT_RETAIN_SELF = YES;
				CLANG_WARN_OBJC_LITERAL_CONVERSION = YES;
				CLANG_WARN_OBJC_ROOT_CLASS = YES_ERROR;
				CLANG_WARN_QUOTED_INCLUDE_IN_FRAMEWORK_HEADER = YES;
				CLANG_WARN_RANGE_LOOP_ANALYSIS = YES;
				CLANG_WARN_STRICT_PROTOTYPES = YES;
				CLANG_WARN_SUSPICIOUS_MOVE = YES;
				CLANG_WARN_UNGUARDED_AVAILABILITY = YES_AGGRESSIVE;
				CLANG_WARN_UNREACHABLE_CODE = YES;
				CLANG_WARN__DUPLICATE_METHOD_MATCH = YES;
				COPY_PHASE_STRIP = NO;
				DEBUG_INFORMATION_FORMAT = dwarf;
				ENABLE_STRICT_OBJC_MSGSEND = YES;
				ENABLE_TESTABILITY = YES;
				GCC_C_LANGUAGE_STANDARD = gnu11;
				GCC_DYNAMIC_NO_PIC = NO;
				GCC_NO_COMMON_BLOCKS = YES;
				GCC_OPTIMIZATION_LEVEL = 0;
				GCC_PREPROCESSOR_DEFINITIONS = (
					"DEBUG=1",
					"$(inherited)",
				);
				GCC_WARN_64_TO_32_BIT_CONVERSION = YES;
				GCC_WARN_ABOUT_RETURN_TYPE = YES_ERROR;
				GCC_WARN_UNDECLARED_SELECTOR = YES;
				GCC_WARN_UNINITIALIZED_AUTOS = YES_AGGRESSIVE;
				GCC_WARN_UNUSED_FUNCTION = YES;
				GCC_WARN_UNUSED_VARIABLE = YES;
				IPHONEOS_DEPLOYMENT_TARGET = 16.0;
				MTL_ENABLE_DEBUG_INFO = INCLUDE_SOURCE;
				MTL_FAST_MATH = YES;
				ONLY_ACTIVE_ARCH = YES;
				SDKROOT = iphoneos;
				SWIFT_ACTIVE_COMPILATION_CONDITIONS = DEBUG;
				SWIFT_OPTIMIZATION_LEVEL = "-Onone";
			};
			name = Debug;
		};
		CA367D5129A2B0380095B1B8 /* Release */ = {
			isa = XCBuildConfiguration;
			buildSettings = {
				ALWAYS_SEARCH_USER_PATHS = NO;
				CLANG_ANALYZER_NONNULL = YES;
				CLANG_ANALYZER_NUMBER_OBJECT_CONVERSION = YES_AGGRESSIVE;
				CLANG_CXX_LANGUAGE_STANDARD = "gnu++20";
				CLANG_ENABLE_MODULES = YES;
				CLANG_ENABLE_OBJC_ARC = YES;
				CLANG_ENABLE_OBJC_WEAK = YES;
				CLANG_WARN_BLOCK_CAPTURE_AUTORELEASING = YES;
				CLANG_WARN_BOOL_CONVERSION = YES;
				CLANG_WARN_COMMA = YES;
				CLANG_WARN_CONSTANT_CONVERSION = YES;
				CLANG_WARN_DEPRECATED_OBJC_IMPLEMENTATIONS = YES;
				CLANG_WARN_DIRECT_OBJC_ISA_USAGE = YES_ERROR;
				CLANG_WARN_DOCUMENTATION_COMMENTS = YES;
				CLANG_WARN_EMPTY_BODY = YES;
				CLANG_WARN_ENUM_CONVERSION = YES;
				CLANG_WARN_INFINITE_RECURSION = YES;
				CLANG_WARN_INT_CONVERSION = YES;
				CLANG_WARN_NON_LITERAL_NULL_CONVERSION = YES;
				CLANG_WARN_OBJC_IMPLICIT_RETAIN_SELF = YES;
				CLANG_WARN_OBJC_LITERAL_CONVERSION = YES;
				CLANG_WARN_OBJC_ROOT_CLASS = YES_ERROR;
				CLANG_WARN_QUOTED_INCLUDE_IN_FRAMEWORK_HEADER = YES;
				CLANG_WARN_RANGE_LOOP_ANALYSIS = YES;
				CLANG_WARN_STRICT_PROTOTYPES = YES;
				CLANG_WARN_SUSPICIOUS_MOVE = YES;
				CLANG_WARN_UNGUARDED_AVAILABILITY = YES_AGGRESSIVE;
				CLANG_WARN_UNREACHABLE_CODE = YES;
				CLANG_WARN__DUPLICATE_METHOD_MATCH = YES;
				COPY_PHASE_STRIP = NO;
				DEBUG_INFORMATION_FORMAT = "dwarf-with-dsym";
				ENABLE_NS_ASSERTIONS = NO;
				ENABLE_STRICT_OBJC_MSGSEND = YES;
				GCC_C_LANGUAGE_STANDARD = gnu11;
				GCC_NO_COMMON_BLOCKS = YES;
				GCC_WARN_64_TO_32_BIT_CONVERSION = YES;
				GCC_WARN_ABOUT_RETURN_TYPE = YES_ERROR;
				GCC_WARN_UNDECLARED_SELECTOR = YES;
				GCC_WARN_UNINITIALIZED_AUTOS = YES_AGGRESSIVE;
				GCC_WARN_UNUSED_FUNCTION = YES;
				GCC_WARN_UNUSED_VARIABLE = YES;
				IPHONEOS_DEPLOYMENT_TARGET = 16.0;
				MTL_ENABLE_DEBUG_INFO = NO;
				MTL_FAST_MATH = YES;
				SDKROOT = iphoneos;
				SWIFT_COMPILATION_MODE = wholemodule;
				SWIFT_OPTIMIZATION_LEVEL = "-O";
				VALIDATE_PRODUCT = YES;
			};
			name = Release;
		};
		CA367D5329A2B0380095B1B8 /* Debug */ = {
			isa = XCBuildConfiguration;
			buildSettings = {
				ASSETCATALOG_COMPILER_APPICON_NAME = AppIcon;
				ASSETCATALOG_COMPILER_GLOBAL_ACCENT_COLOR_NAME = AccentColor;
				CODE_SIGN_IDENTITY = "Apple Development";
				CODE_SIGN_STYLE = Automatic;
				CURRENT_PROJECT_VERSION = 6;
				DEVELOPMENT_ASSET_PATHS = "\"CoffeeTimer/Preview Content\"";
				DEVELOPMENT_TEAM = 39M62N4WS5;
				ENABLE_PREVIEWS = YES;
				GENERATE_INFOPLIST_FILE = YES;
				INFOPLIST_KEY_UIApplicationSceneManifest_Generation = YES;
				INFOPLIST_KEY_UIApplicationSupportsIndirectInputEvents = YES;
				INFOPLIST_KEY_UILaunchScreen_Generation = YES;
				INFOPLIST_KEY_UISupportedInterfaceOrientations = UIInterfaceOrientationPortrait;
				INFOPLIST_KEY_UISupportedInterfaceOrientations_iPad = "UIInterfaceOrientationLandscapeLeft UIInterfaceOrientationLandscapeRight UIInterfaceOrientationPortrait UIInterfaceOrientationPortraitUpsideDown";
				IPHONEOS_DEPLOYMENT_TARGET = 17.6;
				LD_RUNPATH_SEARCH_PATHS = (
					"$(inherited)",
					"@executable_path/Frameworks",
				);
				MARKETING_VERSION = 1.0.0;
				PRODUCT_BUNDLE_IDENTIFIER = com.kutaydemireren.CoffeeTimer;
				PRODUCT_NAME = "$(TARGET_NAME)";
				PROVISIONING_PROFILE_SPECIFIER = "";
				SUPPORTED_PLATFORMS = "iphoneos iphonesimulator";
				SUPPORTS_MACCATALYST = NO;
				SWIFT_EMIT_LOC_STRINGS = YES;
				SWIFT_VERSION = 5.0;
				TARGETED_DEVICE_FAMILY = "1,2";
			};
			name = Debug;
		};
		CA367D5429A2B0380095B1B8 /* Release */ = {
			isa = XCBuildConfiguration;
			buildSettings = {
				ASSETCATALOG_COMPILER_APPICON_NAME = AppIcon;
				ASSETCATALOG_COMPILER_GLOBAL_ACCENT_COLOR_NAME = AccentColor;
				CODE_SIGN_STYLE = Automatic;
				CURRENT_PROJECT_VERSION = 6;
				DEVELOPMENT_ASSET_PATHS = "\"CoffeeTimer/Preview Content\"";
				DEVELOPMENT_TEAM = 39M62N4WS5;
				ENABLE_PREVIEWS = YES;
				GENERATE_INFOPLIST_FILE = YES;
				INFOPLIST_KEY_UIApplicationSceneManifest_Generation = YES;
				INFOPLIST_KEY_UIApplicationSupportsIndirectInputEvents = YES;
				INFOPLIST_KEY_UILaunchScreen_Generation = YES;
				INFOPLIST_KEY_UISupportedInterfaceOrientations = UIInterfaceOrientationPortrait;
				INFOPLIST_KEY_UISupportedInterfaceOrientations_iPad = "UIInterfaceOrientationLandscapeLeft UIInterfaceOrientationLandscapeRight UIInterfaceOrientationPortrait UIInterfaceOrientationPortraitUpsideDown";
				IPHONEOS_DEPLOYMENT_TARGET = 17.6;
				LD_RUNPATH_SEARCH_PATHS = (
					"$(inherited)",
					"@executable_path/Frameworks",
				);
				MARKETING_VERSION = 1.0.0;
				PRODUCT_BUNDLE_IDENTIFIER = com.kutaydemireren.CoffeeTimer;
				PRODUCT_NAME = "$(TARGET_NAME)";
				SUPPORTED_PLATFORMS = "iphoneos iphonesimulator";
				SUPPORTS_MACCATALYST = NO;
				SWIFT_EMIT_LOC_STRINGS = YES;
				SWIFT_VERSION = 5.0;
				TARGETED_DEVICE_FAMILY = "1,2";
			};
			name = Release;
		};
		CA367D5629A2B0380095B1B8 /* Debug */ = {
			isa = XCBuildConfiguration;
			buildSettings = {
				ALWAYS_EMBED_SWIFT_STANDARD_LIBRARIES = YES;
				BUNDLE_LOADER = "$(TEST_HOST)";
				CODE_SIGN_STYLE = Automatic;
				CURRENT_PROJECT_VERSION = 1;
				DEVELOPMENT_TEAM = 39M62N4WS5;
				GENERATE_INFOPLIST_FILE = YES;
				IPHONEOS_DEPLOYMENT_TARGET = 17.6;
				MARKETING_VERSION = 1.0;
				PRODUCT_BUNDLE_IDENTIFIER = com.kutaydemireren.CoffeeTimerTests;
				PRODUCT_NAME = "$(TARGET_NAME)";
				SWIFT_EMIT_LOC_STRINGS = NO;
				SWIFT_VERSION = 5.0;
				TARGETED_DEVICE_FAMILY = "1,2";
				TEST_HOST = "$(BUILT_PRODUCTS_DIR)/CoffeeTimer.app/$(BUNDLE_EXECUTABLE_FOLDER_PATH)/CoffeeTimer";
			};
			name = Debug;
		};
		CA367D5729A2B0380095B1B8 /* Release */ = {
			isa = XCBuildConfiguration;
			buildSettings = {
				ALWAYS_EMBED_SWIFT_STANDARD_LIBRARIES = YES;
				BUNDLE_LOADER = "$(TEST_HOST)";
				CODE_SIGN_STYLE = Automatic;
				CURRENT_PROJECT_VERSION = 1;
				DEVELOPMENT_TEAM = 4VYX3TZ9R9;
				GENERATE_INFOPLIST_FILE = YES;
				IPHONEOS_DEPLOYMENT_TARGET = 17.6;
				MARKETING_VERSION = 1.0;
				PRODUCT_BUNDLE_IDENTIFIER = com.kutaydemireren.CoffeeTimerTests;
				PRODUCT_NAME = "$(TARGET_NAME)";
				SWIFT_EMIT_LOC_STRINGS = NO;
				SWIFT_VERSION = 5.0;
				TARGETED_DEVICE_FAMILY = "1,2";
				TEST_HOST = "$(BUILT_PRODUCTS_DIR)/CoffeeTimer.app/$(BUNDLE_EXECUTABLE_FOLDER_PATH)/CoffeeTimer";
			};
			name = Release;
		};
/* End XCBuildConfiguration section */

/* Begin XCConfigurationList section */
		CA367D2929A2B0370095B1B8 /* Build configuration list for PBXProject "CoffeeTimer" */ = {
			isa = XCConfigurationList;
			buildConfigurations = (
				CA367D5029A2B0380095B1B8 /* Debug */,
				CA367D5129A2B0380095B1B8 /* Release */,
			);
			defaultConfigurationIsVisible = 0;
			defaultConfigurationName = Release;
		};
		CA367D5229A2B0380095B1B8 /* Build configuration list for PBXNativeTarget "CoffeeTimer" */ = {
			isa = XCConfigurationList;
			buildConfigurations = (
				CA367D5329A2B0380095B1B8 /* Debug */,
				CA367D5429A2B0380095B1B8 /* Release */,
			);
			defaultConfigurationIsVisible = 0;
			defaultConfigurationName = Release;
		};
		CA367D5529A2B0380095B1B8 /* Build configuration list for PBXNativeTarget "CoffeeTimerTests" */ = {
			isa = XCConfigurationList;
			buildConfigurations = (
				CA367D5629A2B0380095B1B8 /* Debug */,
				CA367D5729A2B0380095B1B8 /* Release */,
			);
			defaultConfigurationIsVisible = 0;
			defaultConfigurationName = Release;
		};
/* End XCConfigurationList section */

/* Begin XCRemoteSwiftPackageReference section */
		F2AFA14F2CF7BA5A00984AE2 /* XCRemoteSwiftPackageReference "firebase-ios-sdk" */ = {
			isa = XCRemoteSwiftPackageReference;
			repositoryURL = "https://github.com/firebase/firebase-ios-sdk";
			requirement = {
				kind = upToNextMajorVersion;
				minimumVersion = 11.5.0;
			};
		};
		F2CCBBF82CFE72940085C590 /* XCRemoteSwiftPackageReference "lottie-ios" */ = {
			isa = XCRemoteSwiftPackageReference;
			repositoryURL = "https://github.com/airbnb/lottie-ios.git";
			requirement = {
				kind = upToNextMajorVersion;
				minimumVersion = 4.5.0;
			};
		};
/* End XCRemoteSwiftPackageReference section */

/* Begin XCSwiftPackageProductDependency section */
		F2AFA1502CF7BA5A00984AE2 /* FirebaseAnalyticsWithoutAdIdSupport */ = {
			isa = XCSwiftPackageProductDependency;
			package = F2AFA14F2CF7BA5A00984AE2 /* XCRemoteSwiftPackageReference "firebase-ios-sdk" */;
			productName = FirebaseAnalyticsWithoutAdIdSupport;
		};
		F2AFA1522CF7BA5A00984AE2 /* FirebaseCrashlytics */ = {
			isa = XCSwiftPackageProductDependency;
			package = F2AFA14F2CF7BA5A00984AE2 /* XCRemoteSwiftPackageReference "firebase-ios-sdk" */;
			productName = FirebaseCrashlytics;
		};
		F2CCBBF92CFE72940085C590 /* Lottie */ = {
			isa = XCSwiftPackageProductDependency;
			package = F2CCBBF82CFE72940085C590 /* XCRemoteSwiftPackageReference "lottie-ios" */;
			productName = Lottie;
		};
/* End XCSwiftPackageProductDependency section */
	};
	rootObject = CA367D2629A2B0370095B1B8 /* Project object */;
}
